PODS:
  - Alamofire (5.4.3)
  - ESPullToRefresh (2.9.3)
  - Firebase/Analytics (8.5.0):
    - Firebase/Core
  - Firebase/Core (8.5.0):
    - Firebase/CoreOnly
    - FirebaseAnalytics (~> 8.5.0)
  - Firebase/CoreOnly (8.5.0):
    - FirebaseCore (= 8.5.0)
  - Firebase/Crashlytics (8.5.0):
    - Firebase/CoreOnly
    - FirebaseCrashlytics (~> 8.5.0)
  - FirebaseAnalytics (8.5.0):
    - FirebaseAnalytics/AdIdSupport (= 8.5.0)
    - FirebaseCore (~> 8.0)
    - FirebaseInstallations (~> 8.0)
    - GoogleUtilities/AppDelegateSwizzler (~> 7.4)
    - GoogleUtilities/MethodSwizzler (~> 7.4)
    - GoogleUtilities/Network (~> 7.4)
    - "GoogleUtilities/NSData+zlib (~> 7.4)"
    - nanopb (~> 2.30908.0)
  - FirebaseAnalytics/AdIdSupport (8.5.0):
    - FirebaseCore (~> 8.0)
    - FirebaseInstallations (~> 8.0)
    - GoogleAppMeasurement (= 8.5.0)
    - GoogleUtilities/AppDelegateSwizzler (~> 7.4)
    - GoogleUtilities/MethodSwizzler (~> 7.4)
    - GoogleUtilities/Network (~> 7.4)
    - "GoogleUtilities/NSData+zlib (~> 7.4)"
    - nanopb (~> 2.30908.0)
  - FirebaseCore (8.5.0):
    - FirebaseCoreDiagnostics (~> 8.0)
    - GoogleUtilities/Environment (~> 7.4)
    - GoogleUtilities/Logger (~> 7.4)
  - FirebaseCoreDiagnostics (8.5.0):
    - GoogleDataTransport (~> 9.0)
    - GoogleUtilities/Environment (~> 7.4)
    - GoogleUtilities/Logger (~> 7.4)
    - nanopb (~> 2.30908.0)
  - FirebaseCrashlytics (8.5.0):
    - FirebaseCore (~> 8.0)
    - FirebaseInstallations (~> 8.0)
    - GoogleDataTransport (~> 9.0)
    - GoogleUtilities/Environment (~> 7.4)
    - nanopb (~> 2.30908.0)
    - PromisesObjC (< 3.0, >= 1.2)
  - FirebaseInstallations (8.5.0):
    - FirebaseCore (~> 8.0)
    - GoogleUtilities/Environment (~> 7.4)
    - GoogleUtilities/UserDefaults (~> 7.4)
    - PromisesObjC (< 3.0, >= 1.2)
  - GoogleAppMeasurement (8.5.0):
    - GoogleAppMeasurement/AdIdSupport (= 8.5.0)
    - GoogleUtilities/AppDelegateSwizzler (~> 7.4)
    - GoogleUtilities/MethodSwizzler (~> 7.4)
    - GoogleUtilities/Network (~> 7.4)
    - "GoogleUtilities/NSData+zlib (~> 7.4)"
    - nanopb (~> 2.30908.0)
  - GoogleAppMeasurement/AdIdSupport (8.5.0):
    - GoogleUtilities/AppDelegateSwizzler (~> 7.4)
    - GoogleUtilities/MethodSwizzler (~> 7.4)
    - GoogleUtilities/Network (~> 7.4)
    - "GoogleUtilities/NSData+zlib (~> 7.4)"
    - nanopb (~> 2.30908.0)
  - GoogleDataTransport (9.1.0):
    - GoogleUtilities/Environment (~> 7.2)
    - nanopb (~> 2.30908.0)
    - PromisesObjC (< 3.0, >= 1.2)
  - GoogleUtilities/AppDelegateSwizzler (7.5.0):
    - GoogleUtilities/Environment
    - GoogleUtilities/Logger
    - GoogleUtilities/Network
  - GoogleUtilities/Environment (7.5.0):
    - PromisesObjC (< 3.0, >= 1.2)
  - GoogleUtilities/Logger (7.5.0):
    - GoogleUtilities/Environment
  - GoogleUtilities/MethodSwizzler (7.5.0):
    - GoogleUtilities/Logger
  - GoogleUtilities/Network (7.5.0):
    - GoogleUtilities/Logger
    - "GoogleUtilities/NSData+zlib"
    - GoogleUtilities/Reachability
  - "GoogleUtilities/NSData+zlib (7.5.0)"
  - GoogleUtilities/Reachability (7.5.0):
    - GoogleUtilities/Logger
  - GoogleUtilities/UserDefaults (7.5.0):
    - GoogleUtilities/Logger
  - Hero (1.6.1)
  - Kingfisher (6.3.1)
  - LookinServer (1.0.3)
  - lottie-ios (3.2.3)
  - Moya/Combine (15.0.0):
    - Moya/Core
  - Moya/Core (15.0.0):
    - Alamofire (~> 5.0)
  - nanopb (2.30908.0):
    - nanopb/decode (= 2.30908.0)
    - nanopb/encode (= 2.30908.0)
  - nanopb/decode (2.30908.0)
  - nanopb/encode (2.30908.0)
  - PromisesObjC (2.0.0)
  - RAMAnimatedTabBarController (5.2.0)
  - SnapKit (5.0.1)
  - SwiftDate (6.3.1)
  - SwiftyJSON (5.0.1)
  - URLNavigator (2.3.0)

DEPENDENCIES:
  - ESPullToRefresh
  - Firebase/Analytics
  - Firebase/Crashlytics
  - Hero
  - Kingfisher
  - LookinServer (~> 1.0.2)
  - lottie-ios
  - Moya/Combine (~> 15.0)
  - RAMAnimatedTabBarController
  - SnapKit (~> 5.0.0)
  - SwiftDate
  - SwiftyJSON
  - URLNavigator

SPEC REPOS:
  trunk:
    - Alamofire
    - ESPullToRefresh
    - Firebase
    - FirebaseAnalytics
    - FirebaseCore
    - FirebaseCoreDiagnostics
    - FirebaseCrashlytics
    - FirebaseInstallations
    - GoogleAppMeasurement
    - GoogleDataTransport
    - GoogleUtilities
    - Hero
    - Kingfisher
    - LookinServer
    - lottie-ios
    - Moya
    - nanopb
    - PromisesObjC
    - RAMAnimatedTabBarController
    - SnapKit
    - SwiftDate
    - SwiftyJSON
    - URLNavigator

SPEC CHECKSUMS:
  Alamofire: e447a2774a40c996748296fa2c55112fdbbc42f9
  ESPullToRefresh: 0d68daa602b343c81753a1b95e09fd0bfcddfd40
  Firebase: ff8c73105b90e33e1dc6c8e5445d7adc2ccdc7c1
  FirebaseAnalytics: 96325c1e0acbd2bb805c6a613028b1fe599d6a37
  FirebaseCore: 1c1ca72483b59b17050f5b4cec4fb748425a3901
  FirebaseCoreDiagnostics: 7bf55d386f9fc690d971b70a582142321a390eb8
  FirebaseCrashlytics: 8e7cf678cb149d421198388c6fc3d3acfd266539
  FirebaseInstallations: f2bc590b291d25fb40a9a05b8281c02a881b5117
  GoogleAppMeasurement: 8d10c1c470fcb0e5143ed74fddd164f0a0384800
  GoogleDataTransport: 85fd18ff3019bb85d3f2c551d04c481dedf71fc9
  GoogleUtilities: eea970f4a389963963bffe8d8fabe43540678b9c
  Hero: 215865ba3ae41dd9bb08cd6c60a645529c6fc94b
  Kingfisher: 016c8b653a35add51dd34a3aba36b580041acc74
  LookinServer: 5e1d44b7e4a2a98793f1eaf319c583e1e946b830
  lottie-ios: c058aeafa76daa4cf64d773554bccc8385d0150e
  Moya: 138f0573e53411fb3dc17016add0b748dfbd78ee
  nanopb: a0ba3315591a9ae0a16a309ee504766e90db0c96
  PromisesObjC: 68159ce6952d93e17b2dfe273b8c40907db5ba58
  RAMAnimatedTabBarController: 6863a386e7ae2ab227cd60aa73ab8ff56cdacfdd
  SnapKit: 97b92857e3df3a0c71833cce143274bf6ef8e5eb
  SwiftDate: 72d28954e8e1c6c1c0f917ccc8005e4f83c7d4b2
  SwiftyJSON: 2f33a42c6fbc52764d96f13368585094bfd8aa5e
  URLNavigator: 2593c0e2d293732ec5c44503cf54dceba1a68085

PODFILE CHECKSUM: 4e2c087cdf1a768c5ca4836019bba78af7d5a57a

COCOAPODS: 1.10.0
