// !$*UTF8*$!
{
	archiveVersion = 1;
	classes = {
	};
	objectVersion = 51;
	objects = {

/* Begin PBXBuildFile section */
		AAEAC16426EB81FD000D0DDD /* AppDelegate.swift in Sources */ = {isa = PBXBuildFile; fileRef = AAEAC16326EB81FD000D0DDD /* AppDelegate.swift */; };
		AAEAC16626EB81FD000D0DDD /* SceneDelegate.swift in Sources */ = {isa = PBXBuildFile; fileRef = AAEAC16526EB81FD000D0DDD /* SceneDelegate.swift */; };
		AAEAC16826EB81FD000D0DDD /* ViewController.swift in Sources */ = {isa = PBXBuildFile; fileRef = AAEAC16726EB81FD000D0DDD /* ViewController.swift */; };
		AAEAC16B26EB81FD000D0DDD /* Main.storyboard in Resources */ = {isa = PBXBuildFile; fileRef = AAEAC16926EB81FD000D0DDD /* Main.storyboard */; };
		AAEAC16E26EB81FD000D0DDD /* SportScanner.xcdatamodeld in Sources */ = {isa = PBXBuildFile; fileRef = AAEAC16C26EB81FD000D0DDD /* SportScanner.xcdatamodeld */; };
		AAEAC17026EB81FE000D0DDD /* Assets.xcassets in Resources */ = {isa = PBXBuildFile; fileRef = AAEAC16F26EB81FE000D0DDD /* Assets.xcassets */; };
		AAEAC17326EB81FE000D0DDD /* LaunchScreen.storyboard in Resources */ = {isa = PBXBuildFile; fileRef = AAEAC17126EB81FE000D0DDD /* LaunchScreen.storyboard */; };
		AAEAC17E26EB81FE000D0DDD /* SportScannerTests.swift in Sources */ = {isa = PBXBuildFile; fileRef = AAEAC17D26EB81FE000D0DDD /* SportScannerTests.swift */; };
		AAEAC18926EB81FE000D0DDD /* SportScannerUITests.swift in Sources */ = {isa = PBXBuildFile; fileRef = AAEAC18826EB81FE000D0DDD /* SportScannerUITests.swift */; };
		D783A6FB8467CCAE4F5BCDCC /* Pods_SportScanner.framework in Frameworks */ = {isa = PBXBuildFile; fileRef = ED7084E8C8EE8084149873FA /* Pods_SportScanner.framework */; };
		DACD14AD26EC383500E6EAB7 /* GoogleService-Info.plist in Resources */ = {isa = PBXBuildFile; fileRef = DACD14AC26EC383500E6EAB7 /* GoogleService-Info.plist */; };
		DACD14F626EC4E9A00E6EAB7 /* AppConfiguration.swift in Sources */ = {isa = PBXBuildFile; fileRef = DACD14F526EC4E9A00E6EAB7 /* AppConfiguration.swift */; };
		DACD14F926EC4EC000E6EAB7 /* AppDIContainer.swift in Sources */ = {isa = PBXBuildFile; fileRef = DACD14F826EC4EC000E6EAB7 /* AppDIContainer.swift */; };
		DACD14FB26EC50B500E6EAB7 /* AppFlowCoordinator.swift in Sources */ = {isa = PBXBuildFile; fileRef = DACD14FA26EC50B500E6EAB7 /* AppFlowCoordinator.swift */; };
		DACD14FD26EC51E000E6EAB7 /* AppAppearance.swift in Sources */ = {isa = PBXBuildFile; fileRef = DACD14FC26EC51E000E6EAB7 /* AppAppearance.swift */; };
		DAFDA10826EBAC82009ADDAE /* HFSAppCommon.swift in Sources */ = {isa = PBXBuildFile; fileRef = DAFDA0FF26EBAC81009ADDAE /* HFSAppCommon.swift */; };
		DAFDA11D26EBACAC009ADDAE /* CGRectExtension.swift in Sources */ = {isa = PBXBuildFile; fileRef = DAFDA10A26EBACAC009ADDAE /* CGRectExtension.swift */; };
		DAFDA11E26EBACAC009ADDAE /* CGSize+Extension.swift in Sources */ = {isa = PBXBuildFile; fileRef = DAFDA10B26EBACAC009ADDAE /* CGSize+Extension.swift */; };
		DAFDA11F26EBACAC009ADDAE /* CAGradientLayerExtensions.swift in Sources */ = {isa = PBXBuildFile; fileRef = DAFDA10D26EBACAC009ADDAE /* CAGradientLayerExtensions.swift */; };
		DAFDA12026EBACAC009ADDAE /* UIButtonExtension.swift in Sources */ = {isa = PBXBuildFile; fileRef = DAFDA10F26EBACAC009ADDAE /* UIButtonExtension.swift */; };
		DAFDA12126EBACAC009ADDAE /* UIColor+Extension.swift in Sources */ = {isa = PBXBuildFile; fileRef = DAFDA11026EBACAC009ADDAE /* UIColor+Extension.swift */; };
		DAFDA12226EBACAC009ADDAE /* CGImage+Accelerate.swift in Sources */ = {isa = PBXBuildFile; fileRef = DAFDA11126EBACAC009ADDAE /* CGImage+Accelerate.swift */; };
		DAFDA12326EBACAD009ADDAE /* CGContext+CGImage.swift in Sources */ = {isa = PBXBuildFile; fileRef = DAFDA11226EBACAC009ADDAE /* CGContext+CGImage.swift */; };
		DAFDA12426EBACAD009ADDAE /* UILabelExtension.swift in Sources */ = {isa = PBXBuildFile; fileRef = DAFDA11326EBACAC009ADDAE /* UILabelExtension.swift */; };
		DAFDA12526EBACAD009ADDAE /* CustomBlurView.swift in Sources */ = {isa = PBXBuildFile; fileRef = DAFDA11426EBACAC009ADDAE /* CustomBlurView.swift */; };
		DAFDA12626EBACAD009ADDAE /* CaptureQuality.swift in Sources */ = {isa = PBXBuildFile; fileRef = DAFDA11526EBACAC009ADDAE /* CaptureQuality.swift */; };
		DAFDA12726EBACAD009ADDAE /* CGRect+Conversion.swift in Sources */ = {isa = PBXBuildFile; fileRef = DAFDA11626EBACAC009ADDAE /* CGRect+Conversion.swift */; };
		DAFDA12826EBACAD009ADDAE /* TrackingMode.swift in Sources */ = {isa = PBXBuildFile; fileRef = DAFDA11726EBACAC009ADDAE /* TrackingMode.swift */; };
		DAFDA12926EBACAD009ADDAE /* UIImage+Blur.swift in Sources */ = {isa = PBXBuildFile; fileRef = DAFDA11826EBACAC009ADDAE /* UIImage+Blur.swift */; };
		DAFDA12A26EBACAD009ADDAE /* BlurLayer.swift in Sources */ = {isa = PBXBuildFile; fileRef = DAFDA11926EBACAC009ADDAE /* BlurLayer.swift */; };
		DAFDA12B26EBACAD009ADDAE /* CALayer+Conversion.swift in Sources */ = {isa = PBXBuildFile; fileRef = DAFDA11A26EBACAC009ADDAE /* CALayer+Conversion.swift */; };
		DAFDA12C26EBACAD009ADDAE /* UINavgationControllerExtension.swift in Sources */ = {isa = PBXBuildFile; fileRef = DAFDA11B26EBACAC009ADDAE /* UINavgationControllerExtension.swift */; };
		DAFDA12D26EBACAD009ADDAE /* DynamicBlurView.swift in Sources */ = {isa = PBXBuildFile; fileRef = DAFDA11C26EBACAC009ADDAE /* DynamicBlurView.swift */; };
		DAFDA16A26EBADB6009ADDAE /* JJFloatingActionButton+Animation.swift in Sources */ = {isa = PBXBuildFile; fileRef = DAFDA12F26EBADB6009ADDAE /* JJFloatingActionButton+Animation.swift */; };
		DAFDA16B26EBADB6009ADDAE /* UIView+JJFloatingActionButton.swift in Sources */ = {isa = PBXBuildFile; fileRef = DAFDA13026EBADB6009ADDAE /* UIView+JJFloatingActionButton.swift */; };
		DAFDA16C26EBADB6009ADDAE /* JJFloatingActionButtonDelegate.swift in Sources */ = {isa = PBXBuildFile; fileRef = DAFDA13126EBADB6009ADDAE /* JJFloatingActionButtonDelegate.swift */; };
		DAFDA16D26EBADB6009ADDAE /* Styles.swift in Sources */ = {isa = PBXBuildFile; fileRef = DAFDA13226EBADB6009ADDAE /* Styles.swift */; };
		DAFDA16E26EBADB6009ADDAE /* AnimationConfiguration.swift in Sources */ = {isa = PBXBuildFile; fileRef = DAFDA13326EBADB6009ADDAE /* AnimationConfiguration.swift */; };
		DAFDA16F26EBADB6009ADDAE /* JJActionItem.swift in Sources */ = {isa = PBXBuildFile; fileRef = DAFDA13426EBADB6009ADDAE /* JJActionItem.swift */; };
		DAFDA17026EBADB6009ADDAE /* JJFloatingActionButtonState.swift in Sources */ = {isa = PBXBuildFile; fileRef = DAFDA13526EBADB6009ADDAE /* JJFloatingActionButtonState.swift */; };
		DAFDA17126EBADB6009ADDAE /* JJActionItemTitlePosition.swift in Sources */ = {isa = PBXBuildFile; fileRef = DAFDA13626EBADB6009ADDAE /* JJActionItemTitlePosition.swift */; };
		DAFDA17226EBADB6009ADDAE /* UIColor+JJFloatingActionButton.swift in Sources */ = {isa = PBXBuildFile; fileRef = DAFDA13726EBADB6009ADDAE /* UIColor+JJFloatingActionButton.swift */; };
		DAFDA17326EBADB6009ADDAE /* JJFloatingActionButton+Placement.swift in Sources */ = {isa = PBXBuildFile; fileRef = DAFDA13826EBADB6009ADDAE /* JJFloatingActionButton+Placement.swift */; };
		DAFDA17426EBADB6009ADDAE /* LayerProperties.swift in Sources */ = {isa = PBXBuildFile; fileRef = DAFDA13926EBADB6009ADDAE /* LayerProperties.swift */; };
		DAFDA17526EBADB6009ADDAE /* JJFloatingActionButton.swift in Sources */ = {isa = PBXBuildFile; fileRef = DAFDA13A26EBADB6009ADDAE /* JJFloatingActionButton.swift */; };
		DAFDA17626EBADB6009ADDAE /* JJCircleView.swift in Sources */ = {isa = PBXBuildFile; fileRef = DAFDA13B26EBADB6009ADDAE /* JJCircleView.swift */; };
		DAFDA17926EBADB6009ADDAE /* UIDevice+Extension.swift in Sources */ = {isa = PBXBuildFile; fileRef = DAFDA14026EBADB6009ADDAE /* UIDevice+Extension.swift */; };
		DAFDA17A26EBADB6009ADDAE /* Shock.swift in Sources */ = {isa = PBXBuildFile; fileRef = DAFDA14126EBADB6009ADDAE /* Shock.swift */; };
		DAFDA17B26EBADB6009ADDAE /* ShockFeedbackEngine.swift in Sources */ = {isa = PBXBuildFile; fileRef = DAFDA14226EBADB6009ADDAE /* ShockFeedbackEngine.swift */; };
		DAFDA17C26EBADB6009ADDAE /* ShockPatternEngine.swift in Sources */ = {isa = PBXBuildFile; fileRef = DAFDA14326EBADB6009ADDAE /* ShockPatternEngine.swift */; };
		DAFDA17D26EBADB6009ADDAE /* TapticEngine.swift in Sources */ = {isa = PBXBuildFile; fileRef = DAFDA14426EBADB6009ADDAE /* TapticEngine.swift */; };
		DAFDA17E26EBADB6009ADDAE /* UIButton+Shock.swift in Sources */ = {isa = PBXBuildFile; fileRef = DAFDA14526EBADB6009ADDAE /* UIButton+Shock.swift */; };
		DAFDA17F26EBADB6009ADDAE /* ShockPattern.swift in Sources */ = {isa = PBXBuildFile; fileRef = DAFDA14626EBADB6009ADDAE /* ShockPattern.swift */; };
		DAFDA18026EBADB6009ADDAE /* CGRectExtension.swift in Sources */ = {isa = PBXBuildFile; fileRef = DAFDA14926EBADB6009ADDAE /* CGRectExtension.swift */; };
		DAFDA18126EBADB6009ADDAE /* CGSize+Extension.swift in Sources */ = {isa = PBXBuildFile; fileRef = DAFDA14A26EBADB6009ADDAE /* CGSize+Extension.swift */; };
		DAFDA18226EBADB6009ADDAE /* UIButtonExtension.swift in Sources */ = {isa = PBXBuildFile; fileRef = DAFDA14C26EBADB6009ADDAE /* UIButtonExtension.swift */; };
		DAFDA18326EBADB6009ADDAE /* UIColor+Extension.swift in Sources */ = {isa = PBXBuildFile; fileRef = DAFDA14D26EBADB6009ADDAE /* UIColor+Extension.swift */; };
		DAFDA18426EBADB6009ADDAE /* CGImage+Accelerate.swift in Sources */ = {isa = PBXBuildFile; fileRef = DAFDA14E26EBADB6009ADDAE /* CGImage+Accelerate.swift */; };
		DAFDA18526EBADB6009ADDAE /* CGContext+CGImage.swift in Sources */ = {isa = PBXBuildFile; fileRef = DAFDA14F26EBADB6009ADDAE /* CGContext+CGImage.swift */; };
		DAFDA18626EBADB6009ADDAE /* UILabelExtension.swift in Sources */ = {isa = PBXBuildFile; fileRef = DAFDA15026EBADB6009ADDAE /* UILabelExtension.swift */; };
		DAFDA18726EBADB6009ADDAE /* CustomBlurView.swift in Sources */ = {isa = PBXBuildFile; fileRef = DAFDA15126EBADB6009ADDAE /* CustomBlurView.swift */; };
		DAFDA18826EBADB6009ADDAE /* CaptureQuality.swift in Sources */ = {isa = PBXBuildFile; fileRef = DAFDA15226EBADB6009ADDAE /* CaptureQuality.swift */; };
		DAFDA18926EBADB6009ADDAE /* CGRect+Conversion.swift in Sources */ = {isa = PBXBuildFile; fileRef = DAFDA15326EBADB6009ADDAE /* CGRect+Conversion.swift */; };
		DAFDA18A26EBADB6009ADDAE /* TrackingMode.swift in Sources */ = {isa = PBXBuildFile; fileRef = DAFDA15426EBADB6009ADDAE /* TrackingMode.swift */; };
		DAFDA18B26EBADB6009ADDAE /* UIImage+Blur.swift in Sources */ = {isa = PBXBuildFile; fileRef = DAFDA15526EBADB6009ADDAE /* UIImage+Blur.swift */; };
		DAFDA18C26EBADB6009ADDAE /* BlurLayer.swift in Sources */ = {isa = PBXBuildFile; fileRef = DAFDA15626EBADB6009ADDAE /* BlurLayer.swift */; };
		DAFDA18D26EBADB6009ADDAE /* CALayer+Conversion.swift in Sources */ = {isa = PBXBuildFile; fileRef = DAFDA15726EBADB6009ADDAE /* CALayer+Conversion.swift */; };
		DAFDA18E26EBADB6009ADDAE /* UINavgationControllerExtension.swift in Sources */ = {isa = PBXBuildFile; fileRef = DAFDA15826EBADB6009ADDAE /* UINavgationControllerExtension.swift */; };
		DAFDA18F26EBADB6009ADDAE /* DynamicBlurView.swift in Sources */ = {isa = PBXBuildFile; fileRef = DAFDA15926EBADB6009ADDAE /* DynamicBlurView.swift */; };
		DAFDA19026EBADB6009ADDAE /* CAGradientLayerExtensions.swift in Sources */ = {isa = PBXBuildFile; fileRef = DAFDA15B26EBADB6009ADDAE /* CAGradientLayerExtensions.swift */; };
		DAFDA19926EBADB6009ADDAE /* HFSNiblessView.swift in Sources */ = {isa = PBXBuildFile; fileRef = DAFDA16726EBADB6009ADDAE /* HFSNiblessView.swift */; };
		DAFDA19A26EBADB6009ADDAE /* HFSNiblessViewController.swift in Sources */ = {isa = PBXBuildFile; fileRef = DAFDA16826EBADB6009ADDAE /* HFSNiblessViewController.swift */; };
		DAFDA19B26EBADB6009ADDAE /* HFSNiblessTableViewCell.swift in Sources */ = {isa = PBXBuildFile; fileRef = DAFDA16926EBADB6009ADDAE /* HFSNiblessTableViewCell.swift */; };
		DAFDA1A526EBADDD009ADDAE /* BottomPopupUtils.swift in Sources */ = {isa = PBXBuildFile; fileRef = DAFDA19D26EBADDD009ADDAE /* BottomPopupUtils.swift */; };
		DAFDA1A626EBADDD009ADDAE /* BottomPopupViewController.swift in Sources */ = {isa = PBXBuildFile; fileRef = DAFDA19E26EBADDD009ADDAE /* BottomPopupViewController.swift */; };
		DAFDA1A726EBADDD009ADDAE /* BottomPopupDismissInteractionController.swift in Sources */ = {isa = PBXBuildFile; fileRef = DAFDA19F26EBADDD009ADDAE /* BottomPopupDismissInteractionController.swift */; };
		DAFDA1A826EBADDD009ADDAE /* BottomPopupNavigationController.swift in Sources */ = {isa = PBXBuildFile; fileRef = DAFDA1A026EBADDD009ADDAE /* BottomPopupNavigationController.swift */; };
		DAFDA1A926EBADDD009ADDAE /* BottomPopupDismissAnimator.swift in Sources */ = {isa = PBXBuildFile; fileRef = DAFDA1A126EBADDD009ADDAE /* BottomPopupDismissAnimator.swift */; };
		DAFDA1AA26EBADDD009ADDAE /* BottomPopupPresentAnimator.swift in Sources */ = {isa = PBXBuildFile; fileRef = DAFDA1A226EBADDD009ADDAE /* BottomPopupPresentAnimator.swift */; };
		DAFDA1AB26EBADDD009ADDAE /* BottomPopupTransitionHandler.swift in Sources */ = {isa = PBXBuildFile; fileRef = DAFDA1A326EBADDD009ADDAE /* BottomPopupTransitionHandler.swift */; };
		DAFDA1AC26EBADDD009ADDAE /* BottomPopupPresentationController.swift in Sources */ = {isa = PBXBuildFile; fileRef = DAFDA1A426EBADDD009ADDAE /* BottomPopupPresentationController.swift */; };
/* End PBXBuildFile section */

/* Begin PBXContainerItemProxy section */
		AAEAC17A26EB81FE000D0DDD /* PBXContainerItemProxy */ = {
			isa = PBXContainerItemProxy;
			containerPortal = AAEAC15826EB81FD000D0DDD /* Project object */;
			proxyType = 1;
			remoteGlobalIDString = AAEAC15F26EB81FD000D0DDD;
			remoteInfo = SportScanner;
		};
		AAEAC18526EB81FE000D0DDD /* PBXContainerItemProxy */ = {
			isa = PBXContainerItemProxy;
			containerPortal = AAEAC15826EB81FD000D0DDD /* Project object */;
			proxyType = 1;
			remoteGlobalIDString = AAEAC15F26EB81FD000D0DDD;
			remoteInfo = SportScanner;
		};
/* End PBXContainerItemProxy section */

/* Begin PBXFileReference section */
		1ECCBB57E697111D15B84A1B /* Pods-SportScanner.debug.xcconfig */ = {isa = PBXFileReference; includeInIndex = 1; lastKnownFileType = text.xcconfig; name = "Pods-SportScanner.debug.xcconfig"; path = "Target Support Files/Pods-SportScanner/Pods-SportScanner.debug.xcconfig"; sourceTree = "<group>"; };
		53ACE0FC44A1AAE433DADD1C /* Pods-SportScannerTests.debug.xcconfig */ = {isa = PBXFileReference; includeInIndex = 1; lastKnownFileType = text.xcconfig; name = "Pods-SportScannerTests.debug.xcconfig"; path = "Target Support Files/Pods-SportScannerTests/Pods-SportScannerTests.debug.xcconfig"; sourceTree = "<group>"; };
		AAEAC16026EB81FD000D0DDD /* SportScanner.app */ = {isa = PBXFileReference; explicitFileType = wrapper.application; includeInIndex = 0; path = SportScanner.app; sourceTree = BUILT_PRODUCTS_DIR; };
		AAEAC16326EB81FD000D0DDD /* AppDelegate.swift */ = {isa = PBXFileReference; lastKnownFileType = sourcecode.swift; path = AppDelegate.swift; sourceTree = "<group>"; };
		AAEAC16526EB81FD000D0DDD /* SceneDelegate.swift */ = {isa = PBXFileReference; lastKnownFileType = sourcecode.swift; path = SceneDelegate.swift; sourceTree = "<group>"; };
		AAEAC16726EB81FD000D0DDD /* ViewController.swift */ = {isa = PBXFileReference; lastKnownFileType = sourcecode.swift; path = ViewController.swift; sourceTree = "<group>"; };
		AAEAC16A26EB81FD000D0DDD /* Base */ = {isa = PBXFileReference; lastKnownFileType = file.storyboard; name = Base; path = Base.lproj/Main.storyboard; sourceTree = "<group>"; };
		AAEAC16D26EB81FD000D0DDD /* SportScanner.xcdatamodel */ = {isa = PBXFileReference; lastKnownFileType = wrapper.xcdatamodel; path = SportScanner.xcdatamodel; sourceTree = "<group>"; };
		AAEAC16F26EB81FE000D0DDD /* Assets.xcassets */ = {isa = PBXFileReference; lastKnownFileType = folder.assetcatalog; path = Assets.xcassets; sourceTree = "<group>"; };
		AAEAC17226EB81FE000D0DDD /* Base */ = {isa = PBXFileReference; lastKnownFileType = file.storyboard; name = Base; path = Base.lproj/LaunchScreen.storyboard; sourceTree = "<group>"; };
		AAEAC17426EB81FE000D0DDD /* Info.plist */ = {isa = PBXFileReference; lastKnownFileType = text.plist.xml; path = Info.plist; sourceTree = "<group>"; };
		AAEAC17926EB81FE000D0DDD /* SportScannerTests.xctest */ = {isa = PBXFileReference; explicitFileType = wrapper.cfbundle; includeInIndex = 0; path = SportScannerTests.xctest; sourceTree = BUILT_PRODUCTS_DIR; };
		AAEAC17D26EB81FE000D0DDD /* SportScannerTests.swift */ = {isa = PBXFileReference; lastKnownFileType = sourcecode.swift; path = SportScannerTests.swift; sourceTree = "<group>"; };
		AAEAC17F26EB81FE000D0DDD /* Info.plist */ = {isa = PBXFileReference; lastKnownFileType = text.plist.xml; path = Info.plist; sourceTree = "<group>"; };
		AAEAC18426EB81FE000D0DDD /* SportScannerUITests.xctest */ = {isa = PBXFileReference; explicitFileType = wrapper.cfbundle; includeInIndex = 0; path = SportScannerUITests.xctest; sourceTree = BUILT_PRODUCTS_DIR; };
		AAEAC18826EB81FE000D0DDD /* SportScannerUITests.swift */ = {isa = PBXFileReference; lastKnownFileType = sourcecode.swift; path = SportScannerUITests.swift; sourceTree = "<group>"; };
		AAEAC18A26EB81FE000D0DDD /* Info.plist */ = {isa = PBXFileReference; lastKnownFileType = text.plist.xml; path = Info.plist; sourceTree = "<group>"; };
		B891FB27C807E64D88082DF3 /* Pods-SportScanner.release.xcconfig */ = {isa = PBXFileReference; includeInIndex = 1; lastKnownFileType = text.xcconfig; name = "Pods-SportScanner.release.xcconfig"; path = "Target Support Files/Pods-SportScanner/Pods-SportScanner.release.xcconfig"; sourceTree = "<group>"; };
		BDD204C87CECD47B4B90D759 /* Pods-SportScannerTests.release.xcconfig */ = {isa = PBXFileReference; includeInIndex = 1; lastKnownFileType = text.xcconfig; name = "Pods-SportScannerTests.release.xcconfig"; path = "Target Support Files/Pods-SportScannerTests/Pods-SportScannerTests.release.xcconfig"; sourceTree = "<group>"; };
		DACD14AC26EC383500E6EAB7 /* GoogleService-Info.plist */ = {isa = PBXFileReference; fileEncoding = 4; lastKnownFileType = text.plist.xml; path = "GoogleService-Info.plist"; sourceTree = "<group>"; };
		DACD14F526EC4E9A00E6EAB7 /* AppConfiguration.swift */ = {isa = PBXFileReference; lastKnownFileType = sourcecode.swift; path = AppConfiguration.swift; sourceTree = "<group>"; };
		DACD14F826EC4EC000E6EAB7 /* AppDIContainer.swift */ = {isa = PBXFileReference; lastKnownFileType = sourcecode.swift; path = AppDIContainer.swift; sourceTree = "<group>"; };
		DACD14FA26EC50B500E6EAB7 /* AppFlowCoordinator.swift */ = {isa = PBXFileReference; lastKnownFileType = sourcecode.swift; path = AppFlowCoordinator.swift; sourceTree = "<group>"; };
		DACD14FC26EC51E000E6EAB7 /* AppAppearance.swift */ = {isa = PBXFileReference; lastKnownFileType = sourcecode.swift; path = AppAppearance.swift; sourceTree = "<group>"; };
		DAFDA0FF26EBAC81009ADDAE /* HFSAppCommon.swift */ = {isa = PBXFileReference; fileEncoding = 4; lastKnownFileType = sourcecode.swift; path = HFSAppCommon.swift; sourceTree = "<group>"; };
		DAFDA10A26EBACAC009ADDAE /* CGRectExtension.swift */ = {isa = PBXFileReference; fileEncoding = 4; lastKnownFileType = sourcecode.swift; path = CGRectExtension.swift; sourceTree = "<group>"; };
		DAFDA10B26EBACAC009ADDAE /* CGSize+Extension.swift */ = {isa = PBXFileReference; fileEncoding = 4; lastKnownFileType = sourcecode.swift; path = "CGSize+Extension.swift"; sourceTree = "<group>"; };
		DAFDA10D26EBACAC009ADDAE /* CAGradientLayerExtensions.swift */ = {isa = PBXFileReference; fileEncoding = 4; lastKnownFileType = sourcecode.swift; path = CAGradientLayerExtensions.swift; sourceTree = "<group>"; };
		DAFDA10F26EBACAC009ADDAE /* UIButtonExtension.swift */ = {isa = PBXFileReference; fileEncoding = 4; lastKnownFileType = sourcecode.swift; path = UIButtonExtension.swift; sourceTree = "<group>"; };
		DAFDA11026EBACAC009ADDAE /* UIColor+Extension.swift */ = {isa = PBXFileReference; fileEncoding = 4; lastKnownFileType = sourcecode.swift; path = "UIColor+Extension.swift"; sourceTree = "<group>"; };
		DAFDA11126EBACAC009ADDAE /* CGImage+Accelerate.swift */ = {isa = PBXFileReference; fileEncoding = 4; lastKnownFileType = sourcecode.swift; path = "CGImage+Accelerate.swift"; sourceTree = "<group>"; };
		DAFDA11226EBACAC009ADDAE /* CGContext+CGImage.swift */ = {isa = PBXFileReference; fileEncoding = 4; lastKnownFileType = sourcecode.swift; path = "CGContext+CGImage.swift"; sourceTree = "<group>"; };
		DAFDA11326EBACAC009ADDAE /* UILabelExtension.swift */ = {isa = PBXFileReference; fileEncoding = 4; lastKnownFileType = sourcecode.swift; path = UILabelExtension.swift; sourceTree = "<group>"; };
		DAFDA11426EBACAC009ADDAE /* CustomBlurView.swift */ = {isa = PBXFileReference; fileEncoding = 4; lastKnownFileType = sourcecode.swift; path = CustomBlurView.swift; sourceTree = "<group>"; };
		DAFDA11526EBACAC009ADDAE /* CaptureQuality.swift */ = {isa = PBXFileReference; fileEncoding = 4; lastKnownFileType = sourcecode.swift; path = CaptureQuality.swift; sourceTree = "<group>"; };
		DAFDA11626EBACAC009ADDAE /* CGRect+Conversion.swift */ = {isa = PBXFileReference; fileEncoding = 4; lastKnownFileType = sourcecode.swift; path = "CGRect+Conversion.swift"; sourceTree = "<group>"; };
		DAFDA11726EBACAC009ADDAE /* TrackingMode.swift */ = {isa = PBXFileReference; fileEncoding = 4; lastKnownFileType = sourcecode.swift; path = TrackingMode.swift; sourceTree = "<group>"; };
		DAFDA11826EBACAC009ADDAE /* UIImage+Blur.swift */ = {isa = PBXFileReference; fileEncoding = 4; lastKnownFileType = sourcecode.swift; path = "UIImage+Blur.swift"; sourceTree = "<group>"; };
		DAFDA11926EBACAC009ADDAE /* BlurLayer.swift */ = {isa = PBXFileReference; fileEncoding = 4; lastKnownFileType = sourcecode.swift; path = BlurLayer.swift; sourceTree = "<group>"; };
		DAFDA11A26EBACAC009ADDAE /* CALayer+Conversion.swift */ = {isa = PBXFileReference; fileEncoding = 4; lastKnownFileType = sourcecode.swift; path = "CALayer+Conversion.swift"; sourceTree = "<group>"; };
		DAFDA11B26EBACAC009ADDAE /* UINavgationControllerExtension.swift */ = {isa = PBXFileReference; fileEncoding = 4; lastKnownFileType = sourcecode.swift; path = UINavgationControllerExtension.swift; sourceTree = "<group>"; };
		DAFDA11C26EBACAC009ADDAE /* DynamicBlurView.swift */ = {isa = PBXFileReference; fileEncoding = 4; lastKnownFileType = sourcecode.swift; path = DynamicBlurView.swift; sourceTree = "<group>"; };
		DAFDA12F26EBADB6009ADDAE /* JJFloatingActionButton+Animation.swift */ = {isa = PBXFileReference; fileEncoding = 4; lastKnownFileType = sourcecode.swift; path = "JJFloatingActionButton+Animation.swift"; sourceTree = "<group>"; };
		DAFDA13026EBADB6009ADDAE /* UIView+JJFloatingActionButton.swift */ = {isa = PBXFileReference; fileEncoding = 4; lastKnownFileType = sourcecode.swift; path = "UIView+JJFloatingActionButton.swift"; sourceTree = "<group>"; };
		DAFDA13126EBADB6009ADDAE /* JJFloatingActionButtonDelegate.swift */ = {isa = PBXFileReference; fileEncoding = 4; lastKnownFileType = sourcecode.swift; path = JJFloatingActionButtonDelegate.swift; sourceTree = "<group>"; };
		DAFDA13226EBADB6009ADDAE /* Styles.swift */ = {isa = PBXFileReference; fileEncoding = 4; lastKnownFileType = sourcecode.swift; path = Styles.swift; sourceTree = "<group>"; };
		DAFDA13326EBADB6009ADDAE /* AnimationConfiguration.swift */ = {isa = PBXFileReference; fileEncoding = 4; lastKnownFileType = sourcecode.swift; path = AnimationConfiguration.swift; sourceTree = "<group>"; };
		DAFDA13426EBADB6009ADDAE /* JJActionItem.swift */ = {isa = PBXFileReference; fileEncoding = 4; lastKnownFileType = sourcecode.swift; path = JJActionItem.swift; sourceTree = "<group>"; };
		DAFDA13526EBADB6009ADDAE /* JJFloatingActionButtonState.swift */ = {isa = PBXFileReference; fileEncoding = 4; lastKnownFileType = sourcecode.swift; path = JJFloatingActionButtonState.swift; sourceTree = "<group>"; };
		DAFDA13626EBADB6009ADDAE /* JJActionItemTitlePosition.swift */ = {isa = PBXFileReference; fileEncoding = 4; lastKnownFileType = sourcecode.swift; path = JJActionItemTitlePosition.swift; sourceTree = "<group>"; };
		DAFDA13726EBADB6009ADDAE /* UIColor+JJFloatingActionButton.swift */ = {isa = PBXFileReference; fileEncoding = 4; lastKnownFileType = sourcecode.swift; path = "UIColor+JJFloatingActionButton.swift"; sourceTree = "<group>"; };
		DAFDA13826EBADB6009ADDAE /* JJFloatingActionButton+Placement.swift */ = {isa = PBXFileReference; fileEncoding = 4; lastKnownFileType = sourcecode.swift; path = "JJFloatingActionButton+Placement.swift"; sourceTree = "<group>"; };
		DAFDA13926EBADB6009ADDAE /* LayerProperties.swift */ = {isa = PBXFileReference; fileEncoding = 4; lastKnownFileType = sourcecode.swift; path = LayerProperties.swift; sourceTree = "<group>"; };
		DAFDA13A26EBADB6009ADDAE /* JJFloatingActionButton.swift */ = {isa = PBXFileReference; fileEncoding = 4; lastKnownFileType = sourcecode.swift; path = JJFloatingActionButton.swift; sourceTree = "<group>"; };
		DAFDA13B26EBADB6009ADDAE /* JJCircleView.swift */ = {isa = PBXFileReference; fileEncoding = 4; lastKnownFileType = sourcecode.swift; path = JJCircleView.swift; sourceTree = "<group>"; };
		DAFDA14026EBADB6009ADDAE /* UIDevice+Extension.swift */ = {isa = PBXFileReference; fileEncoding = 4; lastKnownFileType = sourcecode.swift; path = "UIDevice+Extension.swift"; sourceTree = "<group>"; };
		DAFDA14126EBADB6009ADDAE /* Shock.swift */ = {isa = PBXFileReference; fileEncoding = 4; lastKnownFileType = sourcecode.swift; path = Shock.swift; sourceTree = "<group>"; };
		DAFDA14226EBADB6009ADDAE /* ShockFeedbackEngine.swift */ = {isa = PBXFileReference; fileEncoding = 4; lastKnownFileType = sourcecode.swift; path = ShockFeedbackEngine.swift; sourceTree = "<group>"; };
		DAFDA14326EBADB6009ADDAE /* ShockPatternEngine.swift */ = {isa = PBXFileReference; fileEncoding = 4; lastKnownFileType = sourcecode.swift; path = ShockPatternEngine.swift; sourceTree = "<group>"; };
		DAFDA14426EBADB6009ADDAE /* TapticEngine.swift */ = {isa = PBXFileReference; fileEncoding = 4; lastKnownFileType = sourcecode.swift; path = TapticEngine.swift; sourceTree = "<group>"; };
		DAFDA14526EBADB6009ADDAE /* UIButton+Shock.swift */ = {isa = PBXFileReference; fileEncoding = 4; lastKnownFileType = sourcecode.swift; path = "UIButton+Shock.swift"; sourceTree = "<group>"; };
		DAFDA14626EBADB6009ADDAE /* ShockPattern.swift */ = {isa = PBXFileReference; fileEncoding = 4; lastKnownFileType = sourcecode.swift; path = ShockPattern.swift; sourceTree = "<group>"; };
		DAFDA14926EBADB6009ADDAE /* CGRectExtension.swift */ = {isa = PBXFileReference; fileEncoding = 4; lastKnownFileType = sourcecode.swift; path = CGRectExtension.swift; sourceTree = "<group>"; };
		DAFDA14A26EBADB6009ADDAE /* CGSize+Extension.swift */ = {isa = PBXFileReference; fileEncoding = 4; lastKnownFileType = sourcecode.swift; path = "CGSize+Extension.swift"; sourceTree = "<group>"; };
		DAFDA14C26EBADB6009ADDAE /* UIButtonExtension.swift */ = {isa = PBXFileReference; fileEncoding = 4; lastKnownFileType = sourcecode.swift; path = UIButtonExtension.swift; sourceTree = "<group>"; };
		DAFDA14D26EBADB6009ADDAE /* UIColor+Extension.swift */ = {isa = PBXFileReference; fileEncoding = 4; lastKnownFileType = sourcecode.swift; path = "UIColor+Extension.swift"; sourceTree = "<group>"; };
		DAFDA14E26EBADB6009ADDAE /* CGImage+Accelerate.swift */ = {isa = PBXFileReference; fileEncoding = 4; lastKnownFileType = sourcecode.swift; path = "CGImage+Accelerate.swift"; sourceTree = "<group>"; };
		DAFDA14F26EBADB6009ADDAE /* CGContext+CGImage.swift */ = {isa = PBXFileReference; fileEncoding = 4; lastKnownFileType = sourcecode.swift; path = "CGContext+CGImage.swift"; sourceTree = "<group>"; };
		DAFDA15026EBADB6009ADDAE /* UILabelExtension.swift */ = {isa = PBXFileReference; fileEncoding = 4; lastKnownFileType = sourcecode.swift; path = UILabelExtension.swift; sourceTree = "<group>"; };
		DAFDA15126EBADB6009ADDAE /* CustomBlurView.swift */ = {isa = PBXFileReference; fileEncoding = 4; lastKnownFileType = sourcecode.swift; path = CustomBlurView.swift; sourceTree = "<group>"; };
		DAFDA15226EBADB6009ADDAE /* CaptureQuality.swift */ = {isa = PBXFileReference; fileEncoding = 4; lastKnownFileType = sourcecode.swift; path = CaptureQuality.swift; sourceTree = "<group>"; };
		DAFDA15326EBADB6009ADDAE /* CGRect+Conversion.swift */ = {isa = PBXFileReference; fileEncoding = 4; lastKnownFileType = sourcecode.swift; path = "CGRect+Conversion.swift"; sourceTree = "<group>"; };
		DAFDA15426EBADB6009ADDAE /* TrackingMode.swift */ = {isa = PBXFileReference; fileEncoding = 4; lastKnownFileType = sourcecode.swift; path = TrackingMode.swift; sourceTree = "<group>"; };
		DAFDA15526EBADB6009ADDAE /* UIImage+Blur.swift */ = {isa = PBXFileReference; fileEncoding = 4; lastKnownFileType = sourcecode.swift; path = "UIImage+Blur.swift"; sourceTree = "<group>"; };
		DAFDA15626EBADB6009ADDAE /* BlurLayer.swift */ = {isa = PBXFileReference; fileEncoding = 4; lastKnownFileType = sourcecode.swift; path = BlurLayer.swift; sourceTree = "<group>"; };
		DAFDA15726EBADB6009ADDAE /* CALayer+Conversion.swift */ = {isa = PBXFileReference; fileEncoding = 4; lastKnownFileType = sourcecode.swift; path = "CALayer+Conversion.swift"; sourceTree = "<group>"; };
		DAFDA15826EBADB6009ADDAE /* UINavgationControllerExtension.swift */ = {isa = PBXFileReference; fileEncoding = 4; lastKnownFileType = sourcecode.swift; path = UINavgationControllerExtension.swift; sourceTree = "<group>"; };
		DAFDA15926EBADB6009ADDAE /* DynamicBlurView.swift */ = {isa = PBXFileReference; fileEncoding = 4; lastKnownFileType = sourcecode.swift; path = DynamicBlurView.swift; sourceTree = "<group>"; };
		DAFDA15B26EBADB6009ADDAE /* CAGradientLayerExtensions.swift */ = {isa = PBXFileReference; fileEncoding = 4; lastKnownFileType = sourcecode.swift; path = CAGradientLayerExtensions.swift; sourceTree = "<group>"; };
		DAFDA16726EBADB6009ADDAE /* HFSNiblessView.swift */ = {isa = PBXFileReference; fileEncoding = 4; lastKnownFileType = sourcecode.swift; path = HFSNiblessView.swift; sourceTree = "<group>"; };
		DAFDA16826EBADB6009ADDAE /* HFSNiblessViewController.swift */ = {isa = PBXFileReference; fileEncoding = 4; lastKnownFileType = sourcecode.swift; path = HFSNiblessViewController.swift; sourceTree = "<group>"; };
		DAFDA16926EBADB6009ADDAE /* HFSNiblessTableViewCell.swift */ = {isa = PBXFileReference; fileEncoding = 4; lastKnownFileType = sourcecode.swift; path = HFSNiblessTableViewCell.swift; sourceTree = "<group>"; };
		DAFDA19D26EBADDD009ADDAE /* BottomPopupUtils.swift */ = {isa = PBXFileReference; fileEncoding = 4; lastKnownFileType = sourcecode.swift; path = BottomPopupUtils.swift; sourceTree = "<group>"; };
		DAFDA19E26EBADDD009ADDAE /* BottomPopupViewController.swift */ = {isa = PBXFileReference; fileEncoding = 4; lastKnownFileType = sourcecode.swift; path = BottomPopupViewController.swift; sourceTree = "<group>"; };
		DAFDA19F26EBADDD009ADDAE /* BottomPopupDismissInteractionController.swift */ = {isa = PBXFileReference; fileEncoding = 4; lastKnownFileType = sourcecode.swift; path = BottomPopupDismissInteractionController.swift; sourceTree = "<group>"; };
		DAFDA1A026EBADDD009ADDAE /* BottomPopupNavigationController.swift */ = {isa = PBXFileReference; fileEncoding = 4; lastKnownFileType = sourcecode.swift; path = BottomPopupNavigationController.swift; sourceTree = "<group>"; };
		DAFDA1A126EBADDD009ADDAE /* BottomPopupDismissAnimator.swift */ = {isa = PBXFileReference; fileEncoding = 4; lastKnownFileType = sourcecode.swift; path = BottomPopupDismissAnimator.swift; sourceTree = "<group>"; };
		DAFDA1A226EBADDD009ADDAE /* BottomPopupPresentAnimator.swift */ = {isa = PBXFileReference; fileEncoding = 4; lastKnownFileType = sourcecode.swift; path = BottomPopupPresentAnimator.swift; sourceTree = "<group>"; };
		DAFDA1A326EBADDD009ADDAE /* BottomPopupTransitionHandler.swift */ = {isa = PBXFileReference; fileEncoding = 4; lastKnownFileType = sourcecode.swift; path = BottomPopupTransitionHandler.swift; sourceTree = "<group>"; };
		DAFDA1A426EBADDD009ADDAE /* BottomPopupPresentationController.swift */ = {isa = PBXFileReference; fileEncoding = 4; lastKnownFileType = sourcecode.swift; path = BottomPopupPresentationController.swift; sourceTree = "<group>"; };
		ED7084E8C8EE8084149873FA /* Pods_SportScanner.framework */ = {isa = PBXFileReference; explicitFileType = wrapper.framework; includeInIndex = 0; path = Pods_SportScanner.framework; sourceTree = BUILT_PRODUCTS_DIR; };
/* End PBXFileReference section */

/* Begin PBXFrameworksBuildPhase section */
		AAEAC15D26EB81FD000D0DDD /* Frameworks */ = {
			isa = PBXFrameworksBuildPhase;
			buildActionMask = 2147483647;
			files = (
				D783A6FB8467CCAE4F5BCDCC /* Pods_SportScanner.framework in Frameworks */,
			);
			runOnlyForDeploymentPostprocessing = 0;
		};
		AAEAC17626EB81FE000D0DDD /* Frameworks */ = {
			isa = PBXFrameworksBuildPhase;
			buildActionMask = 2147483647;
			files = (
			);
			runOnlyForDeploymentPostprocessing = 0;
		};
		AAEAC18126EB81FE000D0DDD /* Frameworks */ = {
			isa = PBXFrameworksBuildPhase;
			buildActionMask = 2147483647;
			files = (
			);
			runOnlyForDeploymentPostprocessing = 0;
		};
/* End PBXFrameworksBuildPhase section */

/* Begin PBXGroup section */
		2CB15382FBD8F434A2A74C6A /* Frameworks */ = {
			isa = PBXGroup;
			children = (
				ED7084E8C8EE8084149873FA /* Pods_SportScanner.framework */,
			);
			name = Frameworks;
			sourceTree = "<group>";
		};
		4A5F8200E9C73AC7DC75397A /* Pods */ = {
			isa = PBXGroup;
			children = (
				1ECCBB57E697111D15B84A1B /* Pods-SportScanner.debug.xcconfig */,
				B891FB27C807E64D88082DF3 /* Pods-SportScanner.release.xcconfig */,
				53ACE0FC44A1AAE433DADD1C /* Pods-SportScannerTests.debug.xcconfig */,
				BDD204C87CECD47B4B90D759 /* Pods-SportScannerTests.release.xcconfig */,
			);
			path = Pods;
			sourceTree = "<group>";
		};
		AAEAC15726EB81FD000D0DDD = {
			isa = PBXGroup;
			children = (
				AAEAC16226EB81FD000D0DDD /* SportScanner */,
				AAEAC17C26EB81FE000D0DDD /* SportScannerTests */,
				AAEAC18726EB81FE000D0DDD /* SportScannerUITests */,
				AAEAC16126EB81FD000D0DDD /* Products */,
				4A5F8200E9C73AC7DC75397A /* Pods */,
				2CB15382FBD8F434A2A74C6A /* Frameworks */,
			);
			sourceTree = "<group>";
		};
		AAEAC16126EB81FD000D0DDD /* Products */ = {
			isa = PBXGroup;
			children = (
				AAEAC16026EB81FD000D0DDD /* SportScanner.app */,
				AAEAC17926EB81FE000D0DDD /* SportScannerTests.xctest */,
				AAEAC18426EB81FE000D0DDD /* SportScannerUITests.xctest */,
			);
			name = Products;
			sourceTree = "<group>";
		};
		AAEAC16226EB81FD000D0DDD /* SportScanner */ = {
			isa = PBXGroup;
			children = (
				DACD14AC26EC383500E6EAB7 /* GoogleService-Info.plist */,
				DACD14F326EC4BEA00E6EAB7 /* Common */,
				DACD14F226EC4BE500E6EAB7 /* Domain */,
				DACD14F126EC4BDD00E6EAB7 /* Presentation */,
				DACD14F026EC4B5E00E6EAB7 /* Resources */,
				DACD14EF26EC4B5800E6EAB7 /* Application */,
				AAEAC19626EB831F000D0DDD /* infrastructure */,
			);
			path = SportScanner;
			sourceTree = "<group>";
		};
		AAEAC17C26EB81FE000D0DDD /* SportScannerTests */ = {
			isa = PBXGroup;
			children = (
				AAEAC17D26EB81FE000D0DDD /* SportScannerTests.swift */,
				AAEAC17F26EB81FE000D0DDD /* Info.plist */,
			);
			path = SportScannerTests;
			sourceTree = "<group>";
		};
		AAEAC18726EB81FE000D0DDD /* SportScannerUITests */ = {
			isa = PBXGroup;
			children = (
				AAEAC18826EB81FE000D0DDD /* SportScannerUITests.swift */,
				AAEAC18A26EB81FE000D0DDD /* Info.plist */,
			);
			path = SportScannerUITests;
			sourceTree = "<group>";
		};
		AAEAC19626EB831F000D0DDD /* infrastructure */ = {
			isa = PBXGroup;
			children = (
				DAFDA19C26EBADDD009ADDAE /* BottomPopupController */,
				DAFDA12E26EBADB6009ADDAE /* FloatButton */,
				DAFDA13F26EBADB6009ADDAE /* ShockEngine */,
				DAFDA14726EBADB6009ADDAE /* SwiftCategories */,
				DAFDA16526EBADB6009ADDAE /* UIComponent */,
				DAFDA10C26EBACAC009ADDAE /* CoreAnimation */,
				DAFDA10926EBACAC009ADDAE /* CoreGraphics */,
				DAFDA10E26EBACAC009ADDAE /* UIKit */,
				DAFDA0FF26EBAC81009ADDAE /* HFSAppCommon.swift */,
			);
			path = infrastructure;
			sourceTree = "<group>";
		};
		DACD14EF26EC4B5800E6EAB7 /* Application */ = {
			isa = PBXGroup;
			children = (
				DACD14F726EC4EB200E6EAB7 /* DIContainer */,
				AAEAC16326EB81FD000D0DDD /* AppDelegate.swift */,
				AAEAC16526EB81FD000D0DDD /* SceneDelegate.swift */,
				DACD14F526EC4E9A00E6EAB7 /* AppConfiguration.swift */,
				DACD14FA26EC50B500E6EAB7 /* AppFlowCoordinator.swift */,
				DACD14FC26EC51E000E6EAB7 /* AppAppearance.swift */,
			);
			path = Application;
			sourceTree = "<group>";
		};
		DACD14F026EC4B5E00E6EAB7 /* Resources */ = {
			isa = PBXGroup;
			children = (
				AAEAC16F26EB81FE000D0DDD /* Assets.xcassets */,
				AAEAC17126EB81FE000D0DDD /* LaunchScreen.storyboard */,
				AAEAC17426EB81FE000D0DDD /* Info.plist */,
				AAEAC16C26EB81FD000D0DDD /* SportScanner.xcdatamodeld */,
			);
			path = Resources;
			sourceTree = "<group>";
		};
		DACD14F126EC4BDD00E6EAB7 /* Presentation */ = {
			isa = PBXGroup;
			children = (
				AAEAC16726EB81FD000D0DDD /* ViewController.swift */,
				AAEAC16926EB81FD000D0DDD /* Main.storyboard */,
			);
			path = Presentation;
			sourceTree = "<group>";
		};
		DACD14F226EC4BE500E6EAB7 /* Domain */ = {
			isa = PBXGroup;
			children = (
			);
			path = Domain;
			sourceTree = "<group>";
		};
		DACD14F326EC4BEA00E6EAB7 /* Common */ = {
			isa = PBXGroup;
			children = (
			);
			path = Common;
			sourceTree = "<group>";
		};
		DACD14F726EC4EB200E6EAB7 /* DIContainer */ = {
			isa = PBXGroup;
			children = (
				DACD14F826EC4EC000E6EAB7 /* AppDIContainer.swift */,
			);
			path = DIContainer;
			sourceTree = "<group>";
		};
		DAFDA10926EBACAC009ADDAE /* CoreGraphics */ = {
			isa = PBXGroup;
			children = (
				DAFDA10A26EBACAC009ADDAE /* CGRectExtension.swift */,
				DAFDA10B26EBACAC009ADDAE /* CGSize+Extension.swift */,
			);
			name = CoreGraphics;
			path = SwiftCategories/CoreGraphics;
			sourceTree = "<group>";
		};
		DAFDA10C26EBACAC009ADDAE /* CoreAnimation */ = {
			isa = PBXGroup;
			children = (
				DAFDA10D26EBACAC009ADDAE /* CAGradientLayerExtensions.swift */,
			);
			name = CoreAnimation;
			path = SwiftCategories/CoreAnimation;
			sourceTree = "<group>";
		};
		DAFDA10E26EBACAC009ADDAE /* UIKit */ = {
			isa = PBXGroup;
			children = (
				DAFDA10F26EBACAC009ADDAE /* UIButtonExtension.swift */,
				DAFDA11026EBACAC009ADDAE /* UIColor+Extension.swift */,
				DAFDA11126EBACAC009ADDAE /* CGImage+Accelerate.swift */,
				DAFDA11226EBACAC009ADDAE /* CGContext+CGImage.swift */,
				DAFDA11326EBACAC009ADDAE /* UILabelExtension.swift */,
				DAFDA11426EBACAC009ADDAE /* CustomBlurView.swift */,
				DAFDA11526EBACAC009ADDAE /* CaptureQuality.swift */,
				DAFDA11626EBACAC009ADDAE /* CGRect+Conversion.swift */,
				DAFDA11726EBACAC009ADDAE /* TrackingMode.swift */,
				DAFDA11826EBACAC009ADDAE /* UIImage+Blur.swift */,
				DAFDA11926EBACAC009ADDAE /* BlurLayer.swift */,
				DAFDA11A26EBACAC009ADDAE /* CALayer+Conversion.swift */,
				DAFDA11B26EBACAC009ADDAE /* UINavgationControllerExtension.swift */,
				DAFDA11C26EBACAC009ADDAE /* DynamicBlurView.swift */,
			);
			name = UIKit;
			path = SwiftCategories/UIKit;
			sourceTree = "<group>";
		};
		DAFDA12E26EBADB6009ADDAE /* FloatButton */ = {
			isa = PBXGroup;
			children = (
				DAFDA12F26EBADB6009ADDAE /* JJFloatingActionButton+Animation.swift */,
				DAFDA13026EBADB6009ADDAE /* UIView+JJFloatingActionButton.swift */,
				DAFDA13126EBADB6009ADDAE /* JJFloatingActionButtonDelegate.swift */,
				DAFDA13226EBADB6009ADDAE /* Styles.swift */,
				DAFDA13326EBADB6009ADDAE /* AnimationConfiguration.swift */,
				DAFDA13426EBADB6009ADDAE /* JJActionItem.swift */,
				DAFDA13526EBADB6009ADDAE /* JJFloatingActionButtonState.swift */,
				DAFDA13626EBADB6009ADDAE /* JJActionItemTitlePosition.swift */,
				DAFDA13726EBADB6009ADDAE /* UIColor+JJFloatingActionButton.swift */,
				DAFDA13826EBADB6009ADDAE /* JJFloatingActionButton+Placement.swift */,
				DAFDA13926EBADB6009ADDAE /* LayerProperties.swift */,
				DAFDA13A26EBADB6009ADDAE /* JJFloatingActionButton.swift */,
				DAFDA13B26EBADB6009ADDAE /* JJCircleView.swift */,
			);
			path = FloatButton;
			sourceTree = "<group>";
		};
		DAFDA13F26EBADB6009ADDAE /* ShockEngine */ = {
			isa = PBXGroup;
			children = (
				DAFDA14026EBADB6009ADDAE /* UIDevice+Extension.swift */,
				DAFDA14126EBADB6009ADDAE /* Shock.swift */,
				DAFDA14226EBADB6009ADDAE /* ShockFeedbackEngine.swift */,
				DAFDA14326EBADB6009ADDAE /* ShockPatternEngine.swift */,
				DAFDA14426EBADB6009ADDAE /* TapticEngine.swift */,
				DAFDA14526EBADB6009ADDAE /* UIButton+Shock.swift */,
				DAFDA14626EBADB6009ADDAE /* ShockPattern.swift */,
			);
			path = ShockEngine;
			sourceTree = "<group>";
		};
		DAFDA14726EBADB6009ADDAE /* SwiftCategories */ = {
			isa = PBXGroup;
			children = (
				DAFDA14826EBADB6009ADDAE /* CoreGraphics */,
				DAFDA14B26EBADB6009ADDAE /* UIKit */,
				DAFDA15A26EBADB6009ADDAE /* CoreAnimation */,
			);
			path = SwiftCategories;
			sourceTree = "<group>";
		};
		DAFDA14826EBADB6009ADDAE /* CoreGraphics */ = {
			isa = PBXGroup;
			children = (
				DAFDA14926EBADB6009ADDAE /* CGRectExtension.swift */,
				DAFDA14A26EBADB6009ADDAE /* CGSize+Extension.swift */,
			);
			path = CoreGraphics;
			sourceTree = "<group>";
		};
		DAFDA14B26EBADB6009ADDAE /* UIKit */ = {
			isa = PBXGroup;
			children = (
				DAFDA14C26EBADB6009ADDAE /* UIButtonExtension.swift */,
				DAFDA14D26EBADB6009ADDAE /* UIColor+Extension.swift */,
				DAFDA14E26EBADB6009ADDAE /* CGImage+Accelerate.swift */,
				DAFDA14F26EBADB6009ADDAE /* CGContext+CGImage.swift */,
				DAFDA15026EBADB6009ADDAE /* UILabelExtension.swift */,
				DAFDA15126EBADB6009ADDAE /* CustomBlurView.swift */,
				DAFDA15226EBADB6009ADDAE /* CaptureQuality.swift */,
				DAFDA15326EBADB6009ADDAE /* CGRect+Conversion.swift */,
				DAFDA15426EBADB6009ADDAE /* TrackingMode.swift */,
				DAFDA15526EBADB6009ADDAE /* UIImage+Blur.swift */,
				DAFDA15626EBADB6009ADDAE /* BlurLayer.swift */,
				DAFDA15726EBADB6009ADDAE /* CALayer+Conversion.swift */,
				DAFDA15826EBADB6009ADDAE /* UINavgationControllerExtension.swift */,
				DAFDA15926EBADB6009ADDAE /* DynamicBlurView.swift */,
			);
			path = UIKit;
			sourceTree = "<group>";
		};
		DAFDA15A26EBADB6009ADDAE /* CoreAnimation */ = {
			isa = PBXGroup;
			children = (
				DAFDA15B26EBADB6009ADDAE /* CAGradientLayerExtensions.swift */,
			);
			path = CoreAnimation;
			sourceTree = "<group>";
		};
		DAFDA16526EBADB6009ADDAE /* UIComponent */ = {
			isa = PBXGroup;
			children = (
				DAFDA16626EBADB6009ADDAE /* Nibless */,
			);
			path = UIComponent;
			sourceTree = "<group>";
		};
		DAFDA16626EBADB6009ADDAE /* Nibless */ = {
			isa = PBXGroup;
			children = (
				DAFDA16726EBADB6009ADDAE /* HFSNiblessView.swift */,
				DAFDA16826EBADB6009ADDAE /* HFSNiblessViewController.swift */,
				DAFDA16926EBADB6009ADDAE /* HFSNiblessTableViewCell.swift */,
			);
			path = Nibless;
			sourceTree = "<group>";
		};
		DAFDA19C26EBADDD009ADDAE /* BottomPopupController */ = {
			isa = PBXGroup;
			children = (
				DAFDA19D26EBADDD009ADDAE /* BottomPopupUtils.swift */,
				DAFDA19E26EBADDD009ADDAE /* BottomPopupViewController.swift */,
				DAFDA19F26EBADDD009ADDAE /* BottomPopupDismissInteractionController.swift */,
				DAFDA1A026EBADDD009ADDAE /* BottomPopupNavigationController.swift */,
				DAFDA1A126EBADDD009ADDAE /* BottomPopupDismissAnimator.swift */,
				DAFDA1A226EBADDD009ADDAE /* BottomPopupPresentAnimator.swift */,
				DAFDA1A326EBADDD009ADDAE /* BottomPopupTransitionHandler.swift */,
				DAFDA1A426EBADDD009ADDAE /* BottomPopupPresentationController.swift */,
			);
			path = BottomPopupController;
			sourceTree = "<group>";
		};
/* End PBXGroup section */

/* Begin PBXNativeTarget section */
		AAEAC15F26EB81FD000D0DDD /* SportScanner */ = {
			isa = PBXNativeTarget;
			buildConfigurationList = AAEAC18D26EB81FE000D0DDD /* Build configuration list for PBXNativeTarget "SportScanner" */;
			buildPhases = (
				6D2D98BC076D7A6315C0E243 /* [CP] Check Pods Manifest.lock */,
				AAEAC15C26EB81FD000D0DDD /* Sources */,
				AAEAC15D26EB81FD000D0DDD /* Frameworks */,
				AAEAC15E26EB81FD000D0DDD /* Resources */,
				8A131452D96F91FF49D81DF7 /* [CP] Embed Pods Frameworks */,
			);
			buildRules = (
			);
			dependencies = (
			);
			name = SportScanner;
			productName = SportScanner;
			productReference = AAEAC16026EB81FD000D0DDD /* SportScanner.app */;
			productType = "com.apple.product-type.application";
		};
		AAEAC17826EB81FE000D0DDD /* SportScannerTests */ = {
			isa = PBXNativeTarget;
			buildConfigurationList = AAEAC19026EB81FE000D0DDD /* Build configuration list for PBXNativeTarget "SportScannerTests" */;
			buildPhases = (
				AAEAC17526EB81FE000D0DDD /* Sources */,
				AAEAC17626EB81FE000D0DDD /* Frameworks */,
				AAEAC17726EB81FE000D0DDD /* Resources */,
			);
			buildRules = (
			);
			dependencies = (
				AAEAC17B26EB81FE000D0DDD /* PBXTargetDependency */,
			);
			name = SportScannerTests;
			productName = SportScannerTests;
			productReference = AAEAC17926EB81FE000D0DDD /* SportScannerTests.xctest */;
			productType = "com.apple.product-type.bundle.unit-test";
		};
		AAEAC18326EB81FE000D0DDD /* SportScannerUITests */ = {
			isa = PBXNativeTarget;
			buildConfigurationList = AAEAC19326EB81FE000D0DDD /* Build configuration list for PBXNativeTarget "SportScannerUITests" */;
			buildPhases = (
				AAEAC18026EB81FE000D0DDD /* Sources */,
				AAEAC18126EB81FE000D0DDD /* Frameworks */,
				AAEAC18226EB81FE000D0DDD /* Resources */,
			);
			buildRules = (
			);
			dependencies = (
				AAEAC18626EB81FE000D0DDD /* PBXTargetDependency */,
			);
			name = SportScannerUITests;
			productName = SportScannerUITests;
			productReference = AAEAC18426EB81FE000D0DDD /* SportScannerUITests.xctest */;
			productType = "com.apple.product-type.bundle.ui-testing";
		};
/* End PBXNativeTarget section */

/* Begin PBXProject section */
		AAEAC15826EB81FD000D0DDD /* Project object */ = {
			isa = PBXProject;
			attributes = {
				LastSwiftUpdateCheck = 1250;
				LastUpgradeCheck = 1250;
				TargetAttributes = {
					AAEAC15F26EB81FD000D0DDD = {
						CreatedOnToolsVersion = 12.5;
					};
					AAEAC17826EB81FE000D0DDD = {
						CreatedOnToolsVersion = 12.5;
						TestTargetID = AAEAC15F26EB81FD000D0DDD;
					};
					AAEAC18326EB81FE000D0DDD = {
						CreatedOnToolsVersion = 12.5;
						TestTargetID = AAEAC15F26EB81FD000D0DDD;
					};
				};
			};
			buildConfigurationList = AAEAC15B26EB81FD000D0DDD /* Build configuration list for PBXProject "SportScanner" */;
			compatibilityVersion = "Xcode 9.3";
			developmentRegion = en;
			hasScannedForEncodings = 0;
			knownRegions = (
				en,
				Base,
			);
			mainGroup = AAEAC15726EB81FD000D0DDD;
			productRefGroup = AAEAC16126EB81FD000D0DDD /* Products */;
			projectDirPath = "";
			projectRoot = "";
			targets = (
				AAEAC15F26EB81FD000D0DDD /* SportScanner */,
				AAEAC17826EB81FE000D0DDD /* SportScannerTests */,
				AAEAC18326EB81FE000D0DDD /* SportScannerUITests */,
			);
		};
/* End PBXProject section */

/* Begin PBXResourcesBuildPhase section */
		AAEAC15E26EB81FD000D0DDD /* Resources */ = {
			isa = PBXResourcesBuildPhase;
			buildActionMask = 2147483647;
			files = (
				AAEAC17326EB81FE000D0DDD /* LaunchScreen.storyboard in Resources */,
				DACD14AD26EC383500E6EAB7 /* GoogleService-Info.plist in Resources */,
				AAEAC17026EB81FE000D0DDD /* Assets.xcassets in Resources */,
				AAEAC16B26EB81FD000D0DDD /* Main.storyboard in Resources */,
			);
			runOnlyForDeploymentPostprocessing = 0;
		};
		AAEAC17726EB81FE000D0DDD /* Resources */ = {
			isa = PBXResourcesBuildPhase;
			buildActionMask = 2147483647;
			files = (
			);
			runOnlyForDeploymentPostprocessing = 0;
		};
		AAEAC18226EB81FE000D0DDD /* Resources */ = {
			isa = PBXResourcesBuildPhase;
			buildActionMask = 2147483647;
			files = (
			);
			runOnlyForDeploymentPostprocessing = 0;
		};
/* End PBXResourcesBuildPhase section */

/* Begin PBXShellScriptBuildPhase section */
		6D2D98BC076D7A6315C0E243 /* [CP] Check Pods Manifest.lock */ = {
			isa = PBXShellScriptBuildPhase;
			buildActionMask = 2147483647;
			files = (
			);
			inputFileListPaths = (
			);
			inputPaths = (
				"${PODS_PODFILE_DIR_PATH}/Podfile.lock",
				"${PODS_ROOT}/Manifest.lock",
			);
			name = "[CP] Check Pods Manifest.lock";
			outputFileListPaths = (
			);
			outputPaths = (
				"$(DERIVED_FILE_DIR)/Pods-SportScanner-checkManifestLockResult.txt",
			);
			runOnlyForDeploymentPostprocessing = 0;
			shellPath = /bin/sh;
			shellScript = "diff \"${PODS_PODFILE_DIR_PATH}/Podfile.lock\" \"${PODS_ROOT}/Manifest.lock\" > /dev/null\nif [ $? != 0 ] ; then\n    # print error to STDERR\n    echo \"error: The sandbox is not in sync with the Podfile.lock. Run 'pod install' or update your CocoaPods installation.\" >&2\n    exit 1\nfi\n# This output is used by Xcode 'outputs' to avoid re-running this script phase.\necho \"SUCCESS\" > \"${SCRIPT_OUTPUT_FILE_0}\"\n";
			showEnvVarsInLog = 0;
		};
		8A131452D96F91FF49D81DF7 /* [CP] Embed Pods Frameworks */ = {
			isa = PBXShellScriptBuildPhase;
			buildActionMask = 2147483647;
			files = (
			);
			inputFileListPaths = (
				"${PODS_ROOT}/Target Support Files/Pods-SportScanner/Pods-SportScanner-frameworks-${CONFIGURATION}-input-files.xcfilelist",
			);
			name = "[CP] Embed Pods Frameworks";
			outputFileListPaths = (
				"${PODS_ROOT}/Target Support Files/Pods-SportScanner/Pods-SportScanner-frameworks-${CONFIGURATION}-output-files.xcfilelist",
			);
			runOnlyForDeploymentPostprocessing = 0;
			shellPath = /bin/sh;
			shellScript = "\"${PODS_ROOT}/Target Support Files/Pods-SportScanner/Pods-SportScanner-frameworks.sh\"\n";
			showEnvVarsInLog = 0;
		};
/* End PBXShellScriptBuildPhase section */

/* Begin PBXSourcesBuildPhase section */
		AAEAC15C26EB81FD000D0DDD /* Sources */ = {
			isa = PBXSourcesBuildPhase;
			buildActionMask = 2147483647;
			files = (
				AAEAC16826EB81FD000D0DDD /* ViewController.swift in Sources */,
				DAFDA18F26EBADB6009ADDAE /* DynamicBlurView.swift in Sources */,
				DAFDA12626EBACAD009ADDAE /* CaptureQuality.swift in Sources */,
				AAEAC16426EB81FD000D0DDD /* AppDelegate.swift in Sources */,
				DAFDA16B26EBADB6009ADDAE /* UIView+JJFloatingActionButton.swift in Sources */,
				DAFDA16E26EBADB6009ADDAE /* AnimationConfiguration.swift in Sources */,
				DAFDA12126EBACAC009ADDAE /* UIColor+Extension.swift in Sources */,
				DAFDA12B26EBACAD009ADDAE /* CALayer+Conversion.swift in Sources */,
				DACD14F926EC4EC000E6EAB7 /* AppDIContainer.swift in Sources */,
				DAFDA12526EBACAD009ADDAE /* CustomBlurView.swift in Sources */,
				DAFDA12426EBACAD009ADDAE /* UILabelExtension.swift in Sources */,
				DAFDA16F26EBADB6009ADDAE /* JJActionItem.swift in Sources */,
				DAFDA1A526EBADDD009ADDAE /* BottomPopupUtils.swift in Sources */,
				DAFDA18D26EBADB6009ADDAE /* CALayer+Conversion.swift in Sources */,
				DAFDA18926EBADB6009ADDAE /* CGRect+Conversion.swift in Sources */,
				DAFDA11D26EBACAC009ADDAE /* CGRectExtension.swift in Sources */,
				DAFDA17B26EBADB6009ADDAE /* ShockFeedbackEngine.swift in Sources */,
				DAFDA17A26EBADB6009ADDAE /* Shock.swift in Sources */,
				DAFDA18326EBADB6009ADDAE /* UIColor+Extension.swift in Sources */,
				DACD14FB26EC50B500E6EAB7 /* AppFlowCoordinator.swift in Sources */,
				DAFDA10826EBAC82009ADDAE /* HFSAppCommon.swift in Sources */,
				DAFDA18626EBADB6009ADDAE /* UILabelExtension.swift in Sources */,
				DAFDA19926EBADB6009ADDAE /* HFSNiblessView.swift in Sources */,
				DAFDA17926EBADB6009ADDAE /* UIDevice+Extension.swift in Sources */,
				DAFDA1AA26EBADDD009ADDAE /* BottomPopupPresentAnimator.swift in Sources */,
				DAFDA17526EBADB6009ADDAE /* JJFloatingActionButton.swift in Sources */,
				DAFDA12926EBACAD009ADDAE /* UIImage+Blur.swift in Sources */,
				DAFDA18B26EBADB6009ADDAE /* UIImage+Blur.swift in Sources */,
				DAFDA1A726EBADDD009ADDAE /* BottomPopupDismissInteractionController.swift in Sources */,
				DACD14FD26EC51E000E6EAB7 /* AppAppearance.swift in Sources */,
				DAFDA1A926EBADDD009ADDAE /* BottomPopupDismissAnimator.swift in Sources */,
				DAFDA17F26EBADB6009ADDAE /* ShockPattern.swift in Sources */,
				DAFDA1AB26EBADDD009ADDAE /* BottomPopupTransitionHandler.swift in Sources */,
				DAFDA18026EBADB6009ADDAE /* CGRectExtension.swift in Sources */,
				DAFDA12A26EBACAD009ADDAE /* BlurLayer.swift in Sources */,
				DAFDA1A826EBADDD009ADDAE /* BottomPopupNavigationController.swift in Sources */,
				DACD14F626EC4E9A00E6EAB7 /* AppConfiguration.swift in Sources */,
				DAFDA18226EBADB6009ADDAE /* UIButtonExtension.swift in Sources */,
				DAFDA18E26EBADB6009ADDAE /* UINavgationControllerExtension.swift in Sources */,
				DAFDA17226EBADB6009ADDAE /* UIColor+JJFloatingActionButton.swift in Sources */,
				DAFDA12726EBACAD009ADDAE /* CGRect+Conversion.swift in Sources */,
				DAFDA17026EBADB6009ADDAE /* JJFloatingActionButtonState.swift in Sources */,
				DAFDA18726EBADB6009ADDAE /* CustomBlurView.swift in Sources */,
				DAFDA12026EBACAC009ADDAE /* UIButtonExtension.swift in Sources */,
				DAFDA12C26EBACAD009ADDAE /* UINavgationControllerExtension.swift in Sources */,
				DAFDA17D26EBADB6009ADDAE /* TapticEngine.swift in Sources */,
				DAFDA18526EBADB6009ADDAE /* CGContext+CGImage.swift in Sources */,
				DAFDA19B26EBADB6009ADDAE /* HFSNiblessTableViewCell.swift in Sources */,
				DAFDA19026EBADB6009ADDAE /* CAGradientLayerExtensions.swift in Sources */,
				DAFDA17326EBADB6009ADDAE /* JJFloatingActionButton+Placement.swift in Sources */,
				DAFDA17126EBADB6009ADDAE /* JJActionItemTitlePosition.swift in Sources */,
				DAFDA11F26EBACAC009ADDAE /* CAGradientLayerExtensions.swift in Sources */,
				DAFDA18A26EBADB6009ADDAE /* TrackingMode.swift in Sources */,
				AAEAC16626EB81FD000D0DDD /* SceneDelegate.swift in Sources */,
				DAFDA12D26EBACAD009ADDAE /* DynamicBlurView.swift in Sources */,
				DAFDA12326EBACAD009ADDAE /* CGContext+CGImage.swift in Sources */,
				DAFDA17E26EBADB6009ADDAE /* UIButton+Shock.swift in Sources */,
				DAFDA11E26EBACAC009ADDAE /* CGSize+Extension.swift in Sources */,
				DAFDA19A26EBADB6009ADDAE /* HFSNiblessViewController.swift in Sources */,
				AAEAC16E26EB81FD000D0DDD /* SportScanner.xcdatamodeld in Sources */,
				DAFDA18426EBADB6009ADDAE /* CGImage+Accelerate.swift in Sources */,
				DAFDA18126EBADB6009ADDAE /* CGSize+Extension.swift in Sources */,
				DAFDA17626EBADB6009ADDAE /* JJCircleView.swift in Sources */,
				DAFDA16C26EBADB6009ADDAE /* JJFloatingActionButtonDelegate.swift in Sources */,
				DAFDA16D26EBADB6009ADDAE /* Styles.swift in Sources */,
				DAFDA1AC26EBADDD009ADDAE /* BottomPopupPresentationController.swift in Sources */,
				DAFDA12226EBACAC009ADDAE /* CGImage+Accelerate.swift in Sources */,
				DAFDA16A26EBADB6009ADDAE /* JJFloatingActionButton+Animation.swift in Sources */,
				DAFDA17426EBADB6009ADDAE /* LayerProperties.swift in Sources */,
				DAFDA18826EBADB6009ADDAE /* CaptureQuality.swift in Sources */,
				DAFDA1A626EBADDD009ADDAE /* BottomPopupViewController.swift in Sources */,
				DAFDA18C26EBADB6009ADDAE /* BlurLayer.swift in Sources */,
				DAFDA12826EBACAD009ADDAE /* TrackingMode.swift in Sources */,
				DAFDA17C26EBADB6009ADDAE /* ShockPatternEngine.swift in Sources */,
			);
			runOnlyForDeploymentPostprocessing = 0;
		};
		AAEAC17526EB81FE000D0DDD /* Sources */ = {
			isa = PBXSourcesBuildPhase;
			buildActionMask = 2147483647;
			files = (
				AAEAC17E26EB81FE000D0DDD /* SportScannerTests.swift in Sources */,
			);
			runOnlyForDeploymentPostprocessing = 0;
		};
		AAEAC18026EB81FE000D0DDD /* Sources */ = {
			isa = PBXSourcesBuildPhase;
			buildActionMask = 2147483647;
			files = (
				AAEAC18926EB81FE000D0DDD /* SportScannerUITests.swift in Sources */,
			);
			runOnlyForDeploymentPostprocessing = 0;
		};
/* End PBXSourcesBuildPhase section */

/* Begin PBXTargetDependency section */
		AAEAC17B26EB81FE000D0DDD /* PBXTargetDependency */ = {
			isa = PBXTargetDependency;
			target = AAEAC15F26EB81FD000D0DDD /* SportScanner */;
			targetProxy = AAEAC17A26EB81FE000D0DDD /* PBXContainerItemProxy */;
		};
		AAEAC18626EB81FE000D0DDD /* PBXTargetDependency */ = {
			isa = PBXTargetDependency;
			target = AAEAC15F26EB81FD000D0DDD /* SportScanner */;
			targetProxy = AAEAC18526EB81FE000D0DDD /* PBXContainerItemProxy */;
		};
/* End PBXTargetDependency section */

/* Begin PBXVariantGroup section */
		AAEAC16926EB81FD000D0DDD /* Main.storyboard */ = {
			isa = PBXVariantGroup;
			children = (
				AAEAC16A26EB81FD000D0DDD /* Base */,
			);
			name = Main.storyboard;
			sourceTree = "<group>";
		};
		AAEAC17126EB81FE000D0DDD /* LaunchScreen.storyboard */ = {
			isa = PBXVariantGroup;
			children = (
				AAEAC17226EB81FE000D0DDD /* Base */,
			);
			name = LaunchScreen.storyboard;
			sourceTree = "<group>";
		};
/* End PBXVariantGroup section */

/* Begin XCBuildConfiguration section */
		AAEAC18B26EB81FE000D0DDD /* Debug */ = {
			isa = XCBuildConfiguration;
			buildSettings = {
				ALWAYS_SEARCH_USER_PATHS = NO;
				CLANG_ANALYZER_NONNULL = YES;
				CLANG_ANALYZER_NUMBER_OBJECT_CONVERSION = YES_AGGRESSIVE;
				CLANG_CXX_LANGUAGE_STANDARD = "gnu++14";
				CLANG_CXX_LIBRARY = "libc++";
				CLANG_ENABLE_MODULES = YES;
				CLANG_ENABLE_OBJC_ARC = YES;
				CLANG_ENABLE_OBJC_WEAK = YES;
				CLANG_WARN_BLOCK_CAPTURE_AUTORELEASING = YES;
				CLANG_WARN_BOOL_CONVERSION = YES;
				CLANG_WARN_COMMA = YES;
				CLANG_WARN_CONSTANT_CONVERSION = YES;
				CLANG_WARN_DEPRECATED_OBJC_IMPLEMENTATIONS = YES;
				CLANG_WARN_DIRECT_OBJC_ISA_USAGE = YES_ERROR;
				CLANG_WARN_DOCUMENTATION_COMMENTS = YES;
				CLANG_WARN_EMPTY_BODY = YES;
				CLANG_WARN_ENUM_CONVERSION = YES;
				CLANG_WARN_INFINITE_RECURSION = YES;
				CLANG_WARN_INT_CONVERSION = YES;
				CLANG_WARN_NON_LITERAL_NULL_CONVERSION = YES;
				CLANG_WARN_OBJC_IMPLICIT_RETAIN_SELF = YES;
				CLANG_WARN_OBJC_LITERAL_CONVERSION = YES;
				CLANG_WARN_OBJC_ROOT_CLASS = YES_ERROR;
				CLANG_WARN_QUOTED_INCLUDE_IN_FRAMEWORK_HEADER = YES;
				CLANG_WARN_RANGE_LOOP_ANALYSIS = YES;
				CLANG_WARN_STRICT_PROTOTYPES = YES;
				CLANG_WARN_SUSPICIOUS_MOVE = YES;
				CLANG_WARN_UNGUARDED_AVAILABILITY = YES_AGGRESSIVE;
				CLANG_WARN_UNREACHABLE_CODE = YES;
				CLANG_WARN__DUPLICATE_METHOD_MATCH = YES;
				COPY_PHASE_STRIP = NO;
				DEAD_CODE_STRIPPING = NO;
				DEBUG_INFORMATION_FORMAT = dwarf;
				ENABLE_STRICT_OBJC_MSGSEND = YES;
				ENABLE_TESTABILITY = YES;
				GCC_C_LANGUAGE_STANDARD = gnu11;
				GCC_DYNAMIC_NO_PIC = NO;
				GCC_NO_COMMON_BLOCKS = YES;
				GCC_OPTIMIZATION_LEVEL = 0;
				GCC_PREPROCESSOR_DEFINITIONS = (
					"DEBUG=1",
					"$(inherited)",
				);
				GCC_WARN_64_TO_32_BIT_CONVERSION = YES;
				GCC_WARN_ABOUT_RETURN_TYPE = YES_ERROR;
				GCC_WARN_UNDECLARED_SELECTOR = YES;
				GCC_WARN_UNINITIALIZED_AUTOS = YES_AGGRESSIVE;
				GCC_WARN_UNUSED_FUNCTION = YES;
				GCC_WARN_UNUSED_VARIABLE = YES;
				IPHONEOS_DEPLOYMENT_TARGET = 14.5;
				MTL_ENABLE_DEBUG_INFO = INCLUDE_SOURCE;
				MTL_FAST_MATH = YES;
				ONLY_ACTIVE_ARCH = YES;
				SDKROOT = iphoneos;
				SWIFT_ACTIVE_COMPILATION_CONDITIONS = DEBUG;
				SWIFT_OPTIMIZATION_LEVEL = "-Onone";
			};
			name = Debug;
		};
		AAEAC18C26EB81FE000D0DDD /* Release */ = {
			isa = XCBuildConfiguration;
			buildSettings = {
				ALWAYS_SEARCH_USER_PATHS = NO;
				CLANG_ANALYZER_NONNULL = YES;
				CLANG_ANALYZER_NUMBER_OBJECT_CONVERSION = YES_AGGRESSIVE;
				CLANG_CXX_LANGUAGE_STANDARD = "gnu++14";
				CLANG_CXX_LIBRARY = "libc++";
				CLANG_ENABLE_MODULES = YES;
				CLANG_ENABLE_OBJC_ARC = YES;
				CLANG_ENABLE_OBJC_WEAK = YES;
				CLANG_WARN_BLOCK_CAPTURE_AUTORELEASING = YES;
				CLANG_WARN_BOOL_CONVERSION = YES;
				CLANG_WARN_COMMA = YES;
				CLANG_WARN_CONSTANT_CONVERSION = YES;
				CLANG_WARN_DEPRECATED_OBJC_IMPLEMENTATIONS = YES;
				CLANG_WARN_DIRECT_OBJC_ISA_USAGE = YES_ERROR;
				CLANG_WARN_DOCUMENTATION_COMMENTS = YES;
				CLANG_WARN_EMPTY_BODY = YES;
				CLANG_WARN_ENUM_CONVERSION = YES;
				CLANG_WARN_INFINITE_RECURSION = YES;
				CLANG_WARN_INT_CONVERSION = YES;
				CLANG_WARN_NON_LITERAL_NULL_CONVERSION = YES;
				CLANG_WARN_OBJC_IMPLICIT_RETAIN_SELF = YES;
				CLANG_WARN_OBJC_LITERAL_CONVERSION = YES;
				CLANG_WARN_OBJC_ROOT_CLASS = YES_ERROR;
				CLANG_WARN_QUOTED_INCLUDE_IN_FRAMEWORK_HEADER = YES;
				CLANG_WARN_RANGE_LOOP_ANALYSIS = YES;
				CLANG_WARN_STRICT_PROTOTYPES = YES;
				CLANG_WARN_SUSPICIOUS_MOVE = YES;
				CLANG_WARN_UNGUARDED_AVAILABILITY = YES_AGGRESSIVE;
				CLANG_WARN_UNREACHABLE_CODE = YES;
				CLANG_WARN__DUPLICATE_METHOD_MATCH = YES;
				COPY_PHASE_STRIP = NO;
				DEAD_CODE_STRIPPING = NO;
				DEBUG_INFORMATION_FORMAT = "dwarf-with-dsym";
				ENABLE_NS_ASSERTIONS = NO;
				ENABLE_STRICT_OBJC_MSGSEND = YES;
				GCC_C_LANGUAGE_STANDARD = gnu11;
				GCC_NO_COMMON_BLOCKS = YES;
				GCC_WARN_64_TO_32_BIT_CONVERSION = YES;
				GCC_WARN_ABOUT_RETURN_TYPE = YES_ERROR;
				GCC_WARN_UNDECLARED_SELECTOR = YES;
				GCC_WARN_UNINITIALIZED_AUTOS = YES_AGGRESSIVE;
				GCC_WARN_UNUSED_FUNCTION = YES;
				GCC_WARN_UNUSED_VARIABLE = YES;
				IPHONEOS_DEPLOYMENT_TARGET = 14.5;
				MTL_ENABLE_DEBUG_INFO = NO;
				MTL_FAST_MATH = YES;
				ONLY_ACTIVE_ARCH = YES;
				SDKROOT = iphoneos;
				SWIFT_COMPILATION_MODE = wholemodule;
				SWIFT_OPTIMIZATION_LEVEL = "-O";
				VALIDATE_PRODUCT = YES;
			};
			name = Release;
		};
		AAEAC18E26EB81FE000D0DDD /* Debug */ = {
			isa = XCBuildConfiguration;
			baseConfigurationReference = 1ECCBB57E697111D15B84A1B /* Pods-SportScanner.debug.xcconfig */;
			buildSettings = {
				ASSETCATALOG_COMPILER_APPICON_NAME = AppIcon;
				ASSETCATALOG_COMPILER_GLOBAL_ACCENT_COLOR_NAME = AccentColor;
				CODE_SIGN_STYLE = Automatic;
				DEVELOPMENT_TEAM = XF2NZKFGT9;
				INFOPLIST_FILE = SportScanner/Resources/Info.plist;
				LD_RUNPATH_SEARCH_PATHS = (
					"$(inherited)",
					"@executable_path/Frameworks",
				);
				PRODUCT_BUNDLE_IDENTIFIER = Demo.SportScanner;
				PRODUCT_NAME = "$(TARGET_NAME)";
				SWIFT_VERSION = 5.0;
				TARGETED_DEVICE_FAMILY = "1,2";
			};
			name = Debug;
		};
		AAEAC18F26EB81FE000D0DDD /* Release */ = {
			isa = XCBuildConfiguration;
			baseConfigurationReference = B891FB27C807E64D88082DF3 /* Pods-SportScanner.release.xcconfig */;
			buildSettings = {
				ASSETCATALOG_COMPILER_APPICON_NAME = AppIcon;
				ASSETCATALOG_COMPILER_GLOBAL_ACCENT_COLOR_NAME = AccentColor;
				CODE_SIGN_STYLE = Automatic;
				DEVELOPMENT_TEAM = XF2NZKFGT9;
				INFOPLIST_FILE = SportScanner/Resources/Info.plist;
				LD_RUNPATH_SEARCH_PATHS = (
					"$(inherited)",
					"@executable_path/Frameworks",
				);
				PRODUCT_BUNDLE_IDENTIFIER = Demo.SportScanner;
				PRODUCT_NAME = "$(TARGET_NAME)";
				SWIFT_VERSION = 5.0;
				TARGETED_DEVICE_FAMILY = "1,2";
			};
			name = Release;
		};
		AAEAC19126EB81FE000D0DDD /* Debug */ = {
			isa = XCBuildConfiguration;
			buildSettings = {
				ALWAYS_EMBED_SWIFT_STANDARD_LIBRARIES = YES;
				BUNDLE_LOADER = "$(TEST_HOST)";
				CODE_SIGN_STYLE = Automatic;
				DEVELOPMENT_TEAM = XF2NZKFGT9;
				INFOPLIST_FILE = SportScannerTests/Info.plist;
				IPHONEOS_DEPLOYMENT_TARGET = 14.5;
				LD_RUNPATH_SEARCH_PATHS = (
					"$(inherited)",
					"@executable_path/Frameworks",
					"@loader_path/Frameworks",
				);
				PRODUCT_BUNDLE_IDENTIFIER = Demo.SportScannerTests;
				PRODUCT_NAME = "$(TARGET_NAME)";
				SWIFT_VERSION = 5.0;
				TARGETED_DEVICE_FAMILY = "1,2";
				TEST_HOST = "$(BUILT_PRODUCTS_DIR)/SportScanner.app/SportScanner";
			};
			name = Debug;
		};
		AAEAC19226EB81FE000D0DDD /* Release */ = {
			isa = XCBuildConfiguration;
			buildSettings = {
				ALWAYS_EMBED_SWIFT_STANDARD_LIBRARIES = YES;
				BUNDLE_LOADER = "$(TEST_HOST)";
				CODE_SIGN_STYLE = Automatic;
				DEVELOPMENT_TEAM = XF2NZKFGT9;
				INFOPLIST_FILE = SportScannerTests/Info.plist;
				IPHONEOS_DEPLOYMENT_TARGET = 14.5;
				LD_RUNPATH_SEARCH_PATHS = (
					"$(inherited)",
					"@executable_path/Frameworks",
					"@loader_path/Frameworks",
				);
				PRODUCT_BUNDLE_IDENTIFIER = Demo.SportScannerTests;
				PRODUCT_NAME = "$(TARGET_NAME)";
				SWIFT_VERSION = 5.0;
				TARGETED_DEVICE_FAMILY = "1,2";
				TEST_HOST = "$(BUILT_PRODUCTS_DIR)/SportScanner.app/SportScanner";
			};
			name = Release;
		};
		AAEAC19426EB81FE000D0DDD /* Debug */ = {
			isa = XCBuildConfiguration;
			buildSettings = {
				ALWAYS_EMBED_SWIFT_STANDARD_LIBRARIES = YES;
				CODE_SIGN_STYLE = Automatic;
				DEVELOPMENT_TEAM = XF2NZKFGT9;
				INFOPLIST_FILE = SportScannerUITests/Info.plist;
				LD_RUNPATH_SEARCH_PATHS = (
					"$(inherited)",
					"@executable_path/Frameworks",
					"@loader_path/Frameworks",
				);
				PRODUCT_BUNDLE_IDENTIFIER = Demo.SportScannerUITests;
				PRODUCT_NAME = "$(TARGET_NAME)";
				SWIFT_VERSION = 5.0;
				TARGETED_DEVICE_FAMILY = "1,2";
				TEST_TARGET_NAME = SportScanner;
			};
			name = Debug;
		};
		AAEAC19526EB81FE000D0DDD /* Release */ = {
			isa = XCBuildConfiguration;
			buildSettings = {
				ALWAYS_EMBED_SWIFT_STANDARD_LIBRARIES = YES;
				CODE_SIGN_STYLE = Automatic;
				DEVELOPMENT_TEAM = XF2NZKFGT9;
				INFOPLIST_FILE = SportScannerUITests/Info.plist;
				LD_RUNPATH_SEARCH_PATHS = (
					"$(inherited)",
					"@executable_path/Frameworks",
					"@loader_path/Frameworks",
				);
				PRODUCT_BUNDLE_IDENTIFIER = Demo.SportScannerUITests;
				PRODUCT_NAME = "$(TARGET_NAME)";
				SWIFT_VERSION = 5.0;
				TARGETED_DEVICE_FAMILY = "1,2";
				TEST_TARGET_NAME = SportScanner;
			};
			name = Release;
		};
/* End XCBuildConfiguration section */

/* Begin XCConfigurationList section */
		AAEAC15B26EB81FD000D0DDD /* Build configuration list for PBXProject "SportScanner" */ = {
			isa = XCConfigurationList;
			buildConfigurations = (
				AAEAC18B26EB81FE000D0DDD /* Debug */,
				AAEAC18C26EB81FE000D0DDD /* Release */,
			);
			defaultConfigurationIsVisible = 0;
			defaultConfigurationName = Release;
		};
		AAEAC18D26EB81FE000D0DDD /* Build configuration list for PBXNativeTarget "SportScanner" */ = {
			isa = XCConfigurationList;
			buildConfigurations = (
				AAEAC18E26EB81FE000D0DDD /* Debug */,
				AAEAC18F26EB81FE000D0DDD /* Release */,
			);
			defaultConfigurationIsVisible = 0;
			defaultConfigurationName = Release;
		};
		AAEAC19026EB81FE000D0DDD /* Build configuration list for PBXNativeTarget "SportScannerTests" */ = {
			isa = XCConfigurationList;
			buildConfigurations = (
				AAEAC19126EB81FE000D0DDD /* Debug */,
				AAEAC19226EB81FE000D0DDD /* Release */,
			);
			defaultConfigurationIsVisible = 0;
			defaultConfigurationName = Release;
		};
		AAEAC19326EB81FE000D0DDD /* Build configuration list for PBXNativeTarget "SportScannerUITests" */ = {
			isa = XCConfigurationList;
			buildConfigurations = (
				AAEAC19426EB81FE000D0DDD /* Debug */,
				AAEAC19526EB81FE000D0DDD /* Release */,
			);
			defaultConfigurationIsVisible = 0;
			defaultConfigurationName = Release;
		};
/* End XCConfigurationList section */

/* Begin XCVersionGroup section */
		AAEAC16C26EB81FD000D0DDD /* SportScanner.xcdatamodeld */ = {
			isa = XCVersionGroup;
			children = (
				AAEAC16D26EB81FD000D0DDD /* SportScanner.xcdatamodel */,
			);
			currentVersion = AAEAC16D26EB81FD000D0DDD /* SportScanner.xcdatamodel */;
			path = SportScanner.xcdatamodeld;
			sourceTree = "<group>";
			versionGroupType = wrapper.xcdatamodel;
		};
/* End XCVersionGroup section */
	};
	rootObject = AAEAC15826EB81FD000D0DDD /* Project object */;
}
