// !$*UTF8*$!
{
	archiveVersion = 1;
	classes = {
	};
	objectVersion = 51;
	objects = {

/* Begin PBXBuildFile section */
		AAEAC16426EB81FD000D0DDD /* AppDelegate.swift in Sources */ = {isa = PBXBuildFile; fileRef = AAEAC16326EB81FD000D0DDD /* AppDelegate.swift */; };
		AAEAC16E26EB81FD000D0DDD /* SportScanner.xcdatamodeld in Sources */ = {isa = PBXBuildFile; fileRef = AAEAC16C26EB81FD000D0DDD /* SportScanner.xcdatamodeld */; };
		AAEAC17026EB81FE000D0DDD /* Assets.xcassets in Resources */ = {isa = PBXBuildFile; fileRef = AAEAC16F26EB81FE000D0DDD /* Assets.xcassets */; };
		AAEAC17326EB81FE000D0DDD /* LaunchScreen.storyboard in Resources */ = {isa = PBXBuildFile; fileRef = AAEAC17126EB81FE000D0DDD /* LaunchScreen.storyboard */; };
		AAEAC17E26EB81FE000D0DDD /* SportScannerTests.swift in Sources */ = {isa = PBXBuildFile; fileRef = AAEAC17D26EB81FE000D0DDD /* SportScannerTests.swift */; };
		AAEAC18926EB81FE000D0DDD /* SportScannerUITests.swift in Sources */ = {isa = PBXBuildFile; fileRef = AAEAC18826EB81FE000D0DDD /* SportScannerUITests.swift */; };
		D783A6FB8467CCAE4F5BCDCC /* Pods_SportScanner.framework in Frameworks */ = {isa = PBXBuildFile; fileRef = ED7084E8C8EE8084149873FA /* Pods_SportScanner.framework */; };
		DA44E36526ED95BB00775D74 /* BaseNavigationController.swift in Sources */ = {isa = PBXBuildFile; fileRef = DA44E36426ED95BB00775D74 /* BaseNavigationController.swift */; };
		DA44E36926ED998A00775D74 /* MimeViewController.swift in Sources */ = {isa = PBXBuildFile; fileRef = DA44E36826ED998A00775D74 /* MimeViewController.swift */; };
		DA44E36B26ED999A00775D74 /* MineViewModel.swift in Sources */ = {isa = PBXBuildFile; fileRef = DA44E36A26ED999A00775D74 /* MineViewModel.swift */; };
		DA44E36F26ED9CBA00775D74 /* HFSHomeGuideView.swift in Sources */ = {isa = PBXBuildFile; fileRef = DA44E36E26ED9CBA00775D74 /* HFSHomeGuideView.swift */; };
		DA44E37426EDA33C00775D74 /* HFSBrowserViewController.swift in Sources */ = {isa = PBXBuildFile; fileRef = DA44E37326EDA33C00775D74 /* HFSBrowserViewController.swift */; };
		DA44E37626EDA34D00775D74 /* HFSBrowserViewModel.swift in Sources */ = {isa = PBXBuildFile; fileRef = DA44E37526EDA34D00775D74 /* HFSBrowserViewModel.swift */; };
		DA44E37B26EDB21700775D74 /* HFSGoalSettingFlowCoodinator.swift in Sources */ = {isa = PBXBuildFile; fileRef = DA44E37A26EDB21700775D74 /* HFSGoalSettingFlowCoodinator.swift */; };
		DA44E37D26EDB25200775D74 /* HFSGoalSettingViewModel.swift in Sources */ = {isa = PBXBuildFile; fileRef = DA44E37C26EDB25200775D74 /* HFSGoalSettingViewModel.swift */; };
		DA44E38226EDB3A200775D74 /* Observable.swift in Sources */ = {isa = PBXBuildFile; fileRef = DA44E38126EDB3A200775D74 /* Observable.swift */; };
		DA44E38426EDB3D700775D74 /* LoadingView.swift in Sources */ = {isa = PBXBuildFile; fileRef = DA44E38326EDB3D700775D74 /* LoadingView.swift */; };
		DA44E38626EDB4D800775D74 /* HFSGoalSettingViewController.swift in Sources */ = {isa = PBXBuildFile; fileRef = DA44E38526EDB4D800775D74 /* HFSGoalSettingViewController.swift */; };
		DA44E38826EDE00000775D74 /* HFSGoalSettingWeightPopView.swift in Sources */ = {isa = PBXBuildFile; fileRef = DA44E38726EDE00000775D74 /* HFSGoalSettingWeightPopView.swift */; };
		DA44E38F26EE4F7E00775D74 /* HFSGoalSettingFirstScheduleView.swift in Sources */ = {isa = PBXBuildFile; fileRef = DA44E38E26EE4F7E00775D74 /* HFSGoalSettingFirstScheduleView.swift */; };
		DA44E39126EE51BF00775D74 /* Gradients.swift in Sources */ = {isa = PBXBuildFile; fileRef = DA44E39026EE51BF00775D74 /* Gradients.swift */; };
		DA44E39326EE51FF00775D74 /* Gradients+Layer.swift in Sources */ = {isa = PBXBuildFile; fileRef = DA44E39226EE51FF00775D74 /* Gradients+Layer.swift */; };
		DA44E39526EE524500775D74 /* Gradients+Name.swift in Sources */ = {isa = PBXBuildFile; fileRef = DA44E39426EE524500775D74 /* Gradients+Name.swift */; };
		DA44E39826EE527200775D74 /* Gradients+Direction.swift in Sources */ = {isa = PBXBuildFile; fileRef = DA44E39726EE527200775D74 /* Gradients+Direction.swift */; };
		DA44E3A226EE53E600775D74 /* HFSColor.m in Sources */ = {isa = PBXBuildFile; fileRef = DA44E39B26EE53E600775D74 /* HFSColor.m */; };
		DA44E3A326EE53E600775D74 /* HFSFont.m in Sources */ = {isa = PBXBuildFile; fileRef = DA44E39E26EE53E600775D74 /* HFSFont.m */; };
		DA44E3B226EE562100775D74 /* InfoPlist.strings in Resources */ = {isa = PBXBuildFile; fileRef = DA44E3B426EE562100775D74 /* InfoPlist.strings */; };
		DA44E3B626EE56C000775D74 /* Localizable.strings in Resources */ = {isa = PBXBuildFile; fileRef = DA44E3B826EE56C000775D74 /* Localizable.strings */; };
		DACD14AD26EC383500E6EAB7 /* GoogleService-Info.plist in Resources */ = {isa = PBXBuildFile; fileRef = DACD14AC26EC383500E6EAB7 /* GoogleService-Info.plist */; };
		DACD14F626EC4E9A00E6EAB7 /* AppConfiguration.swift in Sources */ = {isa = PBXBuildFile; fileRef = DACD14F526EC4E9A00E6EAB7 /* AppConfiguration.swift */; };
		DACD14F926EC4EC000E6EAB7 /* AppDIContainer.swift in Sources */ = {isa = PBXBuildFile; fileRef = DACD14F826EC4EC000E6EAB7 /* AppDIContainer.swift */; };
		DACD14FB26EC50B500E6EAB7 /* AppFlowCoordinator.swift in Sources */ = {isa = PBXBuildFile; fileRef = DACD14FA26EC50B500E6EAB7 /* AppFlowCoordinator.swift */; };
		DACD14FD26EC51E000E6EAB7 /* AppAppearance.swift in Sources */ = {isa = PBXBuildFile; fileRef = DACD14FC26EC51E000E6EAB7 /* AppAppearance.swift */; };
		DAF4564A26EC9E3F00A68D19 /* URLNavigationMap.swift in Sources */ = {isa = PBXBuildFile; fileRef = DAF4564926EC9E3F00A68D19 /* URLNavigationMap.swift */; };
		DAF4564C26ECA23E00A68D19 /* HFSRouter.swift in Sources */ = {isa = PBXBuildFile; fileRef = DAF4564B26ECA23D00A68D19 /* HFSRouter.swift */; };
		DAF4564E26ECA91800A68D19 /* CompositionRoot.swift in Sources */ = {isa = PBXBuildFile; fileRef = DAF4564D26ECA91800A68D19 /* CompositionRoot.swift */; };
		DAF4565026ECD9B300A68D19 /* HomeSceneDIContainer.swift in Sources */ = {isa = PBXBuildFile; fileRef = DAF4564F26ECD9B300A68D19 /* HomeSceneDIContainer.swift */; };
		DAF4565226ECEE3300A68D19 /* HFSHomeViewController.swift in Sources */ = {isa = PBXBuildFile; fileRef = DAF4565126ECEE3300A68D19 /* HFSHomeViewController.swift */; };
		DAF4565426ECF18800A68D19 /* HFSHomeFlowCoordinator.swift in Sources */ = {isa = PBXBuildFile; fileRef = DAF4565326ECF18800A68D19 /* HFSHomeFlowCoordinator.swift */; };
		DAF4565826ECF32300A68D19 /* HFSHomeViewModelActions.swift in Sources */ = {isa = PBXBuildFile; fileRef = DAF4565726ECF32300A68D19 /* HFSHomeViewModelActions.swift */; };
		DAF4565B26ECF5C900A68D19 /* StoryboardInstantiable.swift in Sources */ = {isa = PBXBuildFile; fileRef = DAF4565A26ECF5C900A68D19 /* StoryboardInstantiable.swift */; };
		DAF4565D26ECF64500A68D19 /* HFSHomeViewModel.swift in Sources */ = {isa = PBXBuildFile; fileRef = DAF4565C26ECF64500A68D19 /* HFSHomeViewModel.swift */; };
		DAF4565F26ECFC3000A68D19 /* HFSHomeViewController.storyboard in Resources */ = {isa = PBXBuildFile; fileRef = DAF4565E26ECFC3000A68D19 /* HFSHomeViewController.storyboard */; };
		DAFDA10826EBAC82009ADDAE /* HFSAppCommon.swift in Sources */ = {isa = PBXBuildFile; fileRef = DAFDA0FF26EBAC81009ADDAE /* HFSAppCommon.swift */; };
		DAFDA11D26EBACAC009ADDAE /* CGRectExtension.swift in Sources */ = {isa = PBXBuildFile; fileRef = DAFDA10A26EBACAC009ADDAE /* CGRectExtension.swift */; };
		DAFDA11E26EBACAC009ADDAE /* CGSize+Extension.swift in Sources */ = {isa = PBXBuildFile; fileRef = DAFDA10B26EBACAC009ADDAE /* CGSize+Extension.swift */; };
		DAFDA11F26EBACAC009ADDAE /* CAGradientLayerExtensions.swift in Sources */ = {isa = PBXBuildFile; fileRef = DAFDA10D26EBACAC009ADDAE /* CAGradientLayerExtensions.swift */; };
		DAFDA12026EBACAC009ADDAE /* UIButtonExtension.swift in Sources */ = {isa = PBXBuildFile; fileRef = DAFDA10F26EBACAC009ADDAE /* UIButtonExtension.swift */; };
		DAFDA12126EBACAC009ADDAE /* UIColor+Extension.swift in Sources */ = {isa = PBXBuildFile; fileRef = DAFDA11026EBACAC009ADDAE /* UIColor+Extension.swift */; };
		DAFDA12226EBACAC009ADDAE /* CGImage+Accelerate.swift in Sources */ = {isa = PBXBuildFile; fileRef = DAFDA11126EBACAC009ADDAE /* CGImage+Accelerate.swift */; };
		DAFDA12326EBACAD009ADDAE /* CGContext+CGImage.swift in Sources */ = {isa = PBXBuildFile; fileRef = DAFDA11226EBACAC009ADDAE /* CGContext+CGImage.swift */; };
		DAFDA12426EBACAD009ADDAE /* UILabelExtension.swift in Sources */ = {isa = PBXBuildFile; fileRef = DAFDA11326EBACAC009ADDAE /* UILabelExtension.swift */; };
		DAFDA12526EBACAD009ADDAE /* CustomBlurView.swift in Sources */ = {isa = PBXBuildFile; fileRef = DAFDA11426EBACAC009ADDAE /* CustomBlurView.swift */; };
		DAFDA12626EBACAD009ADDAE /* CaptureQuality.swift in Sources */ = {isa = PBXBuildFile; fileRef = DAFDA11526EBACAC009ADDAE /* CaptureQuality.swift */; };
		DAFDA12726EBACAD009ADDAE /* CGRect+Conversion.swift in Sources */ = {isa = PBXBuildFile; fileRef = DAFDA11626EBACAC009ADDAE /* CGRect+Conversion.swift */; };
		DAFDA12826EBACAD009ADDAE /* TrackingMode.swift in Sources */ = {isa = PBXBuildFile; fileRef = DAFDA11726EBACAC009ADDAE /* TrackingMode.swift */; };
		DAFDA12926EBACAD009ADDAE /* UIImage+Blur.swift in Sources */ = {isa = PBXBuildFile; fileRef = DAFDA11826EBACAC009ADDAE /* UIImage+Blur.swift */; };
		DAFDA12A26EBACAD009ADDAE /* BlurLayer.swift in Sources */ = {isa = PBXBuildFile; fileRef = DAFDA11926EBACAC009ADDAE /* BlurLayer.swift */; };
		DAFDA12B26EBACAD009ADDAE /* CALayer+Conversion.swift in Sources */ = {isa = PBXBuildFile; fileRef = DAFDA11A26EBACAC009ADDAE /* CALayer+Conversion.swift */; };
		DAFDA12C26EBACAD009ADDAE /* UINavgationControllerExtension.swift in Sources */ = {isa = PBXBuildFile; fileRef = DAFDA11B26EBACAC009ADDAE /* UINavgationControllerExtension.swift */; };
		DAFDA12D26EBACAD009ADDAE /* DynamicBlurView.swift in Sources */ = {isa = PBXBuildFile; fileRef = DAFDA11C26EBACAC009ADDAE /* DynamicBlurView.swift */; };
		DAFDA16A26EBADB6009ADDAE /* JJFloatingActionButton+Animation.swift in Sources */ = {isa = PBXBuildFile; fileRef = DAFDA12F26EBADB6009ADDAE /* JJFloatingActionButton+Animation.swift */; };
		DAFDA16B26EBADB6009ADDAE /* UIView+JJFloatingActionButton.swift in Sources */ = {isa = PBXBuildFile; fileRef = DAFDA13026EBADB6009ADDAE /* UIView+JJFloatingActionButton.swift */; };
		DAFDA16C26EBADB6009ADDAE /* JJFloatingActionButtonDelegate.swift in Sources */ = {isa = PBXBuildFile; fileRef = DAFDA13126EBADB6009ADDAE /* JJFloatingActionButtonDelegate.swift */; };
		DAFDA16D26EBADB6009ADDAE /* Styles.swift in Sources */ = {isa = PBXBuildFile; fileRef = DAFDA13226EBADB6009ADDAE /* Styles.swift */; };
		DAFDA16E26EBADB6009ADDAE /* AnimationConfiguration.swift in Sources */ = {isa = PBXBuildFile; fileRef = DAFDA13326EBADB6009ADDAE /* AnimationConfiguration.swift */; };
		DAFDA16F26EBADB6009ADDAE /* JJActionItem.swift in Sources */ = {isa = PBXBuildFile; fileRef = DAFDA13426EBADB6009ADDAE /* JJActionItem.swift */; };
		DAFDA17026EBADB6009ADDAE /* JJFloatingActionButtonState.swift in Sources */ = {isa = PBXBuildFile; fileRef = DAFDA13526EBADB6009ADDAE /* JJFloatingActionButtonState.swift */; };
		DAFDA17126EBADB6009ADDAE /* JJActionItemTitlePosition.swift in Sources */ = {isa = PBXBuildFile; fileRef = DAFDA13626EBADB6009ADDAE /* JJActionItemTitlePosition.swift */; };
		DAFDA17226EBADB6009ADDAE /* UIColor+JJFloatingActionButton.swift in Sources */ = {isa = PBXBuildFile; fileRef = DAFDA13726EBADB6009ADDAE /* UIColor+JJFloatingActionButton.swift */; };
		DAFDA17326EBADB6009ADDAE /* JJFloatingActionButton+Placement.swift in Sources */ = {isa = PBXBuildFile; fileRef = DAFDA13826EBADB6009ADDAE /* JJFloatingActionButton+Placement.swift */; };
		DAFDA17426EBADB6009ADDAE /* LayerProperties.swift in Sources */ = {isa = PBXBuildFile; fileRef = DAFDA13926EBADB6009ADDAE /* LayerProperties.swift */; };
		DAFDA17526EBADB6009ADDAE /* JJFloatingActionButton.swift in Sources */ = {isa = PBXBuildFile; fileRef = DAFDA13A26EBADB6009ADDAE /* JJFloatingActionButton.swift */; };
		DAFDA17626EBADB6009ADDAE /* JJCircleView.swift in Sources */ = {isa = PBXBuildFile; fileRef = DAFDA13B26EBADB6009ADDAE /* JJCircleView.swift */; };
		DAFDA17926EBADB6009ADDAE /* UIDevice+Extension.swift in Sources */ = {isa = PBXBuildFile; fileRef = DAFDA14026EBADB6009ADDAE /* UIDevice+Extension.swift */; };
		DAFDA17A26EBADB6009ADDAE /* Shock.swift in Sources */ = {isa = PBXBuildFile; fileRef = DAFDA14126EBADB6009ADDAE /* Shock.swift */; };
		DAFDA17B26EBADB6009ADDAE /* ShockFeedbackEngine.swift in Sources */ = {isa = PBXBuildFile; fileRef = DAFDA14226EBADB6009ADDAE /* ShockFeedbackEngine.swift */; };
		DAFDA17C26EBADB6009ADDAE /* ShockPatternEngine.swift in Sources */ = {isa = PBXBuildFile; fileRef = DAFDA14326EBADB6009ADDAE /* ShockPatternEngine.swift */; };
		DAFDA17D26EBADB6009ADDAE /* TapticEngine.swift in Sources */ = {isa = PBXBuildFile; fileRef = DAFDA14426EBADB6009ADDAE /* TapticEngine.swift */; };
		DAFDA17E26EBADB6009ADDAE /* UIButton+Shock.swift in Sources */ = {isa = PBXBuildFile; fileRef = DAFDA14526EBADB6009ADDAE /* UIButton+Shock.swift */; };
		DAFDA17F26EBADB6009ADDAE /* ShockPattern.swift in Sources */ = {isa = PBXBuildFile; fileRef = DAFDA14626EBADB6009ADDAE /* ShockPattern.swift */; };
		DAFDA19926EBADB6009ADDAE /* HFSNiblessView.swift in Sources */ = {isa = PBXBuildFile; fileRef = DAFDA16726EBADB6009ADDAE /* HFSNiblessView.swift */; };
		DAFDA19A26EBADB6009ADDAE /* HFSNiblessViewController.swift in Sources */ = {isa = PBXBuildFile; fileRef = DAFDA16826EBADB6009ADDAE /* HFSNiblessViewController.swift */; };
		DAFDA19B26EBADB6009ADDAE /* HFSNiblessTableViewCell.swift in Sources */ = {isa = PBXBuildFile; fileRef = DAFDA16926EBADB6009ADDAE /* HFSNiblessTableViewCell.swift */; };
		DAFDA1A526EBADDD009ADDAE /* BottomPopupUtils.swift in Sources */ = {isa = PBXBuildFile; fileRef = DAFDA19D26EBADDD009ADDAE /* BottomPopupUtils.swift */; };
		DAFDA1A626EBADDD009ADDAE /* BottomPopupViewController.swift in Sources */ = {isa = PBXBuildFile; fileRef = DAFDA19E26EBADDD009ADDAE /* BottomPopupViewController.swift */; };
		DAFDA1A726EBADDD009ADDAE /* BottomPopupDismissInteractionController.swift in Sources */ = {isa = PBXBuildFile; fileRef = DAFDA19F26EBADDD009ADDAE /* BottomPopupDismissInteractionController.swift */; };
		DAFDA1A826EBADDD009ADDAE /* BottomPopupNavigationController.swift in Sources */ = {isa = PBXBuildFile; fileRef = DAFDA1A026EBADDD009ADDAE /* BottomPopupNavigationController.swift */; };
		DAFDA1A926EBADDD009ADDAE /* BottomPopupDismissAnimator.swift in Sources */ = {isa = PBXBuildFile; fileRef = DAFDA1A126EBADDD009ADDAE /* BottomPopupDismissAnimator.swift */; };
		DAFDA1AA26EBADDD009ADDAE /* BottomPopupPresentAnimator.swift in Sources */ = {isa = PBXBuildFile; fileRef = DAFDA1A226EBADDD009ADDAE /* BottomPopupPresentAnimator.swift */; };
		DAFDA1AB26EBADDD009ADDAE /* BottomPopupTransitionHandler.swift in Sources */ = {isa = PBXBuildFile; fileRef = DAFDA1A326EBADDD009ADDAE /* BottomPopupTransitionHandler.swift */; };
		DAFDA1AC26EBADDD009ADDAE /* BottomPopupPresentationController.swift in Sources */ = {isa = PBXBuildFile; fileRef = DAFDA1A426EBADDD009ADDAE /* BottomPopupPresentationController.swift */; };
/* End PBXBuildFile section */

/* Begin PBXContainerItemProxy section */
		AAEAC17A26EB81FE000D0DDD /* PBXContainerItemProxy */ = {
			isa = PBXContainerItemProxy;
			containerPortal = AAEAC15826EB81FD000D0DDD /* Project object */;
			proxyType = 1;
			remoteGlobalIDString = AAEAC15F26EB81FD000D0DDD;
			remoteInfo = SportScanner;
		};
		AAEAC18526EB81FE000D0DDD /* PBXContainerItemProxy */ = {
			isa = PBXContainerItemProxy;
			containerPortal = AAEAC15826EB81FD000D0DDD /* Project object */;
			proxyType = 1;
			remoteGlobalIDString = AAEAC15F26EB81FD000D0DDD;
			remoteInfo = SportScanner;
		};
/* End PBXContainerItemProxy section */

/* Begin PBXFileReference section */
		1ECCBB57E697111D15B84A1B /* Pods-SportScanner.debug.xcconfig */ = {isa = PBXFileReference; includeInIndex = 1; lastKnownFileType = text.xcconfig; name = "Pods-SportScanner.debug.xcconfig"; path = "Target Support Files/Pods-SportScanner/Pods-SportScanner.debug.xcconfig"; sourceTree = "<group>"; };
		53ACE0FC44A1AAE433DADD1C /* Pods-SportScannerTests.debug.xcconfig */ = {isa = PBXFileReference; includeInIndex = 1; lastKnownFileType = text.xcconfig; name = "Pods-SportScannerTests.debug.xcconfig"; path = "Target Support Files/Pods-SportScannerTests/Pods-SportScannerTests.debug.xcconfig"; sourceTree = "<group>"; };
		AAEAC16026EB81FD000D0DDD /* SportScanner.app */ = {isa = PBXFileReference; explicitFileType = wrapper.application; includeInIndex = 0; path = SportScanner.app; sourceTree = BUILT_PRODUCTS_DIR; };
		AAEAC16326EB81FD000D0DDD /* AppDelegate.swift */ = {isa = PBXFileReference; lastKnownFileType = sourcecode.swift; path = AppDelegate.swift; sourceTree = "<group>"; };
		AAEAC16D26EB81FD000D0DDD /* SportScanner.xcdatamodel */ = {isa = PBXFileReference; lastKnownFileType = wrapper.xcdatamodel; path = SportScanner.xcdatamodel; sourceTree = "<group>"; };
		AAEAC16F26EB81FE000D0DDD /* Assets.xcassets */ = {isa = PBXFileReference; lastKnownFileType = folder.assetcatalog; path = Assets.xcassets; sourceTree = "<group>"; };
		AAEAC17226EB81FE000D0DDD /* Base */ = {isa = PBXFileReference; lastKnownFileType = file.storyboard; name = Base; path = Base.lproj/LaunchScreen.storyboard; sourceTree = "<group>"; };
		AAEAC17426EB81FE000D0DDD /* Info.plist */ = {isa = PBXFileReference; lastKnownFileType = text.plist.xml; path = Info.plist; sourceTree = "<group>"; };
		AAEAC17926EB81FE000D0DDD /* SportScannerTests.xctest */ = {isa = PBXFileReference; explicitFileType = wrapper.cfbundle; includeInIndex = 0; path = SportScannerTests.xctest; sourceTree = BUILT_PRODUCTS_DIR; };
		AAEAC17D26EB81FE000D0DDD /* SportScannerTests.swift */ = {isa = PBXFileReference; lastKnownFileType = sourcecode.swift; path = SportScannerTests.swift; sourceTree = "<group>"; };
		AAEAC17F26EB81FE000D0DDD /* Info.plist */ = {isa = PBXFileReference; lastKnownFileType = text.plist.xml; path = Info.plist; sourceTree = "<group>"; };
		AAEAC18426EB81FE000D0DDD /* SportScannerUITests.xctest */ = {isa = PBXFileReference; explicitFileType = wrapper.cfbundle; includeInIndex = 0; path = SportScannerUITests.xctest; sourceTree = BUILT_PRODUCTS_DIR; };
		AAEAC18826EB81FE000D0DDD /* SportScannerUITests.swift */ = {isa = PBXFileReference; lastKnownFileType = sourcecode.swift; path = SportScannerUITests.swift; sourceTree = "<group>"; };
		AAEAC18A26EB81FE000D0DDD /* Info.plist */ = {isa = PBXFileReference; lastKnownFileType = text.plist.xml; path = Info.plist; sourceTree = "<group>"; };
		B891FB27C807E64D88082DF3 /* Pods-SportScanner.release.xcconfig */ = {isa = PBXFileReference; includeInIndex = 1; lastKnownFileType = text.xcconfig; name = "Pods-SportScanner.release.xcconfig"; path = "Target Support Files/Pods-SportScanner/Pods-SportScanner.release.xcconfig"; sourceTree = "<group>"; };
		BDD204C87CECD47B4B90D759 /* Pods-SportScannerTests.release.xcconfig */ = {isa = PBXFileReference; includeInIndex = 1; lastKnownFileType = text.xcconfig; name = "Pods-SportScannerTests.release.xcconfig"; path = "Target Support Files/Pods-SportScannerTests/Pods-SportScannerTests.release.xcconfig"; sourceTree = "<group>"; };
		DA44E36426ED95BB00775D74 /* BaseNavigationController.swift */ = {isa = PBXFileReference; lastKnownFileType = sourcecode.swift; path = BaseNavigationController.swift; sourceTree = "<group>"; };
		DA44E36826ED998A00775D74 /* MimeViewController.swift */ = {isa = PBXFileReference; lastKnownFileType = sourcecode.swift; path = MimeViewController.swift; sourceTree = "<group>"; };
		DA44E36A26ED999A00775D74 /* MineViewModel.swift */ = {isa = PBXFileReference; lastKnownFileType = sourcecode.swift; path = MineViewModel.swift; sourceTree = "<group>"; };
		DA44E36E26ED9CBA00775D74 /* HFSHomeGuideView.swift */ = {isa = PBXFileReference; lastKnownFileType = sourcecode.swift; path = HFSHomeGuideView.swift; sourceTree = "<group>"; };
		DA44E37326EDA33C00775D74 /* HFSBrowserViewController.swift */ = {isa = PBXFileReference; lastKnownFileType = sourcecode.swift; path = HFSBrowserViewController.swift; sourceTree = "<group>"; };
		DA44E37526EDA34D00775D74 /* HFSBrowserViewModel.swift */ = {isa = PBXFileReference; lastKnownFileType = sourcecode.swift; path = HFSBrowserViewModel.swift; sourceTree = "<group>"; };
		DA44E37A26EDB21700775D74 /* HFSGoalSettingFlowCoodinator.swift */ = {isa = PBXFileReference; lastKnownFileType = sourcecode.swift; path = HFSGoalSettingFlowCoodinator.swift; sourceTree = "<group>"; };
		DA44E37C26EDB25200775D74 /* HFSGoalSettingViewModel.swift */ = {isa = PBXFileReference; lastKnownFileType = sourcecode.swift; path = HFSGoalSettingViewModel.swift; sourceTree = "<group>"; };
		DA44E38126EDB3A200775D74 /* Observable.swift */ = {isa = PBXFileReference; lastKnownFileType = sourcecode.swift; path = Observable.swift; sourceTree = "<group>"; };
		DA44E38326EDB3D700775D74 /* LoadingView.swift */ = {isa = PBXFileReference; lastKnownFileType = sourcecode.swift; path = LoadingView.swift; sourceTree = "<group>"; };
		DA44E38526EDB4D800775D74 /* HFSGoalSettingViewController.swift */ = {isa = PBXFileReference; lastKnownFileType = sourcecode.swift; path = HFSGoalSettingViewController.swift; sourceTree = "<group>"; };
		DA44E38726EDE00000775D74 /* HFSGoalSettingWeightPopView.swift */ = {isa = PBXFileReference; lastKnownFileType = sourcecode.swift; path = HFSGoalSettingWeightPopView.swift; sourceTree = "<group>"; };
		DA44E38E26EE4F7E00775D74 /* HFSGoalSettingFirstScheduleView.swift */ = {isa = PBXFileReference; lastKnownFileType = sourcecode.swift; path = HFSGoalSettingFirstScheduleView.swift; sourceTree = "<group>"; };
		DA44E39026EE51BF00775D74 /* Gradients.swift */ = {isa = PBXFileReference; lastKnownFileType = sourcecode.swift; path = Gradients.swift; sourceTree = "<group>"; };
		DA44E39226EE51FF00775D74 /* Gradients+Layer.swift */ = {isa = PBXFileReference; lastKnownFileType = sourcecode.swift; path = "Gradients+Layer.swift"; sourceTree = "<group>"; };
		DA44E39426EE524500775D74 /* Gradients+Name.swift */ = {isa = PBXFileReference; lastKnownFileType = sourcecode.swift; path = "Gradients+Name.swift"; sourceTree = "<group>"; };
		DA44E39726EE527200775D74 /* Gradients+Direction.swift */ = {isa = PBXFileReference; lastKnownFileType = sourcecode.swift; path = "Gradients+Direction.swift"; sourceTree = "<group>"; };
		DA44E39A26EE53E600775D74 /* HFSFont.h */ = {isa = PBXFileReference; fileEncoding = 4; lastKnownFileType = sourcecode.c.h; path = HFSFont.h; sourceTree = "<group>"; };
		DA44E39B26EE53E600775D74 /* HFSColor.m */ = {isa = PBXFileReference; fileEncoding = 4; lastKnownFileType = sourcecode.c.objc; path = HFSColor.m; sourceTree = "<group>"; };
		DA44E39E26EE53E600775D74 /* HFSFont.m */ = {isa = PBXFileReference; fileEncoding = 4; lastKnownFileType = sourcecode.c.objc; path = HFSFont.m; sourceTree = "<group>"; };
		DA44E3A026EE53E600775D74 /* HFSColor.h */ = {isa = PBXFileReference; fileEncoding = 4; lastKnownFileType = sourcecode.c.h; path = HFSColor.h; sourceTree = "<group>"; };
		DA44E3AC26EE547800775D74 /* SportScanner-Bridging-Header.h */ = {isa = PBXFileReference; lastKnownFileType = sourcecode.c.h; path = "SportScanner-Bridging-Header.h"; sourceTree = "<group>"; };
		DA44E3AF26EE55F000775D74 /* zh-Hans */ = {isa = PBXFileReference; lastKnownFileType = text.plist.strings; name = "zh-Hans"; path = "zh-Hans.lproj/LaunchScreen.strings"; sourceTree = "<group>"; };
		DA44E3B326EE562100775D74 /* en */ = {isa = PBXFileReference; lastKnownFileType = text.plist.strings; name = en; path = en.lproj/InfoPlist.strings; sourceTree = "<group>"; };
		DA44E3B526EE562D00775D74 /* zh-Hans */ = {isa = PBXFileReference; lastKnownFileType = text.plist.strings; name = "zh-Hans"; path = "zh-Hans.lproj/InfoPlist.strings"; sourceTree = "<group>"; };
		DA44E3B726EE56C000775D74 /* en */ = {isa = PBXFileReference; lastKnownFileType = text.plist.strings; name = en; path = en.lproj/Localizable.strings; sourceTree = "<group>"; };
		DA44E3B926EE56C400775D74 /* zh-Hans */ = {isa = PBXFileReference; lastKnownFileType = text.plist.strings; name = "zh-Hans"; path = "zh-Hans.lproj/Localizable.strings"; sourceTree = "<group>"; };
		DACD14AC26EC383500E6EAB7 /* GoogleService-Info.plist */ = {isa = PBXFileReference; fileEncoding = 4; lastKnownFileType = text.plist.xml; path = "GoogleService-Info.plist"; sourceTree = "<group>"; };
		DACD14F526EC4E9A00E6EAB7 /* AppConfiguration.swift */ = {isa = PBXFileReference; lastKnownFileType = sourcecode.swift; path = AppConfiguration.swift; sourceTree = "<group>"; };
		DACD14F826EC4EC000E6EAB7 /* AppDIContainer.swift */ = {isa = PBXFileReference; lastKnownFileType = sourcecode.swift; path = AppDIContainer.swift; sourceTree = "<group>"; };
		DACD14FA26EC50B500E6EAB7 /* AppFlowCoordinator.swift */ = {isa = PBXFileReference; lastKnownFileType = sourcecode.swift; path = AppFlowCoordinator.swift; sourceTree = "<group>"; };
		DACD14FC26EC51E000E6EAB7 /* AppAppearance.swift */ = {isa = PBXFileReference; lastKnownFileType = sourcecode.swift; path = AppAppearance.swift; sourceTree = "<group>"; };
		DAF4564926EC9E3F00A68D19 /* URLNavigationMap.swift */ = {isa = PBXFileReference; lastKnownFileType = sourcecode.swift; path = URLNavigationMap.swift; sourceTree = "<group>"; };
		DAF4564B26ECA23D00A68D19 /* HFSRouter.swift */ = {isa = PBXFileReference; lastKnownFileType = sourcecode.swift; path = HFSRouter.swift; sourceTree = "<group>"; };
		DAF4564D26ECA91800A68D19 /* CompositionRoot.swift */ = {isa = PBXFileReference; lastKnownFileType = sourcecode.swift; path = CompositionRoot.swift; sourceTree = "<group>"; };
		DAF4564F26ECD9B300A68D19 /* HomeSceneDIContainer.swift */ = {isa = PBXFileReference; lastKnownFileType = sourcecode.swift; path = HomeSceneDIContainer.swift; sourceTree = "<group>"; };
		DAF4565126ECEE3300A68D19 /* HFSHomeViewController.swift */ = {isa = PBXFileReference; lastKnownFileType = sourcecode.swift; path = HFSHomeViewController.swift; sourceTree = "<group>"; };
		DAF4565326ECF18800A68D19 /* HFSHomeFlowCoordinator.swift */ = {isa = PBXFileReference; lastKnownFileType = sourcecode.swift; path = HFSHomeFlowCoordinator.swift; sourceTree = "<group>"; };
		DAF4565726ECF32300A68D19 /* HFSHomeViewModelActions.swift */ = {isa = PBXFileReference; lastKnownFileType = sourcecode.swift; path = HFSHomeViewModelActions.swift; sourceTree = "<group>"; };
		DAF4565A26ECF5C900A68D19 /* StoryboardInstantiable.swift */ = {isa = PBXFileReference; lastKnownFileType = sourcecode.swift; path = StoryboardInstantiable.swift; sourceTree = "<group>"; };
		DAF4565C26ECF64500A68D19 /* HFSHomeViewModel.swift */ = {isa = PBXFileReference; lastKnownFileType = sourcecode.swift; path = HFSHomeViewModel.swift; sourceTree = "<group>"; };
		DAF4565E26ECFC3000A68D19 /* HFSHomeViewController.storyboard */ = {isa = PBXFileReference; lastKnownFileType = file.storyboard; path = HFSHomeViewController.storyboard; sourceTree = "<group>"; };
		DAFDA0FF26EBAC81009ADDAE /* HFSAppCommon.swift */ = {isa = PBXFileReference; fileEncoding = 4; lastKnownFileType = sourcecode.swift; path = HFSAppCommon.swift; sourceTree = "<group>"; };
		DAFDA10A26EBACAC009ADDAE /* CGRectExtension.swift */ = {isa = PBXFileReference; fileEncoding = 4; lastKnownFileType = sourcecode.swift; path = CGRectExtension.swift; sourceTree = "<group>"; };
		DAFDA10B26EBACAC009ADDAE /* CGSize+Extension.swift */ = {isa = PBXFileReference; fileEncoding = 4; lastKnownFileType = sourcecode.swift; path = "CGSize+Extension.swift"; sourceTree = "<group>"; };
		DAFDA10D26EBACAC009ADDAE /* CAGradientLayerExtensions.swift */ = {isa = PBXFileReference; fileEncoding = 4; lastKnownFileType = sourcecode.swift; path = CAGradientLayerExtensions.swift; sourceTree = "<group>"; };
		DAFDA10F26EBACAC009ADDAE /* UIButtonExtension.swift */ = {isa = PBXFileReference; fileEncoding = 4; lastKnownFileType = sourcecode.swift; path = UIButtonExtension.swift; sourceTree = "<group>"; };
		DAFDA11026EBACAC009ADDAE /* UIColor+Extension.swift */ = {isa = PBXFileReference; fileEncoding = 4; lastKnownFileType = sourcecode.swift; path = "UIColor+Extension.swift"; sourceTree = "<group>"; };
		DAFDA11126EBACAC009ADDAE /* CGImage+Accelerate.swift */ = {isa = PBXFileReference; fileEncoding = 4; lastKnownFileType = sourcecode.swift; path = "CGImage+Accelerate.swift"; sourceTree = "<group>"; };
		DAFDA11226EBACAC009ADDAE /* CGContext+CGImage.swift */ = {isa = PBXFileReference; fileEncoding = 4; lastKnownFileType = sourcecode.swift; path = "CGContext+CGImage.swift"; sourceTree = "<group>"; };
		DAFDA11326EBACAC009ADDAE /* UILabelExtension.swift */ = {isa = PBXFileReference; fileEncoding = 4; lastKnownFileType = sourcecode.swift; path = UILabelExtension.swift; sourceTree = "<group>"; };
		DAFDA11426EBACAC009ADDAE /* CustomBlurView.swift */ = {isa = PBXFileReference; fileEncoding = 4; lastKnownFileType = sourcecode.swift; path = CustomBlurView.swift; sourceTree = "<group>"; };
		DAFDA11526EBACAC009ADDAE /* CaptureQuality.swift */ = {isa = PBXFileReference; fileEncoding = 4; lastKnownFileType = sourcecode.swift; path = CaptureQuality.swift; sourceTree = "<group>"; };
		DAFDA11626EBACAC009ADDAE /* CGRect+Conversion.swift */ = {isa = PBXFileReference; fileEncoding = 4; lastKnownFileType = sourcecode.swift; path = "CGRect+Conversion.swift"; sourceTree = "<group>"; };
		DAFDA11726EBACAC009ADDAE /* TrackingMode.swift */ = {isa = PBXFileReference; fileEncoding = 4; lastKnownFileType = sourcecode.swift; path = TrackingMode.swift; sourceTree = "<group>"; };
		DAFDA11826EBACAC009ADDAE /* UIImage+Blur.swift */ = {isa = PBXFileReference; fileEncoding = 4; lastKnownFileType = sourcecode.swift; path = "UIImage+Blur.swift"; sourceTree = "<group>"; };
		DAFDA11926EBACAC009ADDAE /* BlurLayer.swift */ = {isa = PBXFileReference; fileEncoding = 4; lastKnownFileType = sourcecode.swift; path = BlurLayer.swift; sourceTree = "<group>"; };
		DAFDA11A26EBACAC009ADDAE /* CALayer+Conversion.swift */ = {isa = PBXFileReference; fileEncoding = 4; lastKnownFileType = sourcecode.swift; path = "CALayer+Conversion.swift"; sourceTree = "<group>"; };
		DAFDA11B26EBACAC009ADDAE /* UINavgationControllerExtension.swift */ = {isa = PBXFileReference; fileEncoding = 4; lastKnownFileType = sourcecode.swift; path = UINavgationControllerExtension.swift; sourceTree = "<group>"; };
		DAFDA11C26EBACAC009ADDAE /* DynamicBlurView.swift */ = {isa = PBXFileReference; fileEncoding = 4; lastKnownFileType = sourcecode.swift; path = DynamicBlurView.swift; sourceTree = "<group>"; };
		DAFDA12F26EBADB6009ADDAE /* JJFloatingActionButton+Animation.swift */ = {isa = PBXFileReference; fileEncoding = 4; lastKnownFileType = sourcecode.swift; path = "JJFloatingActionButton+Animation.swift"; sourceTree = "<group>"; };
		DAFDA13026EBADB6009ADDAE /* UIView+JJFloatingActionButton.swift */ = {isa = PBXFileReference; fileEncoding = 4; lastKnownFileType = sourcecode.swift; path = "UIView+JJFloatingActionButton.swift"; sourceTree = "<group>"; };
		DAFDA13126EBADB6009ADDAE /* JJFloatingActionButtonDelegate.swift */ = {isa = PBXFileReference; fileEncoding = 4; lastKnownFileType = sourcecode.swift; path = JJFloatingActionButtonDelegate.swift; sourceTree = "<group>"; };
		DAFDA13226EBADB6009ADDAE /* Styles.swift */ = {isa = PBXFileReference; fileEncoding = 4; lastKnownFileType = sourcecode.swift; path = Styles.swift; sourceTree = "<group>"; };
		DAFDA13326EBADB6009ADDAE /* AnimationConfiguration.swift */ = {isa = PBXFileReference; fileEncoding = 4; lastKnownFileType = sourcecode.swift; path = AnimationConfiguration.swift; sourceTree = "<group>"; };
		DAFDA13426EBADB6009ADDAE /* JJActionItem.swift */ = {isa = PBXFileReference; fileEncoding = 4; lastKnownFileType = sourcecode.swift; path = JJActionItem.swift; sourceTree = "<group>"; };
		DAFDA13526EBADB6009ADDAE /* JJFloatingActionButtonState.swift */ = {isa = PBXFileReference; fileEncoding = 4; lastKnownFileType = sourcecode.swift; path = JJFloatingActionButtonState.swift; sourceTree = "<group>"; };
		DAFDA13626EBADB6009ADDAE /* JJActionItemTitlePosition.swift */ = {isa = PBXFileReference; fileEncoding = 4; lastKnownFileType = sourcecode.swift; path = JJActionItemTitlePosition.swift; sourceTree = "<group>"; };
		DAFDA13726EBADB6009ADDAE /* UIColor+JJFloatingActionButton.swift */ = {isa = PBXFileReference; fileEncoding = 4; lastKnownFileType = sourcecode.swift; path = "UIColor+JJFloatingActionButton.swift"; sourceTree = "<group>"; };
		DAFDA13826EBADB6009ADDAE /* JJFloatingActionButton+Placement.swift */ = {isa = PBXFileReference; fileEncoding = 4; lastKnownFileType = sourcecode.swift; path = "JJFloatingActionButton+Placement.swift"; sourceTree = "<group>"; };
		DAFDA13926EBADB6009ADDAE /* LayerProperties.swift */ = {isa = PBXFileReference; fileEncoding = 4; lastKnownFileType = sourcecode.swift; path = LayerProperties.swift; sourceTree = "<group>"; };
		DAFDA13A26EBADB6009ADDAE /* JJFloatingActionButton.swift */ = {isa = PBXFileReference; fileEncoding = 4; lastKnownFileType = sourcecode.swift; path = JJFloatingActionButton.swift; sourceTree = "<group>"; };
		DAFDA13B26EBADB6009ADDAE /* JJCircleView.swift */ = {isa = PBXFileReference; fileEncoding = 4; lastKnownFileType = sourcecode.swift; path = JJCircleView.swift; sourceTree = "<group>"; };
		DAFDA14026EBADB6009ADDAE /* UIDevice+Extension.swift */ = {isa = PBXFileReference; fileEncoding = 4; lastKnownFileType = sourcecode.swift; path = "UIDevice+Extension.swift"; sourceTree = "<group>"; };
		DAFDA14126EBADB6009ADDAE /* Shock.swift */ = {isa = PBXFileReference; fileEncoding = 4; lastKnownFileType = sourcecode.swift; path = Shock.swift; sourceTree = "<group>"; };
		DAFDA14226EBADB6009ADDAE /* ShockFeedbackEngine.swift */ = {isa = PBXFileReference; fileEncoding = 4; lastKnownFileType = sourcecode.swift; path = ShockFeedbackEngine.swift; sourceTree = "<group>"; };
		DAFDA14326EBADB6009ADDAE /* ShockPatternEngine.swift */ = {isa = PBXFileReference; fileEncoding = 4; lastKnownFileType = sourcecode.swift; path = ShockPatternEngine.swift; sourceTree = "<group>"; };
		DAFDA14426EBADB6009ADDAE /* TapticEngine.swift */ = {isa = PBXFileReference; fileEncoding = 4; lastKnownFileType = sourcecode.swift; path = TapticEngine.swift; sourceTree = "<group>"; };
		DAFDA14526EBADB6009ADDAE /* UIButton+Shock.swift */ = {isa = PBXFileReference; fileEncoding = 4; lastKnownFileType = sourcecode.swift; path = "UIButton+Shock.swift"; sourceTree = "<group>"; };
		DAFDA14626EBADB6009ADDAE /* ShockPattern.swift */ = {isa = PBXFileReference; fileEncoding = 4; lastKnownFileType = sourcecode.swift; path = ShockPattern.swift; sourceTree = "<group>"; };
		DAFDA16726EBADB6009ADDAE /* HFSNiblessView.swift */ = {isa = PBXFileReference; fileEncoding = 4; lastKnownFileType = sourcecode.swift; path = HFSNiblessView.swift; sourceTree = "<group>"; };
		DAFDA16826EBADB6009ADDAE /* HFSNiblessViewController.swift */ = {isa = PBXFileReference; fileEncoding = 4; lastKnownFileType = sourcecode.swift; path = HFSNiblessViewController.swift; sourceTree = "<group>"; };
		DAFDA16926EBADB6009ADDAE /* HFSNiblessTableViewCell.swift */ = {isa = PBXFileReference; fileEncoding = 4; lastKnownFileType = sourcecode.swift; path = HFSNiblessTableViewCell.swift; sourceTree = "<group>"; };
		DAFDA19D26EBADDD009ADDAE /* BottomPopupUtils.swift */ = {isa = PBXFileReference; fileEncoding = 4; lastKnownFileType = sourcecode.swift; path = BottomPopupUtils.swift; sourceTree = "<group>"; };
		DAFDA19E26EBADDD009ADDAE /* BottomPopupViewController.swift */ = {isa = PBXFileReference; fileEncoding = 4; lastKnownFileType = sourcecode.swift; path = BottomPopupViewController.swift; sourceTree = "<group>"; };
		DAFDA19F26EBADDD009ADDAE /* BottomPopupDismissInteractionController.swift */ = {isa = PBXFileReference; fileEncoding = 4; lastKnownFileType = sourcecode.swift; path = BottomPopupDismissInteractionController.swift; sourceTree = "<group>"; };
		DAFDA1A026EBADDD009ADDAE /* BottomPopupNavigationController.swift */ = {isa = PBXFileReference; fileEncoding = 4; lastKnownFileType = sourcecode.swift; path = BottomPopupNavigationController.swift; sourceTree = "<group>"; };
		DAFDA1A126EBADDD009ADDAE /* BottomPopupDismissAnimator.swift */ = {isa = PBXFileReference; fileEncoding = 4; lastKnownFileType = sourcecode.swift; path = BottomPopupDismissAnimator.swift; sourceTree = "<group>"; };
		DAFDA1A226EBADDD009ADDAE /* BottomPopupPresentAnimator.swift */ = {isa = PBXFileReference; fileEncoding = 4; lastKnownFileType = sourcecode.swift; path = BottomPopupPresentAnimator.swift; sourceTree = "<group>"; };
		DAFDA1A326EBADDD009ADDAE /* BottomPopupTransitionHandler.swift */ = {isa = PBXFileReference; fileEncoding = 4; lastKnownFileType = sourcecode.swift; path = BottomPopupTransitionHandler.swift; sourceTree = "<group>"; };
		DAFDA1A426EBADDD009ADDAE /* BottomPopupPresentationController.swift */ = {isa = PBXFileReference; fileEncoding = 4; lastKnownFileType = sourcecode.swift; path = BottomPopupPresentationController.swift; sourceTree = "<group>"; };
		ED7084E8C8EE8084149873FA /* Pods_SportScanner.framework */ = {isa = PBXFileReference; explicitFileType = wrapper.framework; includeInIndex = 0; path = Pods_SportScanner.framework; sourceTree = BUILT_PRODUCTS_DIR; };
/* End PBXFileReference section */

/* Begin PBXFrameworksBuildPhase section */
		AAEAC15D26EB81FD000D0DDD /* Frameworks */ = {
			isa = PBXFrameworksBuildPhase;
			buildActionMask = 2147483647;
			files = (
				D783A6FB8467CCAE4F5BCDCC /* Pods_SportScanner.framework in Frameworks */,
			);
			runOnlyForDeploymentPostprocessing = 0;
		};
		AAEAC17626EB81FE000D0DDD /* Frameworks */ = {
			isa = PBXFrameworksBuildPhase;
			buildActionMask = 2147483647;
			files = (
			);
			runOnlyForDeploymentPostprocessing = 0;
		};
		AAEAC18126EB81FE000D0DDD /* Frameworks */ = {
			isa = PBXFrameworksBuildPhase;
			buildActionMask = 2147483647;
			files = (
			);
			runOnlyForDeploymentPostprocessing = 0;
		};
/* End PBXFrameworksBuildPhase section */

/* Begin PBXGroup section */
		2CB15382FBD8F434A2A74C6A /* Frameworks */ = {
			isa = PBXGroup;
			children = (
				ED7084E8C8EE8084149873FA /* Pods_SportScanner.framework */,
			);
			name = Frameworks;
			sourceTree = "<group>";
		};
		4A5F8200E9C73AC7DC75397A /* Pods */ = {
			isa = PBXGroup;
			children = (
				1ECCBB57E697111D15B84A1B /* Pods-SportScanner.debug.xcconfig */,
				B891FB27C807E64D88082DF3 /* Pods-SportScanner.release.xcconfig */,
				53ACE0FC44A1AAE433DADD1C /* Pods-SportScannerTests.debug.xcconfig */,
				BDD204C87CECD47B4B90D759 /* Pods-SportScannerTests.release.xcconfig */,
			);
			path = Pods;
			sourceTree = "<group>";
		};
		AAEAC15726EB81FD000D0DDD = {
			isa = PBXGroup;
			children = (
				AAEAC16226EB81FD000D0DDD /* SportScanner */,
				AAEAC17C26EB81FE000D0DDD /* SportScannerTests */,
				AAEAC18726EB81FE000D0DDD /* SportScannerUITests */,
				AAEAC16126EB81FD000D0DDD /* Products */,
				4A5F8200E9C73AC7DC75397A /* Pods */,
				2CB15382FBD8F434A2A74C6A /* Frameworks */,
			);
			sourceTree = "<group>";
		};
		AAEAC16126EB81FD000D0DDD /* Products */ = {
			isa = PBXGroup;
			children = (
				AAEAC16026EB81FD000D0DDD /* SportScanner.app */,
				AAEAC17926EB81FE000D0DDD /* SportScannerTests.xctest */,
				AAEAC18426EB81FE000D0DDD /* SportScannerUITests.xctest */,
			);
			name = Products;
			sourceTree = "<group>";
		};
		AAEAC16226EB81FD000D0DDD /* SportScanner */ = {
			isa = PBXGroup;
			children = (
				DACD14AC26EC383500E6EAB7 /* GoogleService-Info.plist */,
				DACD14F326EC4BEA00E6EAB7 /* Common */,
				DACD14F226EC4BE500E6EAB7 /* Domain */,
				DACD14F126EC4BDD00E6EAB7 /* Presentation */,
				DACD14F026EC4B5E00E6EAB7 /* Resources */,
				DACD14EF26EC4B5800E6EAB7 /* Application */,
				AAEAC19626EB831F000D0DDD /* infrastructure */,
				DA44E3AC26EE547800775D74 /* SportScanner-Bridging-Header.h */,
			);
			path = SportScanner;
			sourceTree = "<group>";
		};
		AAEAC17C26EB81FE000D0DDD /* SportScannerTests */ = {
			isa = PBXGroup;
			children = (
				AAEAC17D26EB81FE000D0DDD /* SportScannerTests.swift */,
				AAEAC17F26EB81FE000D0DDD /* Info.plist */,
			);
			path = SportScannerTests;
			sourceTree = "<group>";
		};
		AAEAC18726EB81FE000D0DDD /* SportScannerUITests */ = {
			isa = PBXGroup;
			children = (
				AAEAC18826EB81FE000D0DDD /* SportScannerUITests.swift */,
				AAEAC18A26EB81FE000D0DDD /* Info.plist */,
			);
			path = SportScannerUITests;
			sourceTree = "<group>";
		};
		AAEAC19626EB831F000D0DDD /* infrastructure */ = {
			isa = PBXGroup;
			children = (
			);
			path = infrastructure;
			sourceTree = "<group>";
		};
		DA44E36626ED997400775D74 /* ViewModel */ = {
			isa = PBXGroup;
			children = (
				DA44E36A26ED999A00775D74 /* MineViewModel.swift */,
			);
			path = ViewModel;
			sourceTree = "<group>";
		};
		DA44E36726ED997900775D74 /* View */ = {
			isa = PBXGroup;
			children = (
				DA44E36826ED998A00775D74 /* MimeViewController.swift */,
			);
			path = View;
			sourceTree = "<group>";
		};
		DA44E36C26ED9C8000775D74 /* Guide */ = {
			isa = PBXGroup;
			children = (
				DA44E36D26ED9C8C00775D74 /* View */,
			);
			path = Guide;
			sourceTree = "<group>";
		};
		DA44E36D26ED9C8C00775D74 /* View */ = {
			isa = PBXGroup;
			children = (
				DA44E36E26ED9CBA00775D74 /* HFSHomeGuideView.swift */,
			);
			name = View;
			sourceTree = "<group>";
		};
		DA44E37026EDA31600775D74 /* Browser */ = {
			isa = PBXGroup;
			children = (
				DA44E37226EDA32700775D74 /* ViewController */,
				DA44E37126EDA32200775D74 /* ViewModel */,
			);
			path = Browser;
			sourceTree = "<group>";
		};
		DA44E37126EDA32200775D74 /* ViewModel */ = {
			isa = PBXGroup;
			children = (
				DA44E37526EDA34D00775D74 /* HFSBrowserViewModel.swift */,
			);
			path = ViewModel;
			sourceTree = "<group>";
		};
		DA44E37226EDA32700775D74 /* ViewController */ = {
			isa = PBXGroup;
			children = (
				DA44E37326EDA33C00775D74 /* HFSBrowserViewController.swift */,
			);
			path = ViewController;
			sourceTree = "<group>";
		};
		DA44E37726EDB1E300775D74 /* GoalSetting */ = {
			isa = PBXGroup;
			children = (
				DA44E37A26EDB21700775D74 /* HFSGoalSettingFlowCoodinator.swift */,
				DA44E37926EDB1EE00775D74 /* VIew */,
				DA44E37826EDB1EA00775D74 /* ViewModel */,
			);
			path = GoalSetting;
			sourceTree = "<group>";
		};
		DA44E37826EDB1EA00775D74 /* ViewModel */ = {
			isa = PBXGroup;
			children = (
				DA44E37C26EDB25200775D74 /* HFSGoalSettingViewModel.swift */,
			);
			path = ViewModel;
			sourceTree = "<group>";
		};
		DA44E37926EDB1EE00775D74 /* VIew */ = {
			isa = PBXGroup;
			children = (
				DA44E38526EDB4D800775D74 /* HFSGoalSettingViewController.swift */,
				DA44E38726EDE00000775D74 /* HFSGoalSettingWeightPopView.swift */,
				DA44E38E26EE4F7E00775D74 /* HFSGoalSettingFirstScheduleView.swift */,
			);
			path = VIew;
			sourceTree = "<group>";
		};
		DA44E38026EDB39200775D74 /* Core */ = {
			isa = PBXGroup;
			children = (
				DA44E38126EDB3A200775D74 /* Observable.swift */,
				DA44E38326EDB3D700775D74 /* LoadingView.swift */,
			);
			path = Core;
			sourceTree = "<group>";
		};
		DA44E39626EE525A00775D74 /* Gradients */ = {
			isa = PBXGroup;
			children = (
				DAFDA10D26EBACAC009ADDAE /* CAGradientLayerExtensions.swift */,
				DA44E39026EE51BF00775D74 /* Gradients.swift */,
				DA44E39226EE51FF00775D74 /* Gradients+Layer.swift */,
				DA44E39426EE524500775D74 /* Gradients+Name.swift */,
				DA44E39726EE527200775D74 /* Gradients+Direction.swift */,
			);
			path = Gradients;
			sourceTree = "<group>";
		};
		DA44E39926EE53E600775D74 /* CSScreenDefine */ = {
			isa = PBXGroup;
			children = (
				DA44E3A026EE53E600775D74 /* HFSColor.h */,
				DA44E39B26EE53E600775D74 /* HFSColor.m */,
				DA44E39A26EE53E600775D74 /* HFSFont.h */,
				DA44E39E26EE53E600775D74 /* HFSFont.m */,
			);
			path = CSScreenDefine;
			sourceTree = "<group>";
		};
		DA50292B26EC84DE00E41637 /* Utils */ = {
			isa = PBXGroup;
			children = (
				DA44E39926EE53E600775D74 /* CSScreenDefine */,
				DAFDA10E26EBACAC009ADDAE /* UIKit */,
				DA44E38026EDB39200775D74 /* Core */,
				DAF4565926ECF5BB00A68D19 /* Protocols */,
				DAF4564826EC9E2A00A68D19 /* Navigations */,
				DAFDA19C26EBADDD009ADDAE /* BottomPopupController */,
				DAFDA12E26EBADB6009ADDAE /* FloatButton */,
				DAFDA13F26EBADB6009ADDAE /* ShockEngine */,
				DAFDA16526EBADB6009ADDAE /* UIComponent */,
				DAFDA10C26EBACAC009ADDAE /* CoreAnimation */,
				DAFDA10926EBACAC009ADDAE /* CoreGraphics */,
			);
			path = Utils;
			sourceTree = "<group>";
		};
		DACD14EF26EC4B5800E6EAB7 /* Application */ = {
			isa = PBXGroup;
			children = (
				DACD14F726EC4EB200E6EAB7 /* DIContainer */,
				AAEAC16326EB81FD000D0DDD /* AppDelegate.swift */,
				DACD14F526EC4E9A00E6EAB7 /* AppConfiguration.swift */,
				DACD14FA26EC50B500E6EAB7 /* AppFlowCoordinator.swift */,
				DACD14FC26EC51E000E6EAB7 /* AppAppearance.swift */,
			);
			path = Application;
			sourceTree = "<group>";
		};
		DACD14F026EC4B5E00E6EAB7 /* Resources */ = {
			isa = PBXGroup;
			children = (
				AAEAC16F26EB81FE000D0DDD /* Assets.xcassets */,
				AAEAC17126EB81FE000D0DDD /* LaunchScreen.storyboard */,
				AAEAC17426EB81FE000D0DDD /* Info.plist */,
				AAEAC16C26EB81FD000D0DDD /* SportScanner.xcdatamodeld */,
				DA44E3B826EE56C000775D74 /* Localizable.strings */,
				DA44E3B426EE562100775D74 /* InfoPlist.strings */,
			);
			path = Resources;
			sourceTree = "<group>";
		};
		DACD14F126EC4BDD00E6EAB7 /* Presentation */ = {
			isa = PBXGroup;
			children = (
				DA44E37726EDB1E300775D74 /* GoalSetting */,
				DA44E37026EDA31600775D74 /* Browser */,
				DAF4564626EC8C0500A68D19 /* Mime */,
				DAF4564526EC8BFE00A68D19 /* Home */,
				DA50292B26EC84DE00E41637 /* Utils */,
			);
			path = Presentation;
			sourceTree = "<group>";
		};
		DACD14F226EC4BE500E6EAB7 /* Domain */ = {
			isa = PBXGroup;
			children = (
			);
			path = Domain;
			sourceTree = "<group>";
		};
		DACD14F326EC4BEA00E6EAB7 /* Common */ = {
			isa = PBXGroup;
			children = (
				DAFDA0FF26EBAC81009ADDAE /* HFSAppCommon.swift */,
				DAF4564D26ECA91800A68D19 /* CompositionRoot.swift */,
			);
			path = Common;
			sourceTree = "<group>";
		};
		DACD14F726EC4EB200E6EAB7 /* DIContainer */ = {
			isa = PBXGroup;
			children = (
				DACD14F826EC4EC000E6EAB7 /* AppDIContainer.swift */,
				DAF4564F26ECD9B300A68D19 /* HomeSceneDIContainer.swift */,
			);
			path = DIContainer;
			sourceTree = "<group>";
		};
		DAF4564526EC8BFE00A68D19 /* Home */ = {
			isa = PBXGroup;
			children = (
				DAF4565326ECF18800A68D19 /* HFSHomeFlowCoordinator.swift */,
				DAF4565526ECF18D00A68D19 /* ViewController */,
				DAF4565626ECF30D00A68D19 /* ViewModel */,
				DA44E36C26ED9C8000775D74 /* Guide */,
			);
			path = Home;
			sourceTree = "<group>";
		};
		DAF4564626EC8C0500A68D19 /* Mime */ = {
			isa = PBXGroup;
			children = (
				DA44E36726ED997900775D74 /* View */,
				DA44E36626ED997400775D74 /* ViewModel */,
			);
			path = Mime;
			sourceTree = "<group>";
		};
		DAF4564826EC9E2A00A68D19 /* Navigations */ = {
			isa = PBXGroup;
			children = (
				DAF4564926EC9E3F00A68D19 /* URLNavigationMap.swift */,
				DAF4564B26ECA23D00A68D19 /* HFSRouter.swift */,
			);
			path = Navigations;
			sourceTree = "<group>";
		};
		DAF4565526ECF18D00A68D19 /* ViewController */ = {
			isa = PBXGroup;
			children = (
				DAF4565126ECEE3300A68D19 /* HFSHomeViewController.swift */,
				DAF4565E26ECFC3000A68D19 /* HFSHomeViewController.storyboard */,
			);
			path = ViewController;
			sourceTree = "<group>";
		};
		DAF4565626ECF30D00A68D19 /* ViewModel */ = {
			isa = PBXGroup;
			children = (
				DAF4565726ECF32300A68D19 /* HFSHomeViewModelActions.swift */,
				DAF4565C26ECF64500A68D19 /* HFSHomeViewModel.swift */,
			);
			path = ViewModel;
			sourceTree = "<group>";
		};
		DAF4565926ECF5BB00A68D19 /* Protocols */ = {
			isa = PBXGroup;
			children = (
				DAF4565A26ECF5C900A68D19 /* StoryboardInstantiable.swift */,
			);
			path = Protocols;
			sourceTree = "<group>";
		};
		DAFDA10926EBACAC009ADDAE /* CoreGraphics */ = {
			isa = PBXGroup;
			children = (
				DAFDA10A26EBACAC009ADDAE /* CGRectExtension.swift */,
				DAFDA10B26EBACAC009ADDAE /* CGSize+Extension.swift */,
			);
			path = CoreGraphics;
			sourceTree = "<group>";
		};
		DAFDA10C26EBACAC009ADDAE /* CoreAnimation */ = {
			isa = PBXGroup;
			children = (
			);
			path = CoreAnimation;
			sourceTree = "<group>";
		};
		DAFDA10E26EBACAC009ADDAE /* UIKit */ = {
			isa = PBXGroup;
			children = (
				DA44E39626EE525A00775D74 /* Gradients */,
				DAFDA10F26EBACAC009ADDAE /* UIButtonExtension.swift */,
				DAFDA11026EBACAC009ADDAE /* UIColor+Extension.swift */,
				DAFDA11126EBACAC009ADDAE /* CGImage+Accelerate.swift */,
				DAFDA11226EBACAC009ADDAE /* CGContext+CGImage.swift */,
				DAFDA11326EBACAC009ADDAE /* UILabelExtension.swift */,
				DAFDA11426EBACAC009ADDAE /* CustomBlurView.swift */,
				DAFDA11526EBACAC009ADDAE /* CaptureQuality.swift */,
				DAFDA11626EBACAC009ADDAE /* CGRect+Conversion.swift */,
				DAFDA11726EBACAC009ADDAE /* TrackingMode.swift */,
				DAFDA11826EBACAC009ADDAE /* UIImage+Blur.swift */,
				DAFDA11926EBACAC009ADDAE /* BlurLayer.swift */,
				DAFDA11A26EBACAC009ADDAE /* CALayer+Conversion.swift */,
				DAFDA11B26EBACAC009ADDAE /* UINavgationControllerExtension.swift */,
				DAFDA11C26EBACAC009ADDAE /* DynamicBlurView.swift */,
			);
			path = UIKit;
			sourceTree = "<group>";
		};
		DAFDA12E26EBADB6009ADDAE /* FloatButton */ = {
			isa = PBXGroup;
			children = (
				DAFDA12F26EBADB6009ADDAE /* JJFloatingActionButton+Animation.swift */,
				DAFDA13026EBADB6009ADDAE /* UIView+JJFloatingActionButton.swift */,
				DAFDA13126EBADB6009ADDAE /* JJFloatingActionButtonDelegate.swift */,
				DAFDA13226EBADB6009ADDAE /* Styles.swift */,
				DAFDA13326EBADB6009ADDAE /* AnimationConfiguration.swift */,
				DAFDA13426EBADB6009ADDAE /* JJActionItem.swift */,
				DAFDA13526EBADB6009ADDAE /* JJFloatingActionButtonState.swift */,
				DAFDA13626EBADB6009ADDAE /* JJActionItemTitlePosition.swift */,
				DAFDA13726EBADB6009ADDAE /* UIColor+JJFloatingActionButton.swift */,
				DAFDA13826EBADB6009ADDAE /* JJFloatingActionButton+Placement.swift */,
				DAFDA13926EBADB6009ADDAE /* LayerProperties.swift */,
				DAFDA13A26EBADB6009ADDAE /* JJFloatingActionButton.swift */,
				DAFDA13B26EBADB6009ADDAE /* JJCircleView.swift */,
			);
			path = FloatButton;
			sourceTree = "<group>";
		};
		DAFDA13F26EBADB6009ADDAE /* ShockEngine */ = {
			isa = PBXGroup;
			children = (
				DAFDA14026EBADB6009ADDAE /* UIDevice+Extension.swift */,
				DAFDA14126EBADB6009ADDAE /* Shock.swift */,
				DAFDA14226EBADB6009ADDAE /* ShockFeedbackEngine.swift */,
				DAFDA14326EBADB6009ADDAE /* ShockPatternEngine.swift */,
				DAFDA14426EBADB6009ADDAE /* TapticEngine.swift */,
				DAFDA14526EBADB6009ADDAE /* UIButton+Shock.swift */,
				DAFDA14626EBADB6009ADDAE /* ShockPattern.swift */,
			);
			path = ShockEngine;
			sourceTree = "<group>";
		};
		DAFDA16526EBADB6009ADDAE /* UIComponent */ = {
			isa = PBXGroup;
			children = (
				DAFDA16626EBADB6009ADDAE /* Nibless */,
			);
			path = UIComponent;
			sourceTree = "<group>";
		};
		DAFDA16626EBADB6009ADDAE /* Nibless */ = {
			isa = PBXGroup;
			children = (
				DAFDA16726EBADB6009ADDAE /* HFSNiblessView.swift */,
				DAFDA16826EBADB6009ADDAE /* HFSNiblessViewController.swift */,
				DAFDA16926EBADB6009ADDAE /* HFSNiblessTableViewCell.swift */,
				DA44E36426ED95BB00775D74 /* BaseNavigationController.swift */,
			);
			path = Nibless;
			sourceTree = "<group>";
		};
		DAFDA19C26EBADDD009ADDAE /* BottomPopupController */ = {
			isa = PBXGroup;
			children = (
				DAFDA19D26EBADDD009ADDAE /* BottomPopupUtils.swift */,
				DAFDA19E26EBADDD009ADDAE /* BottomPopupViewController.swift */,
				DAFDA19F26EBADDD009ADDAE /* BottomPopupDismissInteractionController.swift */,
				DAFDA1A026EBADDD009ADDAE /* BottomPopupNavigationController.swift */,
				DAFDA1A126EBADDD009ADDAE /* BottomPopupDismissAnimator.swift */,
				DAFDA1A226EBADDD009ADDAE /* BottomPopupPresentAnimator.swift */,
				DAFDA1A326EBADDD009ADDAE /* BottomPopupTransitionHandler.swift */,
				DAFDA1A426EBADDD009ADDAE /* BottomPopupPresentationController.swift */,
			);
			path = BottomPopupController;
			sourceTree = "<group>";
		};
/* End PBXGroup section */

/* Begin PBXNativeTarget section */
		AAEAC15F26EB81FD000D0DDD /* SportScanner */ = {
			isa = PBXNativeTarget;
			buildConfigurationList = AAEAC18D26EB81FE000D0DDD /* Build configuration list for PBXNativeTarget "SportScanner" */;
			buildPhases = (
				6D2D98BC076D7A6315C0E243 /* [CP] Check Pods Manifest.lock */,
				AAEAC15C26EB81FD000D0DDD /* Sources */,
				AAEAC15D26EB81FD000D0DDD /* Frameworks */,
				AAEAC15E26EB81FD000D0DDD /* Resources */,
				8A131452D96F91FF49D81DF7 /* [CP] Embed Pods Frameworks */,
			);
			buildRules = (
			);
			dependencies = (
			);
			name = SportScanner;
			productName = SportScanner;
			productReference = AAEAC16026EB81FD000D0DDD /* SportScanner.app */;
			productType = "com.apple.product-type.application";
		};
		AAEAC17826EB81FE000D0DDD /* SportScannerTests */ = {
			isa = PBXNativeTarget;
			buildConfigurationList = AAEAC19026EB81FE000D0DDD /* Build configuration list for PBXNativeTarget "SportScannerTests" */;
			buildPhases = (
				AAEAC17526EB81FE000D0DDD /* Sources */,
				AAEAC17626EB81FE000D0DDD /* Frameworks */,
				AAEAC17726EB81FE000D0DDD /* Resources */,
			);
			buildRules = (
			);
			dependencies = (
				AAEAC17B26EB81FE000D0DDD /* PBXTargetDependency */,
			);
			name = SportScannerTests;
			productName = SportScannerTests;
			productReference = AAEAC17926EB81FE000D0DDD /* SportScannerTests.xctest */;
			productType = "com.apple.product-type.bundle.unit-test";
		};
		AAEAC18326EB81FE000D0DDD /* SportScannerUITests */ = {
			isa = PBXNativeTarget;
			buildConfigurationList = AAEAC19326EB81FE000D0DDD /* Build configuration list for PBXNativeTarget "SportScannerUITests" */;
			buildPhases = (
				AAEAC18026EB81FE000D0DDD /* Sources */,
				AAEAC18126EB81FE000D0DDD /* Frameworks */,
				AAEAC18226EB81FE000D0DDD /* Resources */,
			);
			buildRules = (
			);
			dependencies = (
				AAEAC18626EB81FE000D0DDD /* PBXTargetDependency */,
			);
			name = SportScannerUITests;
			productName = SportScannerUITests;
			productReference = AAEAC18426EB81FE000D0DDD /* SportScannerUITests.xctest */;
			productType = "com.apple.product-type.bundle.ui-testing";
		};
/* End PBXNativeTarget section */

/* Begin PBXProject section */
		AAEAC15826EB81FD000D0DDD /* Project object */ = {
			isa = PBXProject;
			attributes = {
				LastSwiftUpdateCheck = 1250;
				LastUpgradeCheck = 1250;
				TargetAttributes = {
					AAEAC15F26EB81FD000D0DDD = {
						CreatedOnToolsVersion = 12.5;
					};
					AAEAC17826EB81FE000D0DDD = {
						CreatedOnToolsVersion = 12.5;
						TestTargetID = AAEAC15F26EB81FD000D0DDD;
					};
					AAEAC18326EB81FE000D0DDD = {
						CreatedOnToolsVersion = 12.5;
						TestTargetID = AAEAC15F26EB81FD000D0DDD;
					};
				};
			};
			buildConfigurationList = AAEAC15B26EB81FD000D0DDD /* Build configuration list for PBXProject "SportScanner" */;
			compatibilityVersion = "Xcode 9.3";
			developmentRegion = en;
			hasScannedForEncodings = 0;
			knownRegions = (
				en,
				Base,
				"zh-Hans",
			);
			mainGroup = AAEAC15726EB81FD000D0DDD;
			productRefGroup = AAEAC16126EB81FD000D0DDD /* Products */;
			projectDirPath = "";
			projectRoot = "";
			targets = (
				AAEAC15F26EB81FD000D0DDD /* SportScanner */,
				AAEAC17826EB81FE000D0DDD /* SportScannerTests */,
				AAEAC18326EB81FE000D0DDD /* SportScannerUITests */,
			);
		};
/* End PBXProject section */

/* Begin PBXResourcesBuildPhase section */
		AAEAC15E26EB81FD000D0DDD /* Resources */ = {
			isa = PBXResourcesBuildPhase;
			buildActionMask = 2147483647;
			files = (
				DA44E3B626EE56C000775D74 /* Localizable.strings in Resources */,
				DA44E3B226EE562100775D74 /* InfoPlist.strings in Resources */,
				DAF4565F26ECFC3000A68D19 /* HFSHomeViewController.storyboard in Resources */,
				AAEAC17326EB81FE000D0DDD /* LaunchScreen.storyboard in Resources */,
				DACD14AD26EC383500E6EAB7 /* GoogleService-Info.plist in Resources */,
				AAEAC17026EB81FE000D0DDD /* Assets.xcassets in Resources */,
			);
			runOnlyForDeploymentPostprocessing = 0;
		};
		AAEAC17726EB81FE000D0DDD /* Resources */ = {
			isa = PBXResourcesBuildPhase;
			buildActionMask = 2147483647;
			files = (
			);
			runOnlyForDeploymentPostprocessing = 0;
		};
		AAEAC18226EB81FE000D0DDD /* Resources */ = {
			isa = PBXResourcesBuildPhase;
			buildActionMask = 2147483647;
			files = (
			);
			runOnlyForDeploymentPostprocessing = 0;
		};
/* End PBXResourcesBuildPhase section */

/* Begin PBXShellScriptBuildPhase section */
		6D2D98BC076D7A6315C0E243 /* [CP] Check Pods Manifest.lock */ = {
			isa = PBXShellScriptBuildPhase;
			buildActionMask = 2147483647;
			files = (
			);
			inputFileListPaths = (
			);
			inputPaths = (
				"${PODS_PODFILE_DIR_PATH}/Podfile.lock",
				"${PODS_ROOT}/Manifest.lock",
			);
			name = "[CP] Check Pods Manifest.lock";
			outputFileListPaths = (
			);
			outputPaths = (
				"$(DERIVED_FILE_DIR)/Pods-SportScanner-checkManifestLockResult.txt",
			);
			runOnlyForDeploymentPostprocessing = 0;
			shellPath = /bin/sh;
			shellScript = "diff \"${PODS_PODFILE_DIR_PATH}/Podfile.lock\" \"${PODS_ROOT}/Manifest.lock\" > /dev/null\nif [ $? != 0 ] ; then\n    # print error to STDERR\n    echo \"error: The sandbox is not in sync with the Podfile.lock. Run 'pod install' or update your CocoaPods installation.\" >&2\n    exit 1\nfi\n# This output is used by Xcode 'outputs' to avoid re-running this script phase.\necho \"SUCCESS\" > \"${SCRIPT_OUTPUT_FILE_0}\"\n";
			showEnvVarsInLog = 0;
		};
		8A131452D96F91FF49D81DF7 /* [CP] Embed Pods Frameworks */ = {
			isa = PBXShellScriptBuildPhase;
			buildActionMask = 2147483647;
			files = (
			);
			inputFileListPaths = (
				"${PODS_ROOT}/Target Support Files/Pods-SportScanner/Pods-SportScanner-frameworks-${CONFIGURATION}-input-files.xcfilelist",
			);
			name = "[CP] Embed Pods Frameworks";
			outputFileListPaths = (
				"${PODS_ROOT}/Target Support Files/Pods-SportScanner/Pods-SportScanner-frameworks-${CONFIGURATION}-output-files.xcfilelist",
			);
			runOnlyForDeploymentPostprocessing = 0;
			shellPath = /bin/sh;
			shellScript = "\"${PODS_ROOT}/Target Support Files/Pods-SportScanner/Pods-SportScanner-frameworks.sh\"\n";
			showEnvVarsInLog = 0;
		};
/* End PBXShellScriptBuildPhase section */

/* Begin PBXSourcesBuildPhase section */
		AAEAC15C26EB81FD000D0DDD /* Sources */ = {
			isa = PBXSourcesBuildPhase;
			buildActionMask = 2147483647;
			files = (
				DAFDA12626EBACAD009ADDAE /* CaptureQuality.swift in Sources */,
				AAEAC16426EB81FD000D0DDD /* AppDelegate.swift in Sources */,
				DA44E36B26ED999A00775D74 /* MineViewModel.swift in Sources */,
				DAFDA16B26EBADB6009ADDAE /* UIView+JJFloatingActionButton.swift in Sources */,
				DAF4565D26ECF64500A68D19 /* HFSHomeViewModel.swift in Sources */,
				DA44E38426EDB3D700775D74 /* LoadingView.swift in Sources */,
				DAFDA16E26EBADB6009ADDAE /* AnimationConfiguration.swift in Sources */,
				DAFDA12126EBACAC009ADDAE /* UIColor+Extension.swift in Sources */,
				DAFDA12B26EBACAD009ADDAE /* CALayer+Conversion.swift in Sources */,
				DACD14F926EC4EC000E6EAB7 /* AppDIContainer.swift in Sources */,
				DAFDA12526EBACAD009ADDAE /* CustomBlurView.swift in Sources */,
				DAFDA12426EBACAD009ADDAE /* UILabelExtension.swift in Sources */,
				DA44E39326EE51FF00775D74 /* Gradients+Layer.swift in Sources */,
				DAFDA16F26EBADB6009ADDAE /* JJActionItem.swift in Sources */,
				DAFDA1A526EBADDD009ADDAE /* BottomPopupUtils.swift in Sources */,
				DAF4565B26ECF5C900A68D19 /* StoryboardInstantiable.swift in Sources */,
				DA44E37D26EDB25200775D74 /* HFSGoalSettingViewModel.swift in Sources */,
				DA44E36526ED95BB00775D74 /* BaseNavigationController.swift in Sources */,
				DAFDA11D26EBACAC009ADDAE /* CGRectExtension.swift in Sources */,
				DAFDA17B26EBADB6009ADDAE /* ShockFeedbackEngine.swift in Sources */,
				DAFDA17A26EBADB6009ADDAE /* Shock.swift in Sources */,
				DAF4565026ECD9B300A68D19 /* HomeSceneDIContainer.swift in Sources */,
				DACD14FB26EC50B500E6EAB7 /* AppFlowCoordinator.swift in Sources */,
				DAFDA10826EBAC82009ADDAE /* HFSAppCommon.swift in Sources */,
				DAF4564C26ECA23E00A68D19 /* HFSRouter.swift in Sources */,
				DAFDA19926EBADB6009ADDAE /* HFSNiblessView.swift in Sources */,
				DA44E38626EDB4D800775D74 /* HFSGoalSettingViewController.swift in Sources */,
				DAFDA17926EBADB6009ADDAE /* UIDevice+Extension.swift in Sources */,
				DAFDA1AA26EBADDD009ADDAE /* BottomPopupPresentAnimator.swift in Sources */,
				DA44E38826EDE00000775D74 /* HFSGoalSettingWeightPopView.swift in Sources */,
				DAFDA17526EBADB6009ADDAE /* JJFloatingActionButton.swift in Sources */,
				DAFDA12926EBACAD009ADDAE /* UIImage+Blur.swift in Sources */,
				DAF4564A26EC9E3F00A68D19 /* URLNavigationMap.swift in Sources */,
				DAFDA1A726EBADDD009ADDAE /* BottomPopupDismissInteractionController.swift in Sources */,
				DACD14FD26EC51E000E6EAB7 /* AppAppearance.swift in Sources */,
				DAFDA1A926EBADDD009ADDAE /* BottomPopupDismissAnimator.swift in Sources */,
				DA44E37626EDA34D00775D74 /* HFSBrowserViewModel.swift in Sources */,
				DA44E36926ED998A00775D74 /* MimeViewController.swift in Sources */,
				DAFDA17F26EBADB6009ADDAE /* ShockPattern.swift in Sources */,
				DAFDA1AB26EBADDD009ADDAE /* BottomPopupTransitionHandler.swift in Sources */,
				DA44E3A326EE53E600775D74 /* HFSFont.m in Sources */,
				DAFDA12A26EBACAD009ADDAE /* BlurLayer.swift in Sources */,
				DAFDA1A826EBADDD009ADDAE /* BottomPopupNavigationController.swift in Sources */,
				DACD14F626EC4E9A00E6EAB7 /* AppConfiguration.swift in Sources */,
				DAFDA17226EBADB6009ADDAE /* UIColor+JJFloatingActionButton.swift in Sources */,
				DAFDA12726EBACAD009ADDAE /* CGRect+Conversion.swift in Sources */,
				DAFDA17026EBADB6009ADDAE /* JJFloatingActionButtonState.swift in Sources */,
				DAFDA12026EBACAC009ADDAE /* UIButtonExtension.swift in Sources */,
				DAFDA12C26EBACAD009ADDAE /* UINavgationControllerExtension.swift in Sources */,
				DA44E37426EDA33C00775D74 /* HFSBrowserViewController.swift in Sources */,
				DAFDA17D26EBADB6009ADDAE /* TapticEngine.swift in Sources */,
				DAFDA19B26EBADB6009ADDAE /* HFSNiblessTableViewCell.swift in Sources */,
				DA44E36F26ED9CBA00775D74 /* HFSHomeGuideView.swift in Sources */,
				DA44E38F26EE4F7E00775D74 /* HFSGoalSettingFirstScheduleView.swift in Sources */,
				DA44E3A226EE53E600775D74 /* HFSColor.m in Sources */,
				DAFDA17326EBADB6009ADDAE /* JJFloatingActionButton+Placement.swift in Sources */,
				DA44E38226EDB3A200775D74 /* Observable.swift in Sources */,
				DAFDA17126EBADB6009ADDAE /* JJActionItemTitlePosition.swift in Sources */,
				DAFDA11F26EBACAC009ADDAE /* CAGradientLayerExtensions.swift in Sources */,
				DA44E37B26EDB21700775D74 /* HFSGoalSettingFlowCoodinator.swift in Sources */,
				DAFDA12D26EBACAD009ADDAE /* DynamicBlurView.swift in Sources */,
				DAFDA12326EBACAD009ADDAE /* CGContext+CGImage.swift in Sources */,
				DAFDA17E26EBADB6009ADDAE /* UIButton+Shock.swift in Sources */,
				DAF4565226ECEE3300A68D19 /* HFSHomeViewController.swift in Sources */,
				DAFDA11E26EBACAC009ADDAE /* CGSize+Extension.swift in Sources */,
				DAF4565426ECF18800A68D19 /* HFSHomeFlowCoordinator.swift in Sources */,
				DAFDA19A26EBADB6009ADDAE /* HFSNiblessViewController.swift in Sources */,
				AAEAC16E26EB81FD000D0DDD /* SportScanner.xcdatamodeld in Sources */,
				DA44E39126EE51BF00775D74 /* Gradients.swift in Sources */,
				DAFDA17626EBADB6009ADDAE /* JJCircleView.swift in Sources */,
				DAFDA16C26EBADB6009ADDAE /* JJFloatingActionButtonDelegate.swift in Sources */,
				DAFDA16D26EBADB6009ADDAE /* Styles.swift in Sources */,
				DAF4564E26ECA91800A68D19 /* CompositionRoot.swift in Sources */,
				DAFDA1AC26EBADDD009ADDAE /* BottomPopupPresentationController.swift in Sources */,
				DAFDA12226EBACAC009ADDAE /* CGImage+Accelerate.swift in Sources */,
				DA44E39826EE527200775D74 /* Gradients+Direction.swift in Sources */,
				DAFDA16A26EBADB6009ADDAE /* JJFloatingActionButton+Animation.swift in Sources */,
				DAFDA17426EBADB6009ADDAE /* LayerProperties.swift in Sources */,
				DAFDA1A626EBADDD009ADDAE /* BottomPopupViewController.swift in Sources */,
				DA44E39526EE524500775D74 /* Gradients+Name.swift in Sources */,
				DAFDA12826EBACAD009ADDAE /* TrackingMode.swift in Sources */,
				DAFDA17C26EBADB6009ADDAE /* ShockPatternEngine.swift in Sources */,
				DAF4565826ECF32300A68D19 /* HFSHomeViewModelActions.swift in Sources */,
			);
			runOnlyForDeploymentPostprocessing = 0;
		};
		AAEAC17526EB81FE000D0DDD /* Sources */ = {
			isa = PBXSourcesBuildPhase;
			buildActionMask = 2147483647;
			files = (
				AAEAC17E26EB81FE000D0DDD /* SportScannerTests.swift in Sources */,
			);
			runOnlyForDeploymentPostprocessing = 0;
		};
		AAEAC18026EB81FE000D0DDD /* Sources */ = {
			isa = PBXSourcesBuildPhase;
			buildActionMask = 2147483647;
			files = (
				AAEAC18926EB81FE000D0DDD /* SportScannerUITests.swift in Sources */,
			);
			runOnlyForDeploymentPostprocessing = 0;
		};
/* End PBXSourcesBuildPhase section */

/* Begin PBXTargetDependency section */
		AAEAC17B26EB81FE000D0DDD /* PBXTargetDependency */ = {
			isa = PBXTargetDependency;
			target = AAEAC15F26EB81FD000D0DDD /* SportScanner */;
			targetProxy = AAEAC17A26EB81FE000D0DDD /* PBXContainerItemProxy */;
		};
		AAEAC18626EB81FE000D0DDD /* PBXTargetDependency */ = {
			isa = PBXTargetDependency;
			target = AAEAC15F26EB81FD000D0DDD /* SportScanner */;
			targetProxy = AAEAC18526EB81FE000D0DDD /* PBXContainerItemProxy */;
		};
/* End PBXTargetDependency section */

/* Begin PBXVariantGroup section */
		AAEAC17126EB81FE000D0DDD /* LaunchScreen.storyboard */ = {
			isa = PBXVariantGroup;
			children = (
				AAEAC17226EB81FE000D0DDD /* Base */,
				DA44E3AF26EE55F000775D74 /* zh-Hans */,
			);
			name = LaunchScreen.storyboard;
			sourceTree = "<group>";
		};
		DA44E3B426EE562100775D74 /* InfoPlist.strings */ = {
			isa = PBXVariantGroup;
			children = (
				DA44E3B326EE562100775D74 /* en */,
				DA44E3B526EE562D00775D74 /* zh-Hans */,
			);
			name = InfoPlist.strings;
			sourceTree = "<group>";
		};
		DA44E3B826EE56C000775D74 /* Localizable.strings */ = {
			isa = PBXVariantGroup;
			children = (
				DA44E3B726EE56C000775D74 /* en */,
				DA44E3B926EE56C400775D74 /* zh-Hans */,
			);
			name = Localizable.strings;
			sourceTree = "<group>";
		};
/* End PBXVariantGroup section */

/* Begin XCBuildConfiguration section */
		AAEAC18B26EB81FE000D0DDD /* Debug */ = {
			isa = XCBuildConfiguration;
			buildSettings = {
				ALWAYS_SEARCH_USER_PATHS = NO;
				CLANG_ANALYZER_LOCALIZABILITY_NONLOCALIZED = YES;
				CLANG_ANALYZER_NONNULL = YES;
				CLANG_ANALYZER_NUMBER_OBJECT_CONVERSION = YES_AGGRESSIVE;
				CLANG_CXX_LANGUAGE_STANDARD = "gnu++14";
				CLANG_CXX_LIBRARY = "libc++";
				CLANG_ENABLE_MODULES = YES;
				CLANG_ENABLE_OBJC_ARC = YES;
				CLANG_ENABLE_OBJC_WEAK = YES;
				CLANG_WARN_BLOCK_CAPTURE_AUTORELEASING = YES;
				CLANG_WARN_BOOL_CONVERSION = YES;
				CLANG_WARN_COMMA = YES;
				CLANG_WARN_CONSTANT_CONVERSION = YES;
				CLANG_WARN_DEPRECATED_OBJC_IMPLEMENTATIONS = YES;
				CLANG_WARN_DIRECT_OBJC_ISA_USAGE = YES_ERROR;
				CLANG_WARN_DOCUMENTATION_COMMENTS = YES;
				CLANG_WARN_EMPTY_BODY = YES;
				CLANG_WARN_ENUM_CONVERSION = YES;
				CLANG_WARN_INFINITE_RECURSION = YES;
				CLANG_WARN_INT_CONVERSION = YES;
				CLANG_WARN_NON_LITERAL_NULL_CONVERSION = YES;
				CLANG_WARN_OBJC_IMPLICIT_RETAIN_SELF = YES;
				CLANG_WARN_OBJC_LITERAL_CONVERSION = YES;
				CLANG_WARN_OBJC_ROOT_CLASS = YES_ERROR;
				CLANG_WARN_QUOTED_INCLUDE_IN_FRAMEWORK_HEADER = YES;
				CLANG_WARN_RANGE_LOOP_ANALYSIS = YES;
				CLANG_WARN_STRICT_PROTOTYPES = YES;
				CLANG_WARN_SUSPICIOUS_MOVE = YES;
				CLANG_WARN_UNGUARDED_AVAILABILITY = YES_AGGRESSIVE;
				CLANG_WARN_UNREACHABLE_CODE = YES;
				CLANG_WARN__DUPLICATE_METHOD_MATCH = YES;
				COPY_PHASE_STRIP = NO;
				DEAD_CODE_STRIPPING = NO;
				DEBUG_INFORMATION_FORMAT = dwarf;
				ENABLE_STRICT_OBJC_MSGSEND = YES;
				ENABLE_TESTABILITY = YES;
				GCC_C_LANGUAGE_STANDARD = gnu11;
				GCC_DYNAMIC_NO_PIC = NO;
				GCC_NO_COMMON_BLOCKS = YES;
				GCC_OPTIMIZATION_LEVEL = 0;
				GCC_PREPROCESSOR_DEFINITIONS = (
					"DEBUG=1",
					"$(inherited)",
				);
				GCC_WARN_64_TO_32_BIT_CONVERSION = YES;
				GCC_WARN_ABOUT_RETURN_TYPE = YES_ERROR;
				GCC_WARN_UNDECLARED_SELECTOR = YES;
				GCC_WARN_UNINITIALIZED_AUTOS = YES_AGGRESSIVE;
				GCC_WARN_UNUSED_FUNCTION = YES;
				GCC_WARN_UNUSED_VARIABLE = YES;
				IPHONEOS_DEPLOYMENT_TARGET = 14.5;
				MTL_ENABLE_DEBUG_INFO = INCLUDE_SOURCE;
				MTL_FAST_MATH = YES;
				ONLY_ACTIVE_ARCH = YES;
				SDKROOT = iphoneos;
				SWIFT_ACTIVE_COMPILATION_CONDITIONS = DEBUG;
				SWIFT_OPTIMIZATION_LEVEL = "-Onone";
			};
			name = Debug;
		};
		AAEAC18C26EB81FE000D0DDD /* Release */ = {
			isa = XCBuildConfiguration;
			buildSettings = {
				ALWAYS_SEARCH_USER_PATHS = NO;
				CLANG_ANALYZER_LOCALIZABILITY_NONLOCALIZED = YES;
				CLANG_ANALYZER_NONNULL = YES;
				CLANG_ANALYZER_NUMBER_OBJECT_CONVERSION = YES_AGGRESSIVE;
				CLANG_CXX_LANGUAGE_STANDARD = "gnu++14";
				CLANG_CXX_LIBRARY = "libc++";
				CLANG_ENABLE_MODULES = YES;
				CLANG_ENABLE_OBJC_ARC = YES;
				CLANG_ENABLE_OBJC_WEAK = YES;
				CLANG_WARN_BLOCK_CAPTURE_AUTORELEASING = YES;
				CLANG_WARN_BOOL_CONVERSION = YES;
				CLANG_WARN_COMMA = YES;
				CLANG_WARN_CONSTANT_CONVERSION = YES;
				CLANG_WARN_DEPRECATED_OBJC_IMPLEMENTATIONS = YES;
				CLANG_WARN_DIRECT_OBJC_ISA_USAGE = YES_ERROR;
				CLANG_WARN_DOCUMENTATION_COMMENTS = YES;
				CLANG_WARN_EMPTY_BODY = YES;
				CLANG_WARN_ENUM_CONVERSION = YES;
				CLANG_WARN_INFINITE_RECURSION = YES;
				CLANG_WARN_INT_CONVERSION = YES;
				CLANG_WARN_NON_LITERAL_NULL_CONVERSION = YES;
				CLANG_WARN_OBJC_IMPLICIT_RETAIN_SELF = YES;
				CLANG_WARN_OBJC_LITERAL_CONVERSION = YES;
				CLANG_WARN_OBJC_ROOT_CLASS = YES_ERROR;
				CLANG_WARN_QUOTED_INCLUDE_IN_FRAMEWORK_HEADER = YES;
				CLANG_WARN_RANGE_LOOP_ANALYSIS = YES;
				CLANG_WARN_STRICT_PROTOTYPES = YES;
				CLANG_WARN_SUSPICIOUS_MOVE = YES;
				CLANG_WARN_UNGUARDED_AVAILABILITY = YES_AGGRESSIVE;
				CLANG_WARN_UNREACHABLE_CODE = YES;
				CLANG_WARN__DUPLICATE_METHOD_MATCH = YES;
				COPY_PHASE_STRIP = NO;
				DEAD_CODE_STRIPPING = NO;
				DEBUG_INFORMATION_FORMAT = "dwarf-with-dsym";
				ENABLE_NS_ASSERTIONS = NO;
				ENABLE_STRICT_OBJC_MSGSEND = YES;
				GCC_C_LANGUAGE_STANDARD = gnu11;
				GCC_NO_COMMON_BLOCKS = YES;
				GCC_WARN_64_TO_32_BIT_CONVERSION = YES;
				GCC_WARN_ABOUT_RETURN_TYPE = YES_ERROR;
				GCC_WARN_UNDECLARED_SELECTOR = YES;
				GCC_WARN_UNINITIALIZED_AUTOS = YES_AGGRESSIVE;
				GCC_WARN_UNUSED_FUNCTION = YES;
				GCC_WARN_UNUSED_VARIABLE = YES;
				IPHONEOS_DEPLOYMENT_TARGET = 14.5;
				MTL_ENABLE_DEBUG_INFO = NO;
				MTL_FAST_MATH = YES;
				ONLY_ACTIVE_ARCH = YES;
				SDKROOT = iphoneos;
				SWIFT_COMPILATION_MODE = wholemodule;
				SWIFT_OPTIMIZATION_LEVEL = "-O";
				VALIDATE_PRODUCT = YES;
			};
			name = Release;
		};
		AAEAC18E26EB81FE000D0DDD /* Debug */ = {
			isa = XCBuildConfiguration;
			baseConfigurationReference = 1ECCBB57E697111D15B84A1B /* Pods-SportScanner.debug.xcconfig */;
			buildSettings = {
				ASSETCATALOG_COMPILER_APPICON_NAME = AppIcon;
				ASSETCATALOG_COMPILER_GLOBAL_ACCENT_COLOR_NAME = AccentColor;
				CODE_SIGN_STYLE = Automatic;
				DEVELOPMENT_TEAM = XF2NZKFGT9;
				INFOPLIST_FILE = SportScanner/Resources/Info.plist;
				LD_RUNPATH_SEARCH_PATHS = (
					"$(inherited)",
					"@executable_path/Frameworks",
				);
				PRODUCT_BUNDLE_IDENTIFIER = Demo.SportScanner;
				PRODUCT_NAME = "$(TARGET_NAME)";
				SWIFT_OBJC_BRIDGING_HEADER = "/Users/yanghaobo/BeeSport/SportScanner/SportScanner/SportScanner-Bridging-Header.h";
				SWIFT_OBJC_INTERFACE_HEADER_NAME = "$(SWIFT_MODULE_NAME)-Bridging-Header.h";
				SWIFT_VERSION = 5.0;
				TARGETED_DEVICE_FAMILY = "1,2";
			};
			name = Debug;
		};
		AAEAC18F26EB81FE000D0DDD /* Release */ = {
			isa = XCBuildConfiguration;
			baseConfigurationReference = B891FB27C807E64D88082DF3 /* Pods-SportScanner.release.xcconfig */;
			buildSettings = {
				ASSETCATALOG_COMPILER_APPICON_NAME = AppIcon;
				ASSETCATALOG_COMPILER_GLOBAL_ACCENT_COLOR_NAME = AccentColor;
				CODE_SIGN_STYLE = Automatic;
				DEVELOPMENT_TEAM = XF2NZKFGT9;
				INFOPLIST_FILE = SportScanner/Resources/Info.plist;
				LD_RUNPATH_SEARCH_PATHS = (
					"$(inherited)",
					"@executable_path/Frameworks",
				);
				PRODUCT_BUNDLE_IDENTIFIER = Demo.SportScanner;
				PRODUCT_NAME = "$(TARGET_NAME)";
				SWIFT_OBJC_BRIDGING_HEADER = "/Users/yanghaobo/BeeSport/SportScanner/SportScanner/SportScanner-Bridging-Header.h";
				SWIFT_OBJC_INTERFACE_HEADER_NAME = "$(SWIFT_MODULE_NAME)-Bridging-Header.h";
				SWIFT_VERSION = 5.0;
				TARGETED_DEVICE_FAMILY = "1,2";
			};
			name = Release;
		};
		AAEAC19126EB81FE000D0DDD /* Debug */ = {
			isa = XCBuildConfiguration;
			buildSettings = {
				ALWAYS_EMBED_SWIFT_STANDARD_LIBRARIES = YES;
				BUNDLE_LOADER = "$(TEST_HOST)";
				CODE_SIGN_STYLE = Automatic;
				DEVELOPMENT_TEAM = XF2NZKFGT9;
				INFOPLIST_FILE = SportScannerTests/Info.plist;
				IPHONEOS_DEPLOYMENT_TARGET = 14.5;
				LD_RUNPATH_SEARCH_PATHS = (
					"$(inherited)",
					"@executable_path/Frameworks",
					"@loader_path/Frameworks",
				);
				PRODUCT_BUNDLE_IDENTIFIER = Demo.SportScannerTests;
				PRODUCT_NAME = "$(TARGET_NAME)";
				SWIFT_VERSION = 5.0;
				TARGETED_DEVICE_FAMILY = "1,2";
				TEST_HOST = "$(BUILT_PRODUCTS_DIR)/SportScanner.app/SportScanner";
			};
			name = Debug;
		};
		AAEAC19226EB81FE000D0DDD /* Release */ = {
			isa = XCBuildConfiguration;
			buildSettings = {
				ALWAYS_EMBED_SWIFT_STANDARD_LIBRARIES = YES;
				BUNDLE_LOADER = "$(TEST_HOST)";
				CODE_SIGN_STYLE = Automatic;
				DEVELOPMENT_TEAM = XF2NZKFGT9;
				INFOPLIST_FILE = SportScannerTests/Info.plist;
				IPHONEOS_DEPLOYMENT_TARGET = 14.5;
				LD_RUNPATH_SEARCH_PATHS = (
					"$(inherited)",
					"@executable_path/Frameworks",
					"@loader_path/Frameworks",
				);
				PRODUCT_BUNDLE_IDENTIFIER = Demo.SportScannerTests;
				PRODUCT_NAME = "$(TARGET_NAME)";
				SWIFT_VERSION = 5.0;
				TARGETED_DEVICE_FAMILY = "1,2";
				TEST_HOST = "$(BUILT_PRODUCTS_DIR)/SportScanner.app/SportScanner";
			};
			name = Release;
		};
		AAEAC19426EB81FE000D0DDD /* Debug */ = {
			isa = XCBuildConfiguration;
			buildSettings = {
				ALWAYS_EMBED_SWIFT_STANDARD_LIBRARIES = YES;
				CODE_SIGN_STYLE = Automatic;
				DEVELOPMENT_TEAM = XF2NZKFGT9;
				INFOPLIST_FILE = SportScannerUITests/Info.plist;
				LD_RUNPATH_SEARCH_PATHS = (
					"$(inherited)",
					"@executable_path/Frameworks",
					"@loader_path/Frameworks",
				);
				PRODUCT_BUNDLE_IDENTIFIER = Demo.SportScannerUITests;
				PRODUCT_NAME = "$(TARGET_NAME)";
				SWIFT_VERSION = 5.0;
				TARGETED_DEVICE_FAMILY = "1,2";
				TEST_TARGET_NAME = SportScanner;
			};
			name = Debug;
		};
		AAEAC19526EB81FE000D0DDD /* Release */ = {
			isa = XCBuildConfiguration;
			buildSettings = {
				ALWAYS_EMBED_SWIFT_STANDARD_LIBRARIES = YES;
				CODE_SIGN_STYLE = Automatic;
				DEVELOPMENT_TEAM = XF2NZKFGT9;
				INFOPLIST_FILE = SportScannerUITests/Info.plist;
				LD_RUNPATH_SEARCH_PATHS = (
					"$(inherited)",
					"@executable_path/Frameworks",
					"@loader_path/Frameworks",
				);
				PRODUCT_BUNDLE_IDENTIFIER = Demo.SportScannerUITests;
				PRODUCT_NAME = "$(TARGET_NAME)";
				SWIFT_VERSION = 5.0;
				TARGETED_DEVICE_FAMILY = "1,2";
				TEST_TARGET_NAME = SportScanner;
			};
			name = Release;
		};
/* End XCBuildConfiguration section */

/* Begin XCConfigurationList section */
		AAEAC15B26EB81FD000D0DDD /* Build configuration list for PBXProject "SportScanner" */ = {
			isa = XCConfigurationList;
			buildConfigurations = (
				AAEAC18B26EB81FE000D0DDD /* Debug */,
				AAEAC18C26EB81FE000D0DDD /* Release */,
			);
			defaultConfigurationIsVisible = 0;
			defaultConfigurationName = Release;
		};
		AAEAC18D26EB81FE000D0DDD /* Build configuration list for PBXNativeTarget "SportScanner" */ = {
			isa = XCConfigurationList;
			buildConfigurations = (
				AAEAC18E26EB81FE000D0DDD /* Debug */,
				AAEAC18F26EB81FE000D0DDD /* Release */,
			);
			defaultConfigurationIsVisible = 0;
			defaultConfigurationName = Release;
		};
		AAEAC19026EB81FE000D0DDD /* Build configuration list for PBXNativeTarget "SportScannerTests" */ = {
			isa = XCConfigurationList;
			buildConfigurations = (
				AAEAC19126EB81FE000D0DDD /* Debug */,
				AAEAC19226EB81FE000D0DDD /* Release */,
			);
			defaultConfigurationIsVisible = 0;
			defaultConfigurationName = Release;
		};
		AAEAC19326EB81FE000D0DDD /* Build configuration list for PBXNativeTarget "SportScannerUITests" */ = {
			isa = XCConfigurationList;
			buildConfigurations = (
				AAEAC19426EB81FE000D0DDD /* Debug */,
				AAEAC19526EB81FE000D0DDD /* Release */,
			);
			defaultConfigurationIsVisible = 0;
			defaultConfigurationName = Release;
		};
/* End XCConfigurationList section */

/* Begin XCVersionGroup section */
		AAEAC16C26EB81FD000D0DDD /* SportScanner.xcdatamodeld */ = {
			isa = XCVersionGroup;
			children = (
				AAEAC16D26EB81FD000D0DDD /* SportScanner.xcdatamodel */,
			);
			currentVersion = AAEAC16D26EB81FD000D0DDD /* SportScanner.xcdatamodel */;
			path = SportScanner.xcdatamodeld;
			sourceTree = "<group>";
			versionGroupType = wrapper.xcdatamodel;
		};
/* End XCVersionGroup section */
	};
	rootObject = AAEAC15826EB81FD000D0DDD /* Project object */;
}
